// !$*UTF8*$!
{
	archiveVersion = 1;
	classes = {
	};
	objectVersion = 46;
	objects = {

/* Begin PBXBuildFile section */
		9B41048416D1A46700EA730A /* Foundation.framework in Frameworks */ = {isa = PBXBuildFile; fileRef = 9B41048316D1A46700EA730A /* Foundation.framework */; };
		9B41049B16D1AB5B00EA730A /* CoreGraphics.framework in Frameworks */ = {isa = PBXBuildFile; fileRef = 9B41049A16D1AB5B00EA730A /* CoreGraphics.framework */; };
		9B41049D16D1AB6700EA730A /* UIKit.framework in Frameworks */ = {isa = PBXBuildFile; fileRef = 9B41049C16D1AB6700EA730A /* UIKit.framework */; };
		9B4104A016D1ABAA00EA730A /* libz.dylib in Frameworks */ = {isa = PBXBuildFile; fileRef = 9B41049F16D1ABAA00EA730A /* libz.dylib */; };
		9B4104A216D1ABB600EA730A /* libxml2.dylib in Frameworks */ = {isa = PBXBuildFile; fileRef = 9B4104A116D1ABB600EA730A /* libxml2.dylib */; };
		9B4104A416D1ABCA00EA730A /* QuartzCore.framework in Frameworks */ = {isa = PBXBuildFile; fileRef = 9B4104A316D1ABCA00EA730A /* QuartzCore.framework */; };
		9B4104A616D1ABD900EA730A /* OpenGLES.framework in Frameworks */ = {isa = PBXBuildFile; fileRef = 9B4104A516D1ABD900EA730A /* OpenGLES.framework */; };
		9BCBFE0C16D1B19B0031840C /* libcocos2dx.a in Frameworks */ = {isa = PBXBuildFile; fileRef = 9BCBFE0B16D1B1940031840C /* libcocos2dx.a */; };
		9BCBFEA416D1BD3F0031840C /* Accelerometer.cpp in Sources */ = {isa = PBXBuildFile; fileRef = 9BCBFE0E16D1BD3F0031840C /* Accelerometer.cpp */; };
		9BCBFEA516D1BD3F0031840C /* Accelerometer_Base.cpp in Sources */ = {isa = PBXBuildFile; fileRef = 9BCBFE1016D1BD3F0031840C /* Accelerometer_Base.cpp */; };
		9BCBFEA616D1BD3F0031840C /* Action.cpp in Sources */ = {isa = PBXBuildFile; fileRef = 9BCBFE1216D1BD3F0031840C /* Action.cpp */; };
		9BCBFEA716D1BD3F0031840C /* Action_Base.cpp in Sources */ = {isa = PBXBuildFile; fileRef = 9BCBFE1416D1BD3F0031840C /* Action_Base.cpp */; };
		9BCBFEA816D1BD3F0031840C /* Animation.cpp in Sources */ = {isa = PBXBuildFile; fileRef = 9BCBFE1616D1BD3F0031840C /* Animation.cpp */; };
		9BCBFEA916D1BD3F0031840C /* Animation_Base.cpp in Sources */ = {isa = PBXBuildFile; fileRef = 9BCBFE1816D1BD3F0031840C /* Animation_Base.cpp */; };
		9BCBFEAA16D1BD3F0031840C /* BaseObject.cpp in Sources */ = {isa = PBXBuildFile; fileRef = 9BCBFE1A16D1BD3F0031840C /* BaseObject.cpp */; };
		9BCBFEAB16D1BD3F0031840C /* BaseObject_Base.cpp in Sources */ = {isa = PBXBuildFile; fileRef = 9BCBFE1C16D1BD3F0031840C /* BaseObject_Base.cpp */; };
		9BCBFEAC16D1BD3F0031840C /* BatchedSprite.cpp in Sources */ = {isa = PBXBuildFile; fileRef = 9BCBFE1E16D1BD3F0031840C /* BatchedSprite.cpp */; };
		9BCBFEAD16D1BD3F0031840C /* BatchedSprite_Base.cpp in Sources */ = {isa = PBXBuildFile; fileRef = 9BCBFE2016D1BD3F0031840C /* BatchedSprite_Base.cpp */; };
		9BCBFEAE16D1BD3F0031840C /* Bool.cpp in Sources */ = {isa = PBXBuildFile; fileRef = 9BCBFE2216D1BD3F0031840C /* Bool.cpp */; };
		9BCBFEAF16D1BD3F0031840C /* Bool_Base.cpp in Sources */ = {isa = PBXBuildFile; fileRef = 9BCBFE2416D1BD3F0031840C /* Bool_Base.cpp */; };
		9BCBFEB016D1BD3F0031840C /* ClippingNode.cpp in Sources */ = {isa = PBXBuildFile; fileRef = 9BCBFE2616D1BD3F0031840C /* ClippingNode.cpp */; };
		9BCBFEB116D1BD3F0031840C /* ClippingNode_Base.cpp in Sources */ = {isa = PBXBuildFile; fileRef = 9BCBFE2816D1BD3F0031840C /* ClippingNode_Base.cpp */; };
		9BCBFEB216D1BD3F0031840C /* Cocos2dXML_enums.cpp in Sources */ = {isa = PBXBuildFile; fileRef = 9BCBFE2B16D1BD3F0031840C /* Cocos2dXML_enums.cpp */; };
		9BCBFEB316D1BD3F0031840C /* Cocos2dXML_typedefs.cpp in Sources */ = {isa = PBXBuildFile; fileRef = 9BCBFE2D16D1BD3F0031840C /* Cocos2dXML_typedefs.cpp */; };
		9BCBFEB416D1BD3F0031840C /* Delay.cpp in Sources */ = {isa = PBXBuildFile; fileRef = 9BCBFE2F16D1BD3F0031840C /* Delay.cpp */; };
		9BCBFEB516D1BD3F0031840C /* Delay_Base.cpp in Sources */ = {isa = PBXBuildFile; fileRef = 9BCBFE3116D1BD3F0031840C /* Delay_Base.cpp */; };
		9BCBFEB616D1BD3F0031840C /* Director.cpp in Sources */ = {isa = PBXBuildFile; fileRef = 9BCBFE3316D1BD3F0031840C /* Director.cpp */; };
		9BCBFEB716D1BD3F0031840C /* Director_Base.cpp in Sources */ = {isa = PBXBuildFile; fileRef = 9BCBFE3516D1BD3F0031840C /* Director_Base.cpp */; };
		9BCBFEB816D1BD3F0031840C /* Ease.cpp in Sources */ = {isa = PBXBuildFile; fileRef = 9BCBFE3716D1BD3F0031840C /* Ease.cpp */; };
		9BCBFEB916D1BD3F0031840C /* Ease_Base.cpp in Sources */ = {isa = PBXBuildFile; fileRef = 9BCBFE3916D1BD3F0031840C /* Ease_Base.cpp */; };
		9BCBFEBA16D1BD3F0031840C /* Fade.cpp in Sources */ = {isa = PBXBuildFile; fileRef = 9BCBFE3B16D1BD3F0031840C /* Fade.cpp */; };
		9BCBFEBB16D1BD3F0031840C /* Fade_Base.cpp in Sources */ = {isa = PBXBuildFile; fileRef = 9BCBFE3D16D1BD3F0031840C /* Fade_Base.cpp */; };
		9BCBFEBC16D1BD3F0031840C /* FiniteAction.cpp in Sources */ = {isa = PBXBuildFile; fileRef = 9BCBFE3F16D1BD3F0031840C /* FiniteAction.cpp */; };
		9BCBFEBD16D1BD3F0031840C /* FiniteAction_Base.cpp in Sources */ = {isa = PBXBuildFile; fileRef = 9BCBFE4116D1BD3F0031840C /* FiniteAction_Base.cpp */; };
		9BCBFEBE16D1BD3F0031840C /* Float.cpp in Sources */ = {isa = PBXBuildFile; fileRef = 9BCBFE4316D1BD3F0031840C /* Float.cpp */; };
		9BCBFEBF16D1BD3F0031840C /* Float_Base.cpp in Sources */ = {isa = PBXBuildFile; fileRef = 9BCBFE4516D1BD3F0031840C /* Float_Base.cpp */; };
		9BCBFEC016D1BD3F0031840C /* List.cpp in Sources */ = {isa = PBXBuildFile; fileRef = 9BCBFE4716D1BD3F0031840C /* List.cpp */; };
		9BCBFEC116D1BD3F0031840C /* List_Base.cpp in Sources */ = {isa = PBXBuildFile; fileRef = 9BCBFE4916D1BD3F0031840C /* List_Base.cpp */; };
		9BCBFEC216D1BD3F0031840C /* Move.cpp in Sources */ = {isa = PBXBuildFile; fileRef = 9BCBFE4B16D1BD3F0031840C /* Move.cpp */; };
		9BCBFEC316D1BD3F0031840C /* Move_Base.cpp in Sources */ = {isa = PBXBuildFile; fileRef = 9BCBFE4D16D1BD3F0031840C /* Move_Base.cpp */; };
		9BCBFEC416D1BD3F0031840C /* Node.cpp in Sources */ = {isa = PBXBuildFile; fileRef = 9BCBFE4F16D1BD3F0031840C /* Node.cpp */; };
		9BCBFEC516D1BD3F0031840C /* Node_Base.cpp in Sources */ = {isa = PBXBuildFile; fileRef = 9BCBFE5116D1BD3F0031840C /* Node_Base.cpp */; };
		9BCBFEC616D1BD3F0031840C /* Object.cpp in Sources */ = {isa = PBXBuildFile; fileRef = 9BCBFE5316D1BD3F0031840C /* Object.cpp */; };
		9BCBFEC716D1BD3F0031840C /* Object_Base.cpp in Sources */ = {isa = PBXBuildFile; fileRef = 9BCBFE5516D1BD3F0031840C /* Object_Base.cpp */; };
		9BCBFEC816D1BD3F0031840C /* ParticleSystem.cpp in Sources */ = {isa = PBXBuildFile; fileRef = 9BCBFE5716D1BD3F0031840C /* ParticleSystem.cpp */; };
		9BCBFEC916D1BD3F0031840C /* ParticleSystem_Base.cpp in Sources */ = {isa = PBXBuildFile; fileRef = 9BCBFE5916D1BD3F0031840C /* ParticleSystem_Base.cpp */; };
		9BCBFECA16D1BD3F0031840C /* Place.cpp in Sources */ = {isa = PBXBuildFile; fileRef = 9BCBFE5B16D1BD3F0031840C /* Place.cpp */; };
		9BCBFECB16D1BD3F0031840C /* Place_Base.cpp in Sources */ = {isa = PBXBuildFile; fileRef = 9BCBFE5D16D1BD3F0031840C /* Place_Base.cpp */; };
		9BCBFECC16D1BD3F0031840C /* RelativeAction.cpp in Sources */ = {isa = PBXBuildFile; fileRef = 9BCBFE5F16D1BD3F0031840C /* RelativeAction.cpp */; };
		9BCBFECD16D1BD3F0031840C /* RelativeAction_Base.cpp in Sources */ = {isa = PBXBuildFile; fileRef = 9BCBFE6116D1BD3F0031840C /* RelativeAction_Base.cpp */; };
		9BCBFECE16D1BD3F0031840C /* Repeat.cpp in Sources */ = {isa = PBXBuildFile; fileRef = 9BCBFE6316D1BD3F0031840C /* Repeat.cpp */; };
		9BCBFECF16D1BD3F0031840C /* Repeat_Base.cpp in Sources */ = {isa = PBXBuildFile; fileRef = 9BCBFE6516D1BD3F0031840C /* Repeat_Base.cpp */; };
		9BCBFED016D1BD3F0031840C /* Rotate.cpp in Sources */ = {isa = PBXBuildFile; fileRef = 9BCBFE6716D1BD3F0031840C /* Rotate.cpp */; };
		9BCBFED116D1BD3F0031840C /* Rotate_Base.cpp in Sources */ = {isa = PBXBuildFile; fileRef = 9BCBFE6916D1BD3F0031840C /* Rotate_Base.cpp */; };
		9BCBFED216D1BD3F0031840C /* Scale.cpp in Sources */ = {isa = PBXBuildFile; fileRef = 9BCBFE6B16D1BD3F0031840C /* Scale.cpp */; };
		9BCBFED316D1BD3F0031840C /* Scale_Base.cpp in Sources */ = {isa = PBXBuildFile; fileRef = 9BCBFE6D16D1BD3F0031840C /* Scale_Base.cpp */; };
		9BCBFED416D1BD3F0031840C /* Scene.cpp in Sources */ = {isa = PBXBuildFile; fileRef = 9BCBFE6F16D1BD3F0031840C /* Scene.cpp */; };
		9BCBFED516D1BD3F0031840C /* Scene_Base.cpp in Sources */ = {isa = PBXBuildFile; fileRef = 9BCBFE7116D1BD3F0031840C /* Scene_Base.cpp */; };
		9BCBFED616D1BD3F0031840C /* SceneReference.cpp in Sources */ = {isa = PBXBuildFile; fileRef = 9BCBFE7316D1BD3F0031840C /* SceneReference.cpp */; };
		9BCBFED716D1BD3F0031840C /* SceneReference_Base.cpp in Sources */ = {isa = PBXBuildFile; fileRef = 9BCBFE7516D1BD3F0031840C /* SceneReference_Base.cpp */; };
		9BCBFED816D1BD3F0031840C /* Script.cpp in Sources */ = {isa = PBXBuildFile; fileRef = 9BCBFE7716D1BD3F0031840C /* Script.cpp */; };
		9BCBFED916D1BD3F0031840C /* Script_Base.cpp in Sources */ = {isa = PBXBuildFile; fileRef = 9BCBFE7916D1BD3F0031840C /* Script_Base.cpp */; };
		9BCBFEDA16D1BD3F0031840C /* Sequence.cpp in Sources */ = {isa = PBXBuildFile; fileRef = 9BCBFE7B16D1BD3F0031840C /* Sequence.cpp */; };
		9BCBFEDB16D1BD3F0031840C /* Sequence_Base.cpp in Sources */ = {isa = PBXBuildFile; fileRef = 9BCBFE7D16D1BD3F0031840C /* Sequence_Base.cpp */; };
		9BCBFEDC16D1BD3F0031840C /* Skew.cpp in Sources */ = {isa = PBXBuildFile; fileRef = 9BCBFE7F16D1BD3F0031840C /* Skew.cpp */; };
		9BCBFEDD16D1BD3F0031840C /* Skew_Base.cpp in Sources */ = {isa = PBXBuildFile; fileRef = 9BCBFE8116D1BD3F0031840C /* Skew_Base.cpp */; };
		9BCBFEDE16D1BD3F0031840C /* Sprite.cpp in Sources */ = {isa = PBXBuildFile; fileRef = 9BCBFE8316D1BD3F0031840C /* Sprite.cpp */; };
		9BCBFEDF16D1BD3F0031840C /* Sprite_Base.cpp in Sources */ = {isa = PBXBuildFile; fileRef = 9BCBFE8516D1BD3F0031840C /* Sprite_Base.cpp */; };
		9BCBFEE016D1BD3F0031840C /* SpriteBatch.cpp in Sources */ = {isa = PBXBuildFile; fileRef = 9BCBFE8716D1BD3F0031840C /* SpriteBatch.cpp */; };
		9BCBFEE116D1BD3F0031840C /* SpriteBatch_Base.cpp in Sources */ = {isa = PBXBuildFile; fileRef = 9BCBFE8916D1BD3F0031840C /* SpriteBatch_Base.cpp */; };
		9BCBFEE216D1BD3F0031840C /* String.cpp in Sources */ = {isa = PBXBuildFile; fileRef = 9BCBFE8B16D1BD3F0031840C /* String.cpp */; };
		9BCBFEE316D1BD3F0031840C /* String_Base.cpp in Sources */ = {isa = PBXBuildFile; fileRef = 9BCBFE8D16D1BD3F0031840C /* String_Base.cpp */; };
		9BCBFEE416D1BD3F0031840C /* Text.cpp in Sources */ = {isa = PBXBuildFile; fileRef = 9BCBFE8F16D1BD3F0031840C /* Text.cpp */; };
		9BCBFEE516D1BD3F0031840C /* Text_Base.cpp in Sources */ = {isa = PBXBuildFile; fileRef = 9BCBFE9116D1BD3F0031840C /* Text_Base.cpp */; };
		9BCBFEE616D1BD3F0031840C /* Tint.cpp in Sources */ = {isa = PBXBuildFile; fileRef = 9BCBFE9316D1BD3F0031840C /* Tint.cpp */; };
		9BCBFEE716D1BD3F0031840C /* Tint_Base.cpp in Sources */ = {isa = PBXBuildFile; fileRef = 9BCBFE9516D1BD3F0031840C /* Tint_Base.cpp */; };
		9BCBFEE816D1BD3F0031840C /* Transition.cpp in Sources */ = {isa = PBXBuildFile; fileRef = 9BCBFE9716D1BD3F0031840C /* Transition.cpp */; };
		9BCBFEE916D1BD3F0031840C /* Transition_Base.cpp in Sources */ = {isa = PBXBuildFile; fileRef = 9BCBFE9916D1BD3F0031840C /* Transition_Base.cpp */; };
		9BCBFEEA16D1BD3F0031840C /* Variable.cpp in Sources */ = {isa = PBXBuildFile; fileRef = 9BCBFE9B16D1BD3F0031840C /* Variable.cpp */; };
		9BCBFEEB16D1BD3F0031840C /* Variable_Base.cpp in Sources */ = {isa = PBXBuildFile; fileRef = 9BCBFE9D16D1BD3F0031840C /* Variable_Base.cpp */; };
		9BCBFEEC16D1BD3F0031840C /* AppDelegate.mm in Sources */ = {isa = PBXBuildFile; fileRef = 9BCBFEA116D1BD3F0031840C /* AppDelegate.mm */; };
		9BCBFEED16D1BD3F0031840C /* RootViewController.mm in Sources */ = {isa = PBXBuildFile; fileRef = 9BCBFEA316D1BD3F0031840C /* RootViewController.mm */; };
		9BCBFEF116D1C9E80031840C /* CocosAppDelegate.cpp in Sources */ = {isa = PBXBuildFile; fileRef = 9BCBFEEF16D1C9E80031840C /* CocosAppDelegate.cpp */; };
		9BCBFEF416D1CADB0031840C /* Cocos2dXMLTouchDelegate.cpp in Sources */ = {isa = PBXBuildFile; fileRef = 9BCBFEF216D1CADB0031840C /* Cocos2dXMLTouchDelegate.cpp */; };
/* End PBXBuildFile section */

/* Begin PBXContainerItemProxy section */
		9BCBFE0A16D1B1940031840C /* PBXContainerItemProxy */ = {
			isa = PBXContainerItemProxy;
			containerPortal = 9BCBFE0516D1B1940031840C /* cocos2dx.xcodeproj */;
			proxyType = 2;
			remoteGlobalIDString = 1551A33F158F2AB200E66CFE;
			remoteInfo = cocos2dx;
		};
/* End PBXContainerItemProxy section */

/* Begin PBXCopyFilesBuildPhase section */
		9B41047E16D1A46700EA730A /* CopyFiles */ = {
			isa = PBXCopyFilesBuildPhase;
			buildActionMask = 2147483647;
			dstPath = "include/${PRODUCT_NAME}";
			dstSubfolderSpec = 16;
			files = (
			);
			runOnlyForDeploymentPostprocessing = 0;
		};
/* End PBXCopyFilesBuildPhase section */

/* Begin PBXFileReference section */
		9B41048016D1A46700EA730A /* libCocos2dXML.a */ = {isa = PBXFileReference; explicitFileType = archive.ar; includeInIndex = 0; path = libCocos2dXML.a; sourceTree = BUILT_PRODUCTS_DIR; };
		9B41048316D1A46700EA730A /* Foundation.framework */ = {isa = PBXFileReference; lastKnownFileType = wrapper.framework; name = Foundation.framework; path = System/Library/Frameworks/Foundation.framework; sourceTree = SDKROOT; };
		9B41048716D1A46700EA730A /* Cocos2dXML-Prefix.pch */ = {isa = PBXFileReference; lastKnownFileType = sourcecode.c.h; path = "Cocos2dXML-Prefix.pch"; sourceTree = "<group>"; };
		9B41049A16D1AB5B00EA730A /* CoreGraphics.framework */ = {isa = PBXFileReference; lastKnownFileType = wrapper.framework; name = CoreGraphics.framework; path = System/Library/Frameworks/CoreGraphics.framework; sourceTree = SDKROOT; };
		9B41049C16D1AB6700EA730A /* UIKit.framework */ = {isa = PBXFileReference; lastKnownFileType = wrapper.framework; name = UIKit.framework; path = System/Library/Frameworks/UIKit.framework; sourceTree = SDKROOT; };
		9B41049F16D1ABAA00EA730A /* libz.dylib */ = {isa = PBXFileReference; lastKnownFileType = "compiled.mach-o.dylib"; name = libz.dylib; path = usr/lib/libz.dylib; sourceTree = SDKROOT; };
		9B4104A116D1ABB600EA730A /* libxml2.dylib */ = {isa = PBXFileReference; lastKnownFileType = "compiled.mach-o.dylib"; name = libxml2.dylib; path = usr/lib/libxml2.dylib; sourceTree = SDKROOT; };
		9B4104A316D1ABCA00EA730A /* QuartzCore.framework */ = {isa = PBXFileReference; lastKnownFileType = wrapper.framework; name = QuartzCore.framework; path = System/Library/Frameworks/QuartzCore.framework; sourceTree = SDKROOT; };
		9B4104A516D1ABD900EA730A /* OpenGLES.framework */ = {isa = PBXFileReference; lastKnownFileType = wrapper.framework; name = OpenGLES.framework; path = System/Library/Frameworks/OpenGLES.framework; sourceTree = SDKROOT; };
		9BCBFE0516D1B1940031840C /* cocos2dx.xcodeproj */ = {isa = PBXFileReference; lastKnownFileType = "wrapper.pb-project"; name = cocos2dx.xcodeproj; path = "cocos2d-x/cocos2dx/proj.ios/cocos2dx.xcodeproj"; sourceTree = "<group>"; };
		9BCBFE0E16D1BD3F0031840C /* Accelerometer.cpp */ = {isa = PBXFileReference; fileEncoding = 4; lastKnownFileType = sourcecode.cpp.cpp; path = Accelerometer.cpp; sourceTree = "<group>"; };
		9BCBFE0F16D1BD3F0031840C /* Accelerometer.h */ = {isa = PBXFileReference; fileEncoding = 4; lastKnownFileType = sourcecode.c.h; path = Accelerometer.h; sourceTree = "<group>"; };
		9BCBFE1016D1BD3F0031840C /* Accelerometer_Base.cpp */ = {isa = PBXFileReference; fileEncoding = 4; lastKnownFileType = sourcecode.cpp.cpp; path = Accelerometer_Base.cpp; sourceTree = "<group>"; };
		9BCBFE1116D1BD3F0031840C /* Accelerometer_Base.h */ = {isa = PBXFileReference; fileEncoding = 4; lastKnownFileType = sourcecode.c.h; path = Accelerometer_Base.h; sourceTree = "<group>"; };
		9BCBFE1216D1BD3F0031840C /* Action.cpp */ = {isa = PBXFileReference; fileEncoding = 4; lastKnownFileType = sourcecode.cpp.cpp; path = Action.cpp; sourceTree = "<group>"; };
		9BCBFE1316D1BD3F0031840C /* Action.h */ = {isa = PBXFileReference; fileEncoding = 4; lastKnownFileType = sourcecode.c.h; path = Action.h; sourceTree = "<group>"; };
		9BCBFE1416D1BD3F0031840C /* Action_Base.cpp */ = {isa = PBXFileReference; fileEncoding = 4; lastKnownFileType = sourcecode.cpp.cpp; path = Action_Base.cpp; sourceTree = "<group>"; };
		9BCBFE1516D1BD3F0031840C /* Action_Base.h */ = {isa = PBXFileReference; fileEncoding = 4; lastKnownFileType = sourcecode.c.h; path = Action_Base.h; sourceTree = "<group>"; };
		9BCBFE1616D1BD3F0031840C /* Animation.cpp */ = {isa = PBXFileReference; fileEncoding = 4; lastKnownFileType = sourcecode.cpp.cpp; path = Animation.cpp; sourceTree = "<group>"; };
		9BCBFE1716D1BD3F0031840C /* Animation.h */ = {isa = PBXFileReference; fileEncoding = 4; lastKnownFileType = sourcecode.c.h; path = Animation.h; sourceTree = "<group>"; };
		9BCBFE1816D1BD3F0031840C /* Animation_Base.cpp */ = {isa = PBXFileReference; fileEncoding = 4; lastKnownFileType = sourcecode.cpp.cpp; path = Animation_Base.cpp; sourceTree = "<group>"; };
		9BCBFE1916D1BD3F0031840C /* Animation_Base.h */ = {isa = PBXFileReference; fileEncoding = 4; lastKnownFileType = sourcecode.c.h; path = Animation_Base.h; sourceTree = "<group>"; };
		9BCBFE1A16D1BD3F0031840C /* BaseObject.cpp */ = {isa = PBXFileReference; fileEncoding = 4; lastKnownFileType = sourcecode.cpp.cpp; path = BaseObject.cpp; sourceTree = "<group>"; };
		9BCBFE1B16D1BD3F0031840C /* BaseObject.h */ = {isa = PBXFileReference; fileEncoding = 4; lastKnownFileType = sourcecode.c.h; path = BaseObject.h; sourceTree = "<group>"; };
		9BCBFE1C16D1BD3F0031840C /* BaseObject_Base.cpp */ = {isa = PBXFileReference; fileEncoding = 4; lastKnownFileType = sourcecode.cpp.cpp; path = BaseObject_Base.cpp; sourceTree = "<group>"; };
		9BCBFE1D16D1BD3F0031840C /* BaseObject_Base.h */ = {isa = PBXFileReference; fileEncoding = 4; lastKnownFileType = sourcecode.c.h; path = BaseObject_Base.h; sourceTree = "<group>"; };
		9BCBFE1E16D1BD3F0031840C /* BatchedSprite.cpp */ = {isa = PBXFileReference; fileEncoding = 4; lastKnownFileType = sourcecode.cpp.cpp; path = BatchedSprite.cpp; sourceTree = "<group>"; };
		9BCBFE1F16D1BD3F0031840C /* BatchedSprite.h */ = {isa = PBXFileReference; fileEncoding = 4; lastKnownFileType = sourcecode.c.h; path = BatchedSprite.h; sourceTree = "<group>"; };
		9BCBFE2016D1BD3F0031840C /* BatchedSprite_Base.cpp */ = {isa = PBXFileReference; fileEncoding = 4; lastKnownFileType = sourcecode.cpp.cpp; path = BatchedSprite_Base.cpp; sourceTree = "<group>"; };
		9BCBFE2116D1BD3F0031840C /* BatchedSprite_Base.h */ = {isa = PBXFileReference; fileEncoding = 4; lastKnownFileType = sourcecode.c.h; path = BatchedSprite_Base.h; sourceTree = "<group>"; };
		9BCBFE2216D1BD3F0031840C /* Bool.cpp */ = {isa = PBXFileReference; fileEncoding = 4; lastKnownFileType = sourcecode.cpp.cpp; path = Bool.cpp; sourceTree = "<group>"; };
		9BCBFE2316D1BD3F0031840C /* Bool.h */ = {isa = PBXFileReference; fileEncoding = 4; lastKnownFileType = sourcecode.c.h; path = Bool.h; sourceTree = "<group>"; };
		9BCBFE2416D1BD3F0031840C /* Bool_Base.cpp */ = {isa = PBXFileReference; fileEncoding = 4; lastKnownFileType = sourcecode.cpp.cpp; path = Bool_Base.cpp; sourceTree = "<group>"; };
		9BCBFE2516D1BD3F0031840C /* Bool_Base.h */ = {isa = PBXFileReference; fileEncoding = 4; lastKnownFileType = sourcecode.c.h; path = Bool_Base.h; sourceTree = "<group>"; };
		9BCBFE2616D1BD3F0031840C /* ClippingNode.cpp */ = {isa = PBXFileReference; fileEncoding = 4; lastKnownFileType = sourcecode.cpp.cpp; path = ClippingNode.cpp; sourceTree = "<group>"; };
		9BCBFE2716D1BD3F0031840C /* ClippingNode.h */ = {isa = PBXFileReference; fileEncoding = 4; lastKnownFileType = sourcecode.c.h; path = ClippingNode.h; sourceTree = "<group>"; };
		9BCBFE2816D1BD3F0031840C /* ClippingNode_Base.cpp */ = {isa = PBXFileReference; fileEncoding = 4; lastKnownFileType = sourcecode.cpp.cpp; path = ClippingNode_Base.cpp; sourceTree = "<group>"; };
		9BCBFE2916D1BD3F0031840C /* ClippingNode_Base.h */ = {isa = PBXFileReference; fileEncoding = 4; lastKnownFileType = sourcecode.c.h; path = ClippingNode_Base.h; sourceTree = "<group>"; };
		9BCBFE2A16D1BD3F0031840C /* Cocos2dXML.h */ = {isa = PBXFileReference; fileEncoding = 4; lastKnownFileType = sourcecode.c.h; path = Cocos2dXML.h; sourceTree = "<group>"; };
		9BCBFE2B16D1BD3F0031840C /* Cocos2dXML_enums.cpp */ = {isa = PBXFileReference; fileEncoding = 4; lastKnownFileType = sourcecode.cpp.cpp; path = Cocos2dXML_enums.cpp; sourceTree = "<group>"; };
		9BCBFE2C16D1BD3F0031840C /* Cocos2dXML_enums.h */ = {isa = PBXFileReference; fileEncoding = 4; lastKnownFileType = sourcecode.c.h; path = Cocos2dXML_enums.h; sourceTree = "<group>"; };
		9BCBFE2D16D1BD3F0031840C /* Cocos2dXML_typedefs.cpp */ = {isa = PBXFileReference; fileEncoding = 4; lastKnownFileType = sourcecode.cpp.cpp; path = Cocos2dXML_typedefs.cpp; sourceTree = "<group>"; };
		9BCBFE2E16D1BD3F0031840C /* Cocos2dXML_typedefs.h */ = {isa = PBXFileReference; fileEncoding = 4; lastKnownFileType = sourcecode.c.h; path = Cocos2dXML_typedefs.h; sourceTree = "<group>"; };
		9BCBFE2F16D1BD3F0031840C /* Delay.cpp */ = {isa = PBXFileReference; fileEncoding = 4; lastKnownFileType = sourcecode.cpp.cpp; path = Delay.cpp; sourceTree = "<group>"; };
		9BCBFE3016D1BD3F0031840C /* Delay.h */ = {isa = PBXFileReference; fileEncoding = 4; lastKnownFileType = sourcecode.c.h; path = Delay.h; sourceTree = "<group>"; };
		9BCBFE3116D1BD3F0031840C /* Delay_Base.cpp */ = {isa = PBXFileReference; fileEncoding = 4; lastKnownFileType = sourcecode.cpp.cpp; path = Delay_Base.cpp; sourceTree = "<group>"; };
		9BCBFE3216D1BD3F0031840C /* Delay_Base.h */ = {isa = PBXFileReference; fileEncoding = 4; lastKnownFileType = sourcecode.c.h; path = Delay_Base.h; sourceTree = "<group>"; };
		9BCBFE3316D1BD3F0031840C /* Director.cpp */ = {isa = PBXFileReference; fileEncoding = 4; lastKnownFileType = sourcecode.cpp.cpp; path = Director.cpp; sourceTree = "<group>"; };
		9BCBFE3416D1BD3F0031840C /* Director.h */ = {isa = PBXFileReference; fileEncoding = 4; lastKnownFileType = sourcecode.c.h; path = Director.h; sourceTree = "<group>"; };
		9BCBFE3516D1BD3F0031840C /* Director_Base.cpp */ = {isa = PBXFileReference; fileEncoding = 4; lastKnownFileType = sourcecode.cpp.cpp; path = Director_Base.cpp; sourceTree = "<group>"; };
		9BCBFE3616D1BD3F0031840C /* Director_Base.h */ = {isa = PBXFileReference; fileEncoding = 4; lastKnownFileType = sourcecode.c.h; path = Director_Base.h; sourceTree = "<group>"; };
		9BCBFE3716D1BD3F0031840C /* Ease.cpp */ = {isa = PBXFileReference; fileEncoding = 4; lastKnownFileType = sourcecode.cpp.cpp; path = Ease.cpp; sourceTree = "<group>"; };
		9BCBFE3816D1BD3F0031840C /* Ease.h */ = {isa = PBXFileReference; fileEncoding = 4; lastKnownFileType = sourcecode.c.h; path = Ease.h; sourceTree = "<group>"; };
		9BCBFE3916D1BD3F0031840C /* Ease_Base.cpp */ = {isa = PBXFileReference; fileEncoding = 4; lastKnownFileType = sourcecode.cpp.cpp; path = Ease_Base.cpp; sourceTree = "<group>"; };
		9BCBFE3A16D1BD3F0031840C /* Ease_Base.h */ = {isa = PBXFileReference; fileEncoding = 4; lastKnownFileType = sourcecode.c.h; path = Ease_Base.h; sourceTree = "<group>"; };
		9BCBFE3B16D1BD3F0031840C /* Fade.cpp */ = {isa = PBXFileReference; fileEncoding = 4; lastKnownFileType = sourcecode.cpp.cpp; path = Fade.cpp; sourceTree = "<group>"; };
		9BCBFE3C16D1BD3F0031840C /* Fade.h */ = {isa = PBXFileReference; fileEncoding = 4; lastKnownFileType = sourcecode.c.h; path = Fade.h; sourceTree = "<group>"; };
		9BCBFE3D16D1BD3F0031840C /* Fade_Base.cpp */ = {isa = PBXFileReference; fileEncoding = 4; lastKnownFileType = sourcecode.cpp.cpp; path = Fade_Base.cpp; sourceTree = "<group>"; };
		9BCBFE3E16D1BD3F0031840C /* Fade_Base.h */ = {isa = PBXFileReference; fileEncoding = 4; lastKnownFileType = sourcecode.c.h; path = Fade_Base.h; sourceTree = "<group>"; };
		9BCBFE3F16D1BD3F0031840C /* FiniteAction.cpp */ = {isa = PBXFileReference; fileEncoding = 4; lastKnownFileType = sourcecode.cpp.cpp; path = FiniteAction.cpp; sourceTree = "<group>"; };
		9BCBFE4016D1BD3F0031840C /* FiniteAction.h */ = {isa = PBXFileReference; fileEncoding = 4; lastKnownFileType = sourcecode.c.h; path = FiniteAction.h; sourceTree = "<group>"; };
		9BCBFE4116D1BD3F0031840C /* FiniteAction_Base.cpp */ = {isa = PBXFileReference; fileEncoding = 4; lastKnownFileType = sourcecode.cpp.cpp; path = FiniteAction_Base.cpp; sourceTree = "<group>"; };
		9BCBFE4216D1BD3F0031840C /* FiniteAction_Base.h */ = {isa = PBXFileReference; fileEncoding = 4; lastKnownFileType = sourcecode.c.h; path = FiniteAction_Base.h; sourceTree = "<group>"; };
		9BCBFE4316D1BD3F0031840C /* Float.cpp */ = {isa = PBXFileReference; fileEncoding = 4; lastKnownFileType = sourcecode.cpp.cpp; path = Float.cpp; sourceTree = "<group>"; };
		9BCBFE4416D1BD3F0031840C /* Float.h */ = {isa = PBXFileReference; fileEncoding = 4; lastKnownFileType = sourcecode.c.h; path = Float.h; sourceTree = "<group>"; };
		9BCBFE4516D1BD3F0031840C /* Float_Base.cpp */ = {isa = PBXFileReference; fileEncoding = 4; lastKnownFileType = sourcecode.cpp.cpp; path = Float_Base.cpp; sourceTree = "<group>"; };
		9BCBFE4616D1BD3F0031840C /* Float_Base.h */ = {isa = PBXFileReference; fileEncoding = 4; lastKnownFileType = sourcecode.c.h; path = Float_Base.h; sourceTree = "<group>"; };
		9BCBFE4716D1BD3F0031840C /* List.cpp */ = {isa = PBXFileReference; fileEncoding = 4; lastKnownFileType = sourcecode.cpp.cpp; path = List.cpp; sourceTree = "<group>"; };
		9BCBFE4816D1BD3F0031840C /* List.h */ = {isa = PBXFileReference; fileEncoding = 4; lastKnownFileType = sourcecode.c.h; path = List.h; sourceTree = "<group>"; };
		9BCBFE4916D1BD3F0031840C /* List_Base.cpp */ = {isa = PBXFileReference; fileEncoding = 4; lastKnownFileType = sourcecode.cpp.cpp; path = List_Base.cpp; sourceTree = "<group>"; };
		9BCBFE4A16D1BD3F0031840C /* List_Base.h */ = {isa = PBXFileReference; fileEncoding = 4; lastKnownFileType = sourcecode.c.h; path = List_Base.h; sourceTree = "<group>"; };
		9BCBFE4B16D1BD3F0031840C /* Move.cpp */ = {isa = PBXFileReference; fileEncoding = 4; lastKnownFileType = sourcecode.cpp.cpp; path = Move.cpp; sourceTree = "<group>"; };
		9BCBFE4C16D1BD3F0031840C /* Move.h */ = {isa = PBXFileReference; fileEncoding = 4; lastKnownFileType = sourcecode.c.h; path = Move.h; sourceTree = "<group>"; };
		9BCBFE4D16D1BD3F0031840C /* Move_Base.cpp */ = {isa = PBXFileReference; fileEncoding = 4; lastKnownFileType = sourcecode.cpp.cpp; path = Move_Base.cpp; sourceTree = "<group>"; };
		9BCBFE4E16D1BD3F0031840C /* Move_Base.h */ = {isa = PBXFileReference; fileEncoding = 4; lastKnownFileType = sourcecode.c.h; path = Move_Base.h; sourceTree = "<group>"; };
		9BCBFE4F16D1BD3F0031840C /* Node.cpp */ = {isa = PBXFileReference; fileEncoding = 4; lastKnownFileType = sourcecode.cpp.cpp; path = Node.cpp; sourceTree = "<group>"; };
		9BCBFE5016D1BD3F0031840C /* Node.h */ = {isa = PBXFileReference; fileEncoding = 4; lastKnownFileType = sourcecode.c.h; path = Node.h; sourceTree = "<group>"; };
		9BCBFE5116D1BD3F0031840C /* Node_Base.cpp */ = {isa = PBXFileReference; fileEncoding = 4; lastKnownFileType = sourcecode.cpp.cpp; path = Node_Base.cpp; sourceTree = "<group>"; };
		9BCBFE5216D1BD3F0031840C /* Node_Base.h */ = {isa = PBXFileReference; fileEncoding = 4; lastKnownFileType = sourcecode.c.h; path = Node_Base.h; sourceTree = "<group>"; };
		9BCBFE5316D1BD3F0031840C /* Object.cpp */ = {isa = PBXFileReference; fileEncoding = 4; lastKnownFileType = sourcecode.cpp.cpp; path = Object.cpp; sourceTree = "<group>"; };
		9BCBFE5416D1BD3F0031840C /* Object.h */ = {isa = PBXFileReference; fileEncoding = 4; lastKnownFileType = sourcecode.c.h; path = Object.h; sourceTree = "<group>"; };
		9BCBFE5516D1BD3F0031840C /* Object_Base.cpp */ = {isa = PBXFileReference; fileEncoding = 4; lastKnownFileType = sourcecode.cpp.cpp; path = Object_Base.cpp; sourceTree = "<group>"; };
		9BCBFE5616D1BD3F0031840C /* Object_Base.h */ = {isa = PBXFileReference; fileEncoding = 4; lastKnownFileType = sourcecode.c.h; path = Object_Base.h; sourceTree = "<group>"; };
		9BCBFE5716D1BD3F0031840C /* ParticleSystem.cpp */ = {isa = PBXFileReference; fileEncoding = 4; lastKnownFileType = sourcecode.cpp.cpp; path = ParticleSystem.cpp; sourceTree = "<group>"; };
		9BCBFE5816D1BD3F0031840C /* ParticleSystem.h */ = {isa = PBXFileReference; fileEncoding = 4; lastKnownFileType = sourcecode.c.h; path = ParticleSystem.h; sourceTree = "<group>"; };
		9BCBFE5916D1BD3F0031840C /* ParticleSystem_Base.cpp */ = {isa = PBXFileReference; fileEncoding = 4; lastKnownFileType = sourcecode.cpp.cpp; path = ParticleSystem_Base.cpp; sourceTree = "<group>"; };
		9BCBFE5A16D1BD3F0031840C /* ParticleSystem_Base.h */ = {isa = PBXFileReference; fileEncoding = 4; lastKnownFileType = sourcecode.c.h; path = ParticleSystem_Base.h; sourceTree = "<group>"; };
		9BCBFE5B16D1BD3F0031840C /* Place.cpp */ = {isa = PBXFileReference; fileEncoding = 4; lastKnownFileType = sourcecode.cpp.cpp; path = Place.cpp; sourceTree = "<group>"; };
		9BCBFE5C16D1BD3F0031840C /* Place.h */ = {isa = PBXFileReference; fileEncoding = 4; lastKnownFileType = sourcecode.c.h; path = Place.h; sourceTree = "<group>"; };
		9BCBFE5D16D1BD3F0031840C /* Place_Base.cpp */ = {isa = PBXFileReference; fileEncoding = 4; lastKnownFileType = sourcecode.cpp.cpp; path = Place_Base.cpp; sourceTree = "<group>"; };
		9BCBFE5E16D1BD3F0031840C /* Place_Base.h */ = {isa = PBXFileReference; fileEncoding = 4; lastKnownFileType = sourcecode.c.h; path = Place_Base.h; sourceTree = "<group>"; };
		9BCBFE5F16D1BD3F0031840C /* RelativeAction.cpp */ = {isa = PBXFileReference; fileEncoding = 4; lastKnownFileType = sourcecode.cpp.cpp; path = RelativeAction.cpp; sourceTree = "<group>"; };
		9BCBFE6016D1BD3F0031840C /* RelativeAction.h */ = {isa = PBXFileReference; fileEncoding = 4; lastKnownFileType = sourcecode.c.h; path = RelativeAction.h; sourceTree = "<group>"; };
		9BCBFE6116D1BD3F0031840C /* RelativeAction_Base.cpp */ = {isa = PBXFileReference; fileEncoding = 4; lastKnownFileType = sourcecode.cpp.cpp; path = RelativeAction_Base.cpp; sourceTree = "<group>"; };
		9BCBFE6216D1BD3F0031840C /* RelativeAction_Base.h */ = {isa = PBXFileReference; fileEncoding = 4; lastKnownFileType = sourcecode.c.h; path = RelativeAction_Base.h; sourceTree = "<group>"; };
		9BCBFE6316D1BD3F0031840C /* Repeat.cpp */ = {isa = PBXFileReference; fileEncoding = 4; lastKnownFileType = sourcecode.cpp.cpp; path = Repeat.cpp; sourceTree = "<group>"; };
		9BCBFE6416D1BD3F0031840C /* Repeat.h */ = {isa = PBXFileReference; fileEncoding = 4; lastKnownFileType = sourcecode.c.h; path = Repeat.h; sourceTree = "<group>"; };
		9BCBFE6516D1BD3F0031840C /* Repeat_Base.cpp */ = {isa = PBXFileReference; fileEncoding = 4; lastKnownFileType = sourcecode.cpp.cpp; path = Repeat_Base.cpp; sourceTree = "<group>"; };
		9BCBFE6616D1BD3F0031840C /* Repeat_Base.h */ = {isa = PBXFileReference; fileEncoding = 4; lastKnownFileType = sourcecode.c.h; path = Repeat_Base.h; sourceTree = "<group>"; };
		9BCBFE6716D1BD3F0031840C /* Rotate.cpp */ = {isa = PBXFileReference; fileEncoding = 4; lastKnownFileType = sourcecode.cpp.cpp; path = Rotate.cpp; sourceTree = "<group>"; };
		9BCBFE6816D1BD3F0031840C /* Rotate.h */ = {isa = PBXFileReference; fileEncoding = 4; lastKnownFileType = sourcecode.c.h; path = Rotate.h; sourceTree = "<group>"; };
		9BCBFE6916D1BD3F0031840C /* Rotate_Base.cpp */ = {isa = PBXFileReference; fileEncoding = 4; lastKnownFileType = sourcecode.cpp.cpp; path = Rotate_Base.cpp; sourceTree = "<group>"; };
		9BCBFE6A16D1BD3F0031840C /* Rotate_Base.h */ = {isa = PBXFileReference; fileEncoding = 4; lastKnownFileType = sourcecode.c.h; path = Rotate_Base.h; sourceTree = "<group>"; };
		9BCBFE6B16D1BD3F0031840C /* Scale.cpp */ = {isa = PBXFileReference; fileEncoding = 4; lastKnownFileType = sourcecode.cpp.cpp; path = Scale.cpp; sourceTree = "<group>"; };
		9BCBFE6C16D1BD3F0031840C /* Scale.h */ = {isa = PBXFileReference; fileEncoding = 4; lastKnownFileType = sourcecode.c.h; path = Scale.h; sourceTree = "<group>"; };
		9BCBFE6D16D1BD3F0031840C /* Scale_Base.cpp */ = {isa = PBXFileReference; fileEncoding = 4; lastKnownFileType = sourcecode.cpp.cpp; path = Scale_Base.cpp; sourceTree = "<group>"; };
		9BCBFE6E16D1BD3F0031840C /* Scale_Base.h */ = {isa = PBXFileReference; fileEncoding = 4; lastKnownFileType = sourcecode.c.h; path = Scale_Base.h; sourceTree = "<group>"; };
		9BCBFE6F16D1BD3F0031840C /* Scene.cpp */ = {isa = PBXFileReference; fileEncoding = 4; lastKnownFileType = sourcecode.cpp.cpp; path = Scene.cpp; sourceTree = "<group>"; };
		9BCBFE7016D1BD3F0031840C /* Scene.h */ = {isa = PBXFileReference; fileEncoding = 4; lastKnownFileType = sourcecode.c.h; path = Scene.h; sourceTree = "<group>"; };
		9BCBFE7116D1BD3F0031840C /* Scene_Base.cpp */ = {isa = PBXFileReference; fileEncoding = 4; lastKnownFileType = sourcecode.cpp.cpp; path = Scene_Base.cpp; sourceTree = "<group>"; };
		9BCBFE7216D1BD3F0031840C /* Scene_Base.h */ = {isa = PBXFileReference; fileEncoding = 4; lastKnownFileType = sourcecode.c.h; path = Scene_Base.h; sourceTree = "<group>"; };
		9BCBFE7316D1BD3F0031840C /* SceneReference.cpp */ = {isa = PBXFileReference; fileEncoding = 4; lastKnownFileType = sourcecode.cpp.cpp; path = SceneReference.cpp; sourceTree = "<group>"; };
		9BCBFE7416D1BD3F0031840C /* SceneReference.h */ = {isa = PBXFileReference; fileEncoding = 4; lastKnownFileType = sourcecode.c.h; path = SceneReference.h; sourceTree = "<group>"; };
		9BCBFE7516D1BD3F0031840C /* SceneReference_Base.cpp */ = {isa = PBXFileReference; fileEncoding = 4; lastKnownFileType = sourcecode.cpp.cpp; path = SceneReference_Base.cpp; sourceTree = "<group>"; };
		9BCBFE7616D1BD3F0031840C /* SceneReference_Base.h */ = {isa = PBXFileReference; fileEncoding = 4; lastKnownFileType = sourcecode.c.h; path = SceneReference_Base.h; sourceTree = "<group>"; };
		9BCBFE7716D1BD3F0031840C /* Script.cpp */ = {isa = PBXFileReference; fileEncoding = 4; lastKnownFileType = sourcecode.cpp.cpp; path = Script.cpp; sourceTree = "<group>"; };
		9BCBFE7816D1BD3F0031840C /* Script.h */ = {isa = PBXFileReference; fileEncoding = 4; lastKnownFileType = sourcecode.c.h; path = Script.h; sourceTree = "<group>"; };
		9BCBFE7916D1BD3F0031840C /* Script_Base.cpp */ = {isa = PBXFileReference; fileEncoding = 4; lastKnownFileType = sourcecode.cpp.cpp; path = Script_Base.cpp; sourceTree = "<group>"; };
		9BCBFE7A16D1BD3F0031840C /* Script_Base.h */ = {isa = PBXFileReference; fileEncoding = 4; lastKnownFileType = sourcecode.c.h; path = Script_Base.h; sourceTree = "<group>"; };
		9BCBFE7B16D1BD3F0031840C /* Sequence.cpp */ = {isa = PBXFileReference; fileEncoding = 4; lastKnownFileType = sourcecode.cpp.cpp; path = Sequence.cpp; sourceTree = "<group>"; };
		9BCBFE7C16D1BD3F0031840C /* Sequence.h */ = {isa = PBXFileReference; fileEncoding = 4; lastKnownFileType = sourcecode.c.h; path = Sequence.h; sourceTree = "<group>"; };
		9BCBFE7D16D1BD3F0031840C /* Sequence_Base.cpp */ = {isa = PBXFileReference; fileEncoding = 4; lastKnownFileType = sourcecode.cpp.cpp; path = Sequence_Base.cpp; sourceTree = "<group>"; };
		9BCBFE7E16D1BD3F0031840C /* Sequence_Base.h */ = {isa = PBXFileReference; fileEncoding = 4; lastKnownFileType = sourcecode.c.h; path = Sequence_Base.h; sourceTree = "<group>"; };
		9BCBFE7F16D1BD3F0031840C /* Skew.cpp */ = {isa = PBXFileReference; fileEncoding = 4; lastKnownFileType = sourcecode.cpp.cpp; path = Skew.cpp; sourceTree = "<group>"; };
		9BCBFE8016D1BD3F0031840C /* Skew.h */ = {isa = PBXFileReference; fileEncoding = 4; lastKnownFileType = sourcecode.c.h; path = Skew.h; sourceTree = "<group>"; };
		9BCBFE8116D1BD3F0031840C /* Skew_Base.cpp */ = {isa = PBXFileReference; fileEncoding = 4; lastKnownFileType = sourcecode.cpp.cpp; path = Skew_Base.cpp; sourceTree = "<group>"; };
		9BCBFE8216D1BD3F0031840C /* Skew_Base.h */ = {isa = PBXFileReference; fileEncoding = 4; lastKnownFileType = sourcecode.c.h; path = Skew_Base.h; sourceTree = "<group>"; };
		9BCBFE8316D1BD3F0031840C /* Sprite.cpp */ = {isa = PBXFileReference; fileEncoding = 4; lastKnownFileType = sourcecode.cpp.cpp; path = Sprite.cpp; sourceTree = "<group>"; };
		9BCBFE8416D1BD3F0031840C /* Sprite.h */ = {isa = PBXFileReference; fileEncoding = 4; lastKnownFileType = sourcecode.c.h; path = Sprite.h; sourceTree = "<group>"; };
		9BCBFE8516D1BD3F0031840C /* Sprite_Base.cpp */ = {isa = PBXFileReference; fileEncoding = 4; lastKnownFileType = sourcecode.cpp.cpp; path = Sprite_Base.cpp; sourceTree = "<group>"; };
		9BCBFE8616D1BD3F0031840C /* Sprite_Base.h */ = {isa = PBXFileReference; fileEncoding = 4; lastKnownFileType = sourcecode.c.h; path = Sprite_Base.h; sourceTree = "<group>"; };
		9BCBFE8716D1BD3F0031840C /* SpriteBatch.cpp */ = {isa = PBXFileReference; fileEncoding = 4; lastKnownFileType = sourcecode.cpp.cpp; path = SpriteBatch.cpp; sourceTree = "<group>"; };
		9BCBFE8816D1BD3F0031840C /* SpriteBatch.h */ = {isa = PBXFileReference; fileEncoding = 4; lastKnownFileType = sourcecode.c.h; path = SpriteBatch.h; sourceTree = "<group>"; };
		9BCBFE8916D1BD3F0031840C /* SpriteBatch_Base.cpp */ = {isa = PBXFileReference; fileEncoding = 4; lastKnownFileType = sourcecode.cpp.cpp; path = SpriteBatch_Base.cpp; sourceTree = "<group>"; };
		9BCBFE8A16D1BD3F0031840C /* SpriteBatch_Base.h */ = {isa = PBXFileReference; fileEncoding = 4; lastKnownFileType = sourcecode.c.h; path = SpriteBatch_Base.h; sourceTree = "<group>"; };
		9BCBFE8B16D1BD3F0031840C /* String.cpp */ = {isa = PBXFileReference; fileEncoding = 4; lastKnownFileType = sourcecode.cpp.cpp; path = String.cpp; sourceTree = "<group>"; };
		9BCBFE8C16D1BD3F0031840C /* String.h */ = {isa = PBXFileReference; fileEncoding = 4; lastKnownFileType = sourcecode.c.h; path = String.h; sourceTree = "<group>"; };
		9BCBFE8D16D1BD3F0031840C /* String_Base.cpp */ = {isa = PBXFileReference; fileEncoding = 4; lastKnownFileType = sourcecode.cpp.cpp; path = String_Base.cpp; sourceTree = "<group>"; };
		9BCBFE8E16D1BD3F0031840C /* String_Base.h */ = {isa = PBXFileReference; fileEncoding = 4; lastKnownFileType = sourcecode.c.h; path = String_Base.h; sourceTree = "<group>"; };
		9BCBFE8F16D1BD3F0031840C /* Text.cpp */ = {isa = PBXFileReference; fileEncoding = 4; lastKnownFileType = sourcecode.cpp.cpp; path = Text.cpp; sourceTree = "<group>"; };
		9BCBFE9016D1BD3F0031840C /* Text.h */ = {isa = PBXFileReference; fileEncoding = 4; lastKnownFileType = sourcecode.c.h; path = Text.h; sourceTree = "<group>"; };
		9BCBFE9116D1BD3F0031840C /* Text_Base.cpp */ = {isa = PBXFileReference; fileEncoding = 4; lastKnownFileType = sourcecode.cpp.cpp; path = Text_Base.cpp; sourceTree = "<group>"; };
		9BCBFE9216D1BD3F0031840C /* Text_Base.h */ = {isa = PBXFileReference; fileEncoding = 4; lastKnownFileType = sourcecode.c.h; path = Text_Base.h; sourceTree = "<group>"; };
		9BCBFE9316D1BD3F0031840C /* Tint.cpp */ = {isa = PBXFileReference; fileEncoding = 4; lastKnownFileType = sourcecode.cpp.cpp; path = Tint.cpp; sourceTree = "<group>"; };
		9BCBFE9416D1BD3F0031840C /* Tint.h */ = {isa = PBXFileReference; fileEncoding = 4; lastKnownFileType = sourcecode.c.h; path = Tint.h; sourceTree = "<group>"; };
		9BCBFE9516D1BD3F0031840C /* Tint_Base.cpp */ = {isa = PBXFileReference; fileEncoding = 4; lastKnownFileType = sourcecode.cpp.cpp; path = Tint_Base.cpp; sourceTree = "<group>"; };
		9BCBFE9616D1BD3F0031840C /* Tint_Base.h */ = {isa = PBXFileReference; fileEncoding = 4; lastKnownFileType = sourcecode.c.h; path = Tint_Base.h; sourceTree = "<group>"; };
		9BCBFE9716D1BD3F0031840C /* Transition.cpp */ = {isa = PBXFileReference; fileEncoding = 4; lastKnownFileType = sourcecode.cpp.cpp; path = Transition.cpp; sourceTree = "<group>"; };
		9BCBFE9816D1BD3F0031840C /* Transition.h */ = {isa = PBXFileReference; fileEncoding = 4; lastKnownFileType = sourcecode.c.h; path = Transition.h; sourceTree = "<group>"; };
		9BCBFE9916D1BD3F0031840C /* Transition_Base.cpp */ = {isa = PBXFileReference; fileEncoding = 4; lastKnownFileType = sourcecode.cpp.cpp; path = Transition_Base.cpp; sourceTree = "<group>"; };
		9BCBFE9A16D1BD3F0031840C /* Transition_Base.h */ = {isa = PBXFileReference; fileEncoding = 4; lastKnownFileType = sourcecode.c.h; path = Transition_Base.h; sourceTree = "<group>"; };
		9BCBFE9B16D1BD3F0031840C /* Variable.cpp */ = {isa = PBXFileReference; fileEncoding = 4; lastKnownFileType = sourcecode.cpp.cpp; path = Variable.cpp; sourceTree = "<group>"; };
		9BCBFE9C16D1BD3F0031840C /* Variable.h */ = {isa = PBXFileReference; fileEncoding = 4; lastKnownFileType = sourcecode.c.h; path = Variable.h; sourceTree = "<group>"; };
		9BCBFE9D16D1BD3F0031840C /* Variable_Base.cpp */ = {isa = PBXFileReference; fileEncoding = 4; lastKnownFileType = sourcecode.cpp.cpp; path = Variable_Base.cpp; sourceTree = "<group>"; };
		9BCBFE9E16D1BD3F0031840C /* Variable_Base.h */ = {isa = PBXFileReference; fileEncoding = 4; lastKnownFileType = sourcecode.c.h; path = Variable_Base.h; sourceTree = "<group>"; };
		9BCBFEA016D1BD3F0031840C /* AppDelegate.h */ = {isa = PBXFileReference; fileEncoding = 4; lastKnownFileType = sourcecode.c.h; name = AppDelegate.h; path = ../include/AppDelegate.h; sourceTree = "<group>"; };
		9BCBFEA116D1BD3F0031840C /* AppDelegate.mm */ = {isa = PBXFileReference; fileEncoding = 4; lastKnownFileType = sourcecode.cpp.objcpp; path = AppDelegate.mm; sourceTree = "<group>"; };
		9BCBFEA216D1BD3F0031840C /* RootViewController.h */ = {isa = PBXFileReference; fileEncoding = 4; lastKnownFileType = sourcecode.c.h; path = RootViewController.h; sourceTree = "<group>"; };
		9BCBFEA316D1BD3F0031840C /* RootViewController.mm */ = {isa = PBXFileReference; fileEncoding = 4; lastKnownFileType = sourcecode.cpp.objcpp; path = RootViewController.mm; sourceTree = "<group>"; };
		9BCBFEEF16D1C9E80031840C /* CocosAppDelegate.cpp */ = {isa = PBXFileReference; fileEncoding = 4; lastKnownFileType = sourcecode.cpp.cpp; path = CocosAppDelegate.cpp; sourceTree = SOURCE_ROOT; };
		9BCBFEF016D1C9E80031840C /* CocosAppDelegate.h */ = {isa = PBXFileReference; fileEncoding = 4; lastKnownFileType = sourcecode.c.h; path = CocosAppDelegate.h; sourceTree = SOURCE_ROOT; };
		9BCBFEF216D1CADB0031840C /* Cocos2dXMLTouchDelegate.cpp */ = {isa = PBXFileReference; fileEncoding = 4; lastKnownFileType = sourcecode.cpp.cpp; path = Cocos2dXMLTouchDelegate.cpp; sourceTree = SOURCE_ROOT; };
		9BCBFEF316D1CADB0031840C /* Cocos2dXMLTouchDelegate.h */ = {isa = PBXFileReference; fileEncoding = 4; lastKnownFileType = sourcecode.c.h; path = Cocos2dXMLTouchDelegate.h; sourceTree = SOURCE_ROOT; };
/* End PBXFileReference section */

/* Begin PBXFrameworksBuildPhase section */
		9B41047D16D1A46700EA730A /* Frameworks */ = {
			isa = PBXFrameworksBuildPhase;
			buildActionMask = 2147483647;
			files = (
				9BCBFE0C16D1B19B0031840C /* libcocos2dx.a in Frameworks */,
				9B4104A616D1ABD900EA730A /* OpenGLES.framework in Frameworks */,
				9B4104A416D1ABCA00EA730A /* QuartzCore.framework in Frameworks */,
				9B4104A216D1ABB600EA730A /* libxml2.dylib in Frameworks */,
				9B4104A016D1ABAA00EA730A /* libz.dylib in Frameworks */,
				9B41049D16D1AB6700EA730A /* UIKit.framework in Frameworks */,
				9B41049B16D1AB5B00EA730A /* CoreGraphics.framework in Frameworks */,
				9B41048416D1A46700EA730A /* Foundation.framework in Frameworks */,
			);
			runOnlyForDeploymentPostprocessing = 0;
		};
/* End PBXFrameworksBuildPhase section */

/* Begin PBXGroup section */
		9B41047716D1A46700EA730A = {
			isa = PBXGroup;
			children = (
				9BCBFE0516D1B1940031840C /* cocos2dx.xcodeproj */,
				9B41048516D1A46700EA730A /* Cocos2dXML */,
				9B41048216D1A46700EA730A /* Frameworks */,
				9B41048116D1A46700EA730A /* Products */,
			);
			sourceTree = "<group>";
		};
		9B41048116D1A46700EA730A /* Products */ = {
			isa = PBXGroup;
			children = (
				9B41048016D1A46700EA730A /* libCocos2dXML.a */,
			);
			name = Products;
			sourceTree = "<group>";
		};
		9B41048216D1A46700EA730A /* Frameworks */ = {
			isa = PBXGroup;
			children = (
				9B4104A516D1ABD900EA730A /* OpenGLES.framework */,
				9B4104A316D1ABCA00EA730A /* QuartzCore.framework */,
				9B4104A116D1ABB600EA730A /* libxml2.dylib */,
				9B41049F16D1ABAA00EA730A /* libz.dylib */,
				9B41049C16D1AB6700EA730A /* UIKit.framework */,
				9B41049A16D1AB5B00EA730A /* CoreGraphics.framework */,
				9B41048316D1A46700EA730A /* Foundation.framework */,
			);
			name = Frameworks;
			sourceTree = "<group>";
		};
		9B41048516D1A46700EA730A /* Cocos2dXML */ = {
			isa = PBXGroup;
			children = (
				9BCBFEF216D1CADB0031840C /* Cocos2dXMLTouchDelegate.cpp */,
				9BCBFEF316D1CADB0031840C /* Cocos2dXMLTouchDelegate.h */,
				9BCBFEEF16D1C9E80031840C /* CocosAppDelegate.cpp */,
				9BCBFEF016D1C9E80031840C /* CocosAppDelegate.h */,
				9BCBFE0D16D1BD3F0031840C /* Generated */,
				9BCBFE9F16D1BD3F0031840C /* ObjC */,
				9B41048616D1A46700EA730A /* Supporting Files */,
			);
			path = Cocos2dXML;
			sourceTree = "<group>";
		};
		9B41048616D1A46700EA730A /* Supporting Files */ = {
			isa = PBXGroup;
			children = (
				9B41048716D1A46700EA730A /* Cocos2dXML-Prefix.pch */,
			);
			name = "Supporting Files";
			sourceTree = "<group>";
		};
		9BCBFE0616D1B1940031840C /* Products */ = {
			isa = PBXGroup;
			children = (
				9BCBFE0B16D1B1940031840C /* libcocos2dx.a */,
			);
			name = Products;
			sourceTree = "<group>";
		};
		9BCBFE0D16D1BD3F0031840C /* Generated */ = {
			isa = PBXGroup;
			children = (
				9BCBFE0E16D1BD3F0031840C /* Accelerometer.cpp */,
				9BCBFE0F16D1BD3F0031840C /* Accelerometer.h */,
				9BCBFE1016D1BD3F0031840C /* Accelerometer_Base.cpp */,
				9BCBFE1116D1BD3F0031840C /* Accelerometer_Base.h */,
				9BCBFE1216D1BD3F0031840C /* Action.cpp */,
				9BCBFE1316D1BD3F0031840C /* Action.h */,
				9BCBFE1416D1BD3F0031840C /* Action_Base.cpp */,
				9BCBFE1516D1BD3F0031840C /* Action_Base.h */,
				9BCBFE1616D1BD3F0031840C /* Animation.cpp */,
				9BCBFE1716D1BD3F0031840C /* Animation.h */,
				9BCBFE1816D1BD3F0031840C /* Animation_Base.cpp */,
				9BCBFE1916D1BD3F0031840C /* Animation_Base.h */,
				9BCBFE1A16D1BD3F0031840C /* BaseObject.cpp */,
				9BCBFE1B16D1BD3F0031840C /* BaseObject.h */,
				9BCBFE1C16D1BD3F0031840C /* BaseObject_Base.cpp */,
				9BCBFE1D16D1BD3F0031840C /* BaseObject_Base.h */,
				9BCBFE1E16D1BD3F0031840C /* BatchedSprite.cpp */,
				9BCBFE1F16D1BD3F0031840C /* BatchedSprite.h */,
				9BCBFE2016D1BD3F0031840C /* BatchedSprite_Base.cpp */,
				9BCBFE2116D1BD3F0031840C /* BatchedSprite_Base.h */,
				9BCBFE2216D1BD3F0031840C /* Bool.cpp */,
				9BCBFE2316D1BD3F0031840C /* Bool.h */,
				9BCBFE2416D1BD3F0031840C /* Bool_Base.cpp */,
				9BCBFE2516D1BD3F0031840C /* Bool_Base.h */,
				9BCBFE2616D1BD3F0031840C /* ClippingNode.cpp */,
				9BCBFE2716D1BD3F0031840C /* ClippingNode.h */,
				9BCBFE2816D1BD3F0031840C /* ClippingNode_Base.cpp */,
				9BCBFE2916D1BD3F0031840C /* ClippingNode_Base.h */,
				9BCBFE2A16D1BD3F0031840C /* Cocos2dXML.h */,
				9BCBFE2B16D1BD3F0031840C /* Cocos2dXML_enums.cpp */,
				9BCBFE2C16D1BD3F0031840C /* Cocos2dXML_enums.h */,
				9BCBFE2D16D1BD3F0031840C /* Cocos2dXML_typedefs.cpp */,
				9BCBFE2E16D1BD3F0031840C /* Cocos2dXML_typedefs.h */,
				9BCBFE2F16D1BD3F0031840C /* Delay.cpp */,
				9BCBFE3016D1BD3F0031840C /* Delay.h */,
				9BCBFE3116D1BD3F0031840C /* Delay_Base.cpp */,
				9BCBFE3216D1BD3F0031840C /* Delay_Base.h */,
				9BCBFE3316D1BD3F0031840C /* Director.cpp */,
				9BCBFE3416D1BD3F0031840C /* Director.h */,
				9BCBFE3516D1BD3F0031840C /* Director_Base.cpp */,
				9BCBFE3616D1BD3F0031840C /* Director_Base.h */,
				9BCBFE3716D1BD3F0031840C /* Ease.cpp */,
				9BCBFE3816D1BD3F0031840C /* Ease.h */,
				9BCBFE3916D1BD3F0031840C /* Ease_Base.cpp */,
				9BCBFE3A16D1BD3F0031840C /* Ease_Base.h */,
				9BCBFE3B16D1BD3F0031840C /* Fade.cpp */,
				9BCBFE3C16D1BD3F0031840C /* Fade.h */,
				9BCBFE3D16D1BD3F0031840C /* Fade_Base.cpp */,
				9BCBFE3E16D1BD3F0031840C /* Fade_Base.h */,
				9BCBFE3F16D1BD3F0031840C /* FiniteAction.cpp */,
				9BCBFE4016D1BD3F0031840C /* FiniteAction.h */,
				9BCBFE4116D1BD3F0031840C /* FiniteAction_Base.cpp */,
				9BCBFE4216D1BD3F0031840C /* FiniteAction_Base.h */,
				9BCBFE4316D1BD3F0031840C /* Float.cpp */,
				9BCBFE4416D1BD3F0031840C /* Float.h */,
				9BCBFE4516D1BD3F0031840C /* Float_Base.cpp */,
				9BCBFE4616D1BD3F0031840C /* Float_Base.h */,
				9BCBFE4716D1BD3F0031840C /* List.cpp */,
				9BCBFE4816D1BD3F0031840C /* List.h */,
				9BCBFE4916D1BD3F0031840C /* List_Base.cpp */,
				9BCBFE4A16D1BD3F0031840C /* List_Base.h */,
				9BCBFE4B16D1BD3F0031840C /* Move.cpp */,
				9BCBFE4C16D1BD3F0031840C /* Move.h */,
				9BCBFE4D16D1BD3F0031840C /* Move_Base.cpp */,
				9BCBFE4E16D1BD3F0031840C /* Move_Base.h */,
				9BCBFE4F16D1BD3F0031840C /* Node.cpp */,
				9BCBFE5016D1BD3F0031840C /* Node.h */,
				9BCBFE5116D1BD3F0031840C /* Node_Base.cpp */,
				9BCBFE5216D1BD3F0031840C /* Node_Base.h */,
				9BCBFE5316D1BD3F0031840C /* Object.cpp */,
				9BCBFE5416D1BD3F0031840C /* Object.h */,
				9BCBFE5516D1BD3F0031840C /* Object_Base.cpp */,
				9BCBFE5616D1BD3F0031840C /* Object_Base.h */,
				9BCBFE5716D1BD3F0031840C /* ParticleSystem.cpp */,
				9BCBFE5816D1BD3F0031840C /* ParticleSystem.h */,
				9BCBFE5916D1BD3F0031840C /* ParticleSystem_Base.cpp */,
				9BCBFE5A16D1BD3F0031840C /* ParticleSystem_Base.h */,
				9BCBFE5B16D1BD3F0031840C /* Place.cpp */,
				9BCBFE5C16D1BD3F0031840C /* Place.h */,
				9BCBFE5D16D1BD3F0031840C /* Place_Base.cpp */,
				9BCBFE5E16D1BD3F0031840C /* Place_Base.h */,
				9BCBFE5F16D1BD3F0031840C /* RelativeAction.cpp */,
				9BCBFE6016D1BD3F0031840C /* RelativeAction.h */,
				9BCBFE6116D1BD3F0031840C /* RelativeAction_Base.cpp */,
				9BCBFE6216D1BD3F0031840C /* RelativeAction_Base.h */,
				9BCBFE6316D1BD3F0031840C /* Repeat.cpp */,
				9BCBFE6416D1BD3F0031840C /* Repeat.h */,
				9BCBFE6516D1BD3F0031840C /* Repeat_Base.cpp */,
				9BCBFE6616D1BD3F0031840C /* Repeat_Base.h */,
				9BCBFE6716D1BD3F0031840C /* Rotate.cpp */,
				9BCBFE6816D1BD3F0031840C /* Rotate.h */,
				9BCBFE6916D1BD3F0031840C /* Rotate_Base.cpp */,
				9BCBFE6A16D1BD3F0031840C /* Rotate_Base.h */,
				9BCBFE6B16D1BD3F0031840C /* Scale.cpp */,
				9BCBFE6C16D1BD3F0031840C /* Scale.h */,
				9BCBFE6D16D1BD3F0031840C /* Scale_Base.cpp */,
				9BCBFE6E16D1BD3F0031840C /* Scale_Base.h */,
				9BCBFE6F16D1BD3F0031840C /* Scene.cpp */,
				9BCBFE7016D1BD3F0031840C /* Scene.h */,
				9BCBFE7116D1BD3F0031840C /* Scene_Base.cpp */,
				9BCBFE7216D1BD3F0031840C /* Scene_Base.h */,
				9BCBFE7316D1BD3F0031840C /* SceneReference.cpp */,
				9BCBFE7416D1BD3F0031840C /* SceneReference.h */,
				9BCBFE7516D1BD3F0031840C /* SceneReference_Base.cpp */,
				9BCBFE7616D1BD3F0031840C /* SceneReference_Base.h */,
				9BCBFE7716D1BD3F0031840C /* Script.cpp */,
				9BCBFE7816D1BD3F0031840C /* Script.h */,
				9BCBFE7916D1BD3F0031840C /* Script_Base.cpp */,
				9BCBFE7A16D1BD3F0031840C /* Script_Base.h */,
				9BCBFE7B16D1BD3F0031840C /* Sequence.cpp */,
				9BCBFE7C16D1BD3F0031840C /* Sequence.h */,
				9BCBFE7D16D1BD3F0031840C /* Sequence_Base.cpp */,
				9BCBFE7E16D1BD3F0031840C /* Sequence_Base.h */,
				9BCBFE7F16D1BD3F0031840C /* Skew.cpp */,
				9BCBFE8016D1BD3F0031840C /* Skew.h */,
				9BCBFE8116D1BD3F0031840C /* Skew_Base.cpp */,
				9BCBFE8216D1BD3F0031840C /* Skew_Base.h */,
				9BCBFE8316D1BD3F0031840C /* Sprite.cpp */,
				9BCBFE8416D1BD3F0031840C /* Sprite.h */,
				9BCBFE8516D1BD3F0031840C /* Sprite_Base.cpp */,
				9BCBFE8616D1BD3F0031840C /* Sprite_Base.h */,
				9BCBFE8716D1BD3F0031840C /* SpriteBatch.cpp */,
				9BCBFE8816D1BD3F0031840C /* SpriteBatch.h */,
				9BCBFE8916D1BD3F0031840C /* SpriteBatch_Base.cpp */,
				9BCBFE8A16D1BD3F0031840C /* SpriteBatch_Base.h */,
				9BCBFE8B16D1BD3F0031840C /* String.cpp */,
				9BCBFE8C16D1BD3F0031840C /* String.h */,
				9BCBFE8D16D1BD3F0031840C /* String_Base.cpp */,
				9BCBFE8E16D1BD3F0031840C /* String_Base.h */,
				9BCBFE8F16D1BD3F0031840C /* Text.cpp */,
				9BCBFE9016D1BD3F0031840C /* Text.h */,
				9BCBFE9116D1BD3F0031840C /* Text_Base.cpp */,
				9BCBFE9216D1BD3F0031840C /* Text_Base.h */,
				9BCBFE9316D1BD3F0031840C /* Tint.cpp */,
				9BCBFE9416D1BD3F0031840C /* Tint.h */,
				9BCBFE9516D1BD3F0031840C /* Tint_Base.cpp */,
				9BCBFE9616D1BD3F0031840C /* Tint_Base.h */,
				9BCBFE9716D1BD3F0031840C /* Transition.cpp */,
				9BCBFE9816D1BD3F0031840C /* Transition.h */,
				9BCBFE9916D1BD3F0031840C /* Transition_Base.cpp */,
				9BCBFE9A16D1BD3F0031840C /* Transition_Base.h */,
				9BCBFE9B16D1BD3F0031840C /* Variable.cpp */,
				9BCBFE9C16D1BD3F0031840C /* Variable.h */,
				9BCBFE9D16D1BD3F0031840C /* Variable_Base.cpp */,
				9BCBFE9E16D1BD3F0031840C /* Variable_Base.h */,
			);
			path = Generated;
			sourceTree = SOURCE_ROOT;
		};
		9BCBFE9F16D1BD3F0031840C /* ObjC */ = {
			isa = PBXGroup;
			children = (
				9BCBFEA016D1BD3F0031840C /* AppDelegate.h */,
				9BCBFEA116D1BD3F0031840C /* AppDelegate.mm */,
				9BCBFEA216D1BD3F0031840C /* RootViewController.h */,
				9BCBFEA316D1BD3F0031840C /* RootViewController.mm */,
			);
			path = ObjC;
			sourceTree = SOURCE_ROOT;
		};
/* End PBXGroup section */

/* Begin PBXNativeTarget section */
		9B41047F16D1A46700EA730A /* Cocos2dXML */ = {
			isa = PBXNativeTarget;
			buildConfigurationList = 9B41048E16D1A46700EA730A /* Build configuration list for PBXNativeTarget "Cocos2dXML" */;
			buildPhases = (
				9BCBFF5116D1F3050031840C /* ShellScript */,
				9B41047C16D1A46700EA730A /* Sources */,
				9B41047D16D1A46700EA730A /* Frameworks */,
				9B41047E16D1A46700EA730A /* CopyFiles */,
			);
			buildRules = (
			);
			dependencies = (
			);
			name = Cocos2dXML;
			productName = Cocos2dXML;
			productReference = 9B41048016D1A46700EA730A /* libCocos2dXML.a */;
			productType = "com.apple.product-type.library.static";
		};
/* End PBXNativeTarget section */

/* Begin PBXProject section */
		9B41047816D1A46700EA730A /* Project object */ = {
			isa = PBXProject;
			attributes = {
				LastUpgradeCheck = 0460;
				ORGANIZATIONNAME = "Robox Studios";
			};
			buildConfigurationList = 9B41047B16D1A46700EA730A /* Build configuration list for PBXProject "Cocos2dXML" */;
			compatibilityVersion = "Xcode 3.2";
			developmentRegion = English;
			hasScannedForEncodings = 0;
			knownRegions = (
				en,
			);
			mainGroup = 9B41047716D1A46700EA730A;
			productRefGroup = 9B41048116D1A46700EA730A /* Products */;
			projectDirPath = "";
			projectReferences = (
				{
					ProductGroup = 9BCBFE0616D1B1940031840C /* Products */;
					ProjectRef = 9BCBFE0516D1B1940031840C /* cocos2dx.xcodeproj */;
				},
			);
			projectRoot = "";
			targets = (
				9B41047F16D1A46700EA730A /* Cocos2dXML */,
			);
		};
/* End PBXProject section */

/* Begin PBXReferenceProxy section */
		9BCBFE0B16D1B1940031840C /* libcocos2dx.a */ = {
			isa = PBXReferenceProxy;
			fileType = archive.ar;
			path = libcocos2dx.a;
			remoteRef = 9BCBFE0A16D1B1940031840C /* PBXContainerItemProxy */;
			sourceTree = BUILT_PRODUCTS_DIR;
		};
/* End PBXReferenceProxy section */

/* Begin PBXShellScriptBuildPhase section */
		9BCBFF5116D1F3050031840C /* ShellScript */ = {
			isa = PBXShellScriptBuildPhase;
			buildActionMask = 2147483647;
			files = (
			);
			inputPaths = (
				"$(SRCROOT)/GeneratorScripts/Cocos2d.xsd",
				"$(SRCROOT)/GeneratorScripts/c++_main.nopl",
				"$(SRCROOT)/GeneratorScripts/c++_enum.nopl",
				"$(SRCROOT)/GeneratorScripts/c++_header.nopl",
				"$(SRCROOT)/GeneratorScripts/c++_header_base.nopl",
				"$(SRCROOT)/GeneratorScripts/c++_implementation.nopl",
				"$(SRCROOT)/GeneratorScripts/c++_implementation_base.nopl",
				"$(SRCROOT)/GeneratorScripts/c++_include.nopl",
				"$(SRCROOT)/GeneratorScripts/c++_typedefs.nopl",
			);
			outputPaths = (
			);
			runOnlyForDeploymentPostprocessing = 0;
			shellPath = /bin/sh;
			shellScript = "#run the NoPLGenerator on the C++ code generation script\n$SRCROOT/NoPLGenerator/executable/NoPLGenerator $SRCROOT/GeneratorScripts/Cocos2d.xsd $SRCROOT/GeneratorScripts/c++_main.nopl";
		};
/* End PBXShellScriptBuildPhase section */

/* Begin PBXSourcesBuildPhase section */
		9B41047C16D1A46700EA730A /* Sources */ = {
			isa = PBXSourcesBuildPhase;
			buildActionMask = 2147483647;
			files = (
				9BCBFEA416D1BD3F0031840C /* Accelerometer.cpp in Sources */,
				9BCBFEA516D1BD3F0031840C /* Accelerometer_Base.cpp in Sources */,
				9BCBFEA616D1BD3F0031840C /* Action.cpp in Sources */,
				9BCBFEA716D1BD3F0031840C /* Action_Base.cpp in Sources */,
				9BCBFEA816D1BD3F0031840C /* Animation.cpp in Sources */,
				9BCBFEA916D1BD3F0031840C /* Animation_Base.cpp in Sources */,
				9BCBFEAA16D1BD3F0031840C /* BaseObject.cpp in Sources */,
				9BCBFEAB16D1BD3F0031840C /* BaseObject_Base.cpp in Sources */,
				9BCBFEAC16D1BD3F0031840C /* BatchedSprite.cpp in Sources */,
				9BCBFEAD16D1BD3F0031840C /* BatchedSprite_Base.cpp in Sources */,
				9BCBFEAE16D1BD3F0031840C /* Bool.cpp in Sources */,
				9BCBFEAF16D1BD3F0031840C /* Bool_Base.cpp in Sources */,
				9BCBFEB016D1BD3F0031840C /* ClippingNode.cpp in Sources */,
				9BCBFEB116D1BD3F0031840C /* ClippingNode_Base.cpp in Sources */,
				9BCBFEB216D1BD3F0031840C /* Cocos2dXML_enums.cpp in Sources */,
				9BCBFEB316D1BD3F0031840C /* Cocos2dXML_typedefs.cpp in Sources */,
				9BCBFEB416D1BD3F0031840C /* Delay.cpp in Sources */,
				9BCBFEB516D1BD3F0031840C /* Delay_Base.cpp in Sources */,
				9BCBFEB616D1BD3F0031840C /* Director.cpp in Sources */,
				9BCBFEB716D1BD3F0031840C /* Director_Base.cpp in Sources */,
				9BCBFEB816D1BD3F0031840C /* Ease.cpp in Sources */,
				9BCBFEB916D1BD3F0031840C /* Ease_Base.cpp in Sources */,
				9BCBFEBA16D1BD3F0031840C /* Fade.cpp in Sources */,
				9BCBFEBB16D1BD3F0031840C /* Fade_Base.cpp in Sources */,
				9BCBFEBC16D1BD3F0031840C /* FiniteAction.cpp in Sources */,
				9BCBFEBD16D1BD3F0031840C /* FiniteAction_Base.cpp in Sources */,
				9BCBFEBE16D1BD3F0031840C /* Float.cpp in Sources */,
				9BCBFEBF16D1BD3F0031840C /* Float_Base.cpp in Sources */,
				9BCBFEC016D1BD3F0031840C /* List.cpp in Sources */,
				9BCBFEC116D1BD3F0031840C /* List_Base.cpp in Sources */,
				9BCBFEC216D1BD3F0031840C /* Move.cpp in Sources */,
				9BCBFEC316D1BD3F0031840C /* Move_Base.cpp in Sources */,
				9BCBFEC416D1BD3F0031840C /* Node.cpp in Sources */,
				9BCBFEC516D1BD3F0031840C /* Node_Base.cpp in Sources */,
				9BCBFEC616D1BD3F0031840C /* Object.cpp in Sources */,
				9BCBFEC716D1BD3F0031840C /* Object_Base.cpp in Sources */,
				9BCBFEC816D1BD3F0031840C /* ParticleSystem.cpp in Sources */,
				9BCBFEC916D1BD3F0031840C /* ParticleSystem_Base.cpp in Sources */,
				9BCBFECA16D1BD3F0031840C /* Place.cpp in Sources */,
				9BCBFECB16D1BD3F0031840C /* Place_Base.cpp in Sources */,
				9BCBFECC16D1BD3F0031840C /* RelativeAction.cpp in Sources */,
				9BCBFECD16D1BD3F0031840C /* RelativeAction_Base.cpp in Sources */,
				9BCBFECE16D1BD3F0031840C /* Repeat.cpp in Sources */,
				9BCBFECF16D1BD3F0031840C /* Repeat_Base.cpp in Sources */,
				9BCBFED016D1BD3F0031840C /* Rotate.cpp in Sources */,
				9BCBFED116D1BD3F0031840C /* Rotate_Base.cpp in Sources */,
				9BCBFED216D1BD3F0031840C /* Scale.cpp in Sources */,
				9BCBFED316D1BD3F0031840C /* Scale_Base.cpp in Sources */,
				9BCBFED416D1BD3F0031840C /* Scene.cpp in Sources */,
				9BCBFED516D1BD3F0031840C /* Scene_Base.cpp in Sources */,
				9BCBFED616D1BD3F0031840C /* SceneReference.cpp in Sources */,
				9BCBFED716D1BD3F0031840C /* SceneReference_Base.cpp in Sources */,
				9BCBFED816D1BD3F0031840C /* Script.cpp in Sources */,
				9BCBFED916D1BD3F0031840C /* Script_Base.cpp in Sources */,
				9BCBFEDA16D1BD3F0031840C /* Sequence.cpp in Sources */,
				9BCBFEDB16D1BD3F0031840C /* Sequence_Base.cpp in Sources */,
				9BCBFEDC16D1BD3F0031840C /* Skew.cpp in Sources */,
				9BCBFEDD16D1BD3F0031840C /* Skew_Base.cpp in Sources */,
				9BCBFEDE16D1BD3F0031840C /* Sprite.cpp in Sources */,
				9BCBFEDF16D1BD3F0031840C /* Sprite_Base.cpp in Sources */,
				9BCBFEE016D1BD3F0031840C /* SpriteBatch.cpp in Sources */,
				9BCBFEE116D1BD3F0031840C /* SpriteBatch_Base.cpp in Sources */,
				9BCBFEE216D1BD3F0031840C /* String.cpp in Sources */,
				9BCBFEE316D1BD3F0031840C /* String_Base.cpp in Sources */,
				9BCBFEE416D1BD3F0031840C /* Text.cpp in Sources */,
				9BCBFEE516D1BD3F0031840C /* Text_Base.cpp in Sources */,
				9BCBFEE616D1BD3F0031840C /* Tint.cpp in Sources */,
				9BCBFEE716D1BD3F0031840C /* Tint_Base.cpp in Sources */,
				9BCBFEE816D1BD3F0031840C /* Transition.cpp in Sources */,
				9BCBFEE916D1BD3F0031840C /* Transition_Base.cpp in Sources */,
				9BCBFEEA16D1BD3F0031840C /* Variable.cpp in Sources */,
				9BCBFEEB16D1BD3F0031840C /* Variable_Base.cpp in Sources */,
				9BCBFEEC16D1BD3F0031840C /* AppDelegate.mm in Sources */,
				9BCBFEED16D1BD3F0031840C /* RootViewController.mm in Sources */,
				9BCBFEF116D1C9E80031840C /* CocosAppDelegate.cpp in Sources */,
				9BCBFEF416D1CADB0031840C /* Cocos2dXMLTouchDelegate.cpp in Sources */,
			);
			runOnlyForDeploymentPostprocessing = 0;
		};
/* End PBXSourcesBuildPhase section */

/* Begin XCBuildConfiguration section */
		9B41048C16D1A46700EA730A /* Debug */ = {
			isa = XCBuildConfiguration;
			buildSettings = {
				ALWAYS_SEARCH_USER_PATHS = NO;
				CLANG_CXX_LANGUAGE_STANDARD = "gnu++0x";
				CLANG_CXX_LIBRARY = "libstdc++";
				CLANG_WARN_CONSTANT_CONVERSION = YES;
				CLANG_WARN_EMPTY_BODY = YES;
				CLANG_WARN_ENUM_CONVERSION = YES;
				CLANG_WARN_INT_CONVERSION = YES;
				CLANG_WARN__DUPLICATE_METHOD_MATCH = YES;
				COPY_PHASE_STRIP = NO;
				GCC_C_LANGUAGE_STANDARD = gnu99;
				GCC_DYNAMIC_NO_PIC = NO;
				GCC_OPTIMIZATION_LEVEL = 0;
				GCC_PREPROCESSOR_DEFINITIONS = (
					"$(inherited)",
					CC_TARGET_OS_IPHONE,
					"DEBUG=1",
					"COCOS2D_DEBUG=1",
				);
				GCC_SYMBOLS_PRIVATE_EXTERN = NO;
				GCC_WARN_ABOUT_RETURN_TYPE = YES;
				GCC_WARN_UNINITIALIZED_AUTOS = YES;
				GCC_WARN_UNUSED_VARIABLE = YES;
				HEADER_SEARCH_PATHS = (
					"\"$(SDKROOT)/usr/include/libxml2/\"",
					"\"$(SRCROOT)/cocos2d-x/cocos2dx\"",
					"\"$(SRCROOT)/cocos2d-x/cocos2dx/include\"",
					"\"$(SRCROOT)/cocos2d-x/cocos2dx/kazmath/include\"",
					"\"$(SRCROOT)/cocos2d-x/cocos2dx/platform/ios\"",
					"\"$(SRCROOT)/NoPLGenerator/NoPL_repo/NoPLc/include\"",
					"\"$(SRCROOT)/NoPLGenerator/NoPL_repo/NoPL_Runtime/include\"",
				);
				IPHONEOS_DEPLOYMENT_TARGET = 6.1;
				ONLY_ACTIVE_ARCH = YES;
				SDKROOT = iphoneos;
			};
			name = Debug;
		};
		9B41048D16D1A46700EA730A /* Release */ = {
			isa = XCBuildConfiguration;
			buildSettings = {
				ALWAYS_SEARCH_USER_PATHS = NO;
				CLANG_CXX_LANGUAGE_STANDARD = "gnu++0x";
				CLANG_CXX_LIBRARY = "libstdc++";
				CLANG_WARN_CONSTANT_CONVERSION = YES;
				CLANG_WARN_EMPTY_BODY = YES;
				CLANG_WARN_ENUM_CONVERSION = YES;
				CLANG_WARN_INT_CONVERSION = YES;
				CLANG_WARN__DUPLICATE_METHOD_MATCH = YES;
				COPY_PHASE_STRIP = YES;
				GCC_C_LANGUAGE_STANDARD = gnu99;
				GCC_PREPROCESSOR_DEFINITIONS = (
					"$(inherited)",
					CC_TARGET_OS_IPHONE,
				);
				GCC_WARN_ABOUT_RETURN_TYPE = YES;
				GCC_WARN_UNINITIALIZED_AUTOS = YES;
				GCC_WARN_UNUSED_VARIABLE = YES;
				HEADER_SEARCH_PATHS = (
					"\"$(SDKROOT)/usr/include/libxml2/\"",
					"\"$(SRCROOT)/cocos2d-x/cocos2dx\"",
					"\"$(SRCROOT)/cocos2d-x/cocos2dx/include\"",
					"\"$(SRCROOT)/cocos2d-x/cocos2dx/kazmath/include\"",
					"\"$(SRCROOT)/cocos2d-x/cocos2dx/platform/ios\"",
					"\"$(SRCROOT)/NoPLGenerator/NoPL_repo/NoPLc/include\"",
					"\"$(SRCROOT)/NoPLGenerator/NoPL_repo/NoPL_Runtime/include\"",
				);
				IPHONEOS_DEPLOYMENT_TARGET = 6.1;
				SDKROOT = iphoneos;
				VALIDATE_PRODUCT = YES;
			};
			name = Release;
		};
		9B41048F16D1A46700EA730A /* Debug */ = {
			isa = XCBuildConfiguration;
			buildSettings = {
				DSTROOT = /tmp/Cocos2dXML.dst;
				GCC_PRECOMPILE_PREFIX_HEADER = YES;
				GCC_PREFIX_HEADER = "Cocos2dXML-Prefix.pch";
				OTHER_LDFLAGS = "-ObjC";
				PRODUCT_NAME = "$(TARGET_NAME)";
				SKIP_INSTALL = YES;
			};
			name = Debug;
		};
		9B41049016D1A46700EA730A /* Release */ = {
			isa = XCBuildConfiguration;
			buildSettings = {
				DSTROOT = /tmp/Cocos2dXML.dst;
				GCC_PRECOMPILE_PREFIX_HEADER = YES;
				GCC_PREFIX_HEADER = "Cocos2dXML-Prefix.pch";
				OTHER_LDFLAGS = "-ObjC";
				PRODUCT_NAME = "$(TARGET_NAME)";
				SKIP_INSTALL = YES;
			};
			name = Release;
		};
/* End XCBuildConfiguration section */

/* Begin XCConfigurationList section */
		9B41047B16D1A46700EA730A /* Build configuration list for PBXProject "Cocos2dXML" */ = {
			isa = XCConfigurationList;
			buildConfigurations = (
				9B41048C16D1A46700EA730A /* Debug */,
				9B41048D16D1A46700EA730A /* Release */,
			);
			defaultConfigurationIsVisible = 0;
			defaultConfigurationName = Release;
		};
		9B41048E16D1A46700EA730A /* Build configuration list for PBXNativeTarget "Cocos2dXML" */ = {
			isa = XCConfigurationList;
			buildConfigurations = (
				9B41048F16D1A46700EA730A /* Debug */,
				9B41049016D1A46700EA730A /* Release */,
			);
			defaultConfigurationIsVisible = 0;
			defaultConfigurationName = Release;
		};
/* End XCConfigurationList section */
	};
	rootObject = 9B41047816D1A46700EA730A /* Project object */;
}
