// !$*UTF8*$!
{
	archiveVersion = 1;
	classes = {
	};
	objectVersion = 46;
	objects = {

/* Begin PBXBuildFile section */
		9B105B2C16B5C6AC005453A6 /* main.xml in Resources */ = {isa = PBXBuildFile; fileRef = 9B105B2816B5C6AC005453A6 /* main.xml */; };
		9B105B2D16B5C6AC005453A6 /* main.xml in Resources */ = {isa = PBXBuildFile; fileRef = 9B105B2816B5C6AC005453A6 /* main.xml */; };
		9B105B2E16B5C6AC005453A6 /* testScene.xml in Resources */ = {isa = PBXBuildFile; fileRef = 9B105B2916B5C6AC005453A6 /* testScene.xml */; };
		9B105B2F16B5C6AC005453A6 /* testScene.xml in Resources */ = {isa = PBXBuildFile; fileRef = 9B105B2916B5C6AC005453A6 /* testScene.xml */; };
		9B2D714C16AC71EC001F2C91 /* libcocos2dx.a in Frameworks */ = {isa = PBXBuildFile; fileRef = 9B9464D116AC714E00B42B6B /* libcocos2dx.a */; };
		9B2D715316AC7346001F2C91 /* libz.dylib in Frameworks */ = {isa = PBXBuildFile; fileRef = 9B2D715216AC7346001F2C91 /* libz.dylib */; };
		9B2D715516AC734C001F2C91 /* libxml2.dylib in Frameworks */ = {isa = PBXBuildFile; fileRef = 9B2D715416AC734C001F2C91 /* libxml2.dylib */; };
		9B2D715716AC73B0001F2C91 /* QuartzCore.framework in Frameworks */ = {isa = PBXBuildFile; fileRef = 9B2D715616AC73B0001F2C91 /* QuartzCore.framework */; };
		9B2D715916AC73B5001F2C91 /* OpenGLES.framework in Frameworks */ = {isa = PBXBuildFile; fileRef = 9B2D715816AC73B5001F2C91 /* OpenGLES.framework */; };
		9B50A43016C209340024138D /* Cocos2dXMLTouchDelegate.cpp in Sources */ = {isa = PBXBuildFile; fileRef = 9B50A42E16C209340024138D /* Cocos2dXMLTouchDelegate.cpp */; };
		9B50A43116C209340024138D /* Cocos2dXMLTouchDelegate.cpp in Sources */ = {isa = PBXBuildFile; fileRef = 9B50A42E16C209340024138D /* Cocos2dXMLTouchDelegate.cpp */; };
		9B50A43716C21F070024138D /* touchDown.noplb in Resources */ = {isa = PBXBuildFile; fileRef = 9B50A43416C21F060024138D /* touchDown.noplb */; };
		9B50A43816C21F070024138D /* touchDown.noplb in Resources */ = {isa = PBXBuildFile; fileRef = 9B50A43416C21F060024138D /* touchDown.noplb */; };
		9B50A43916C21F070024138D /* touchMove.noplb in Resources */ = {isa = PBXBuildFile; fileRef = 9B50A43516C21F060024138D /* touchMove.noplb */; };
		9B50A43A16C21F070024138D /* touchMove.noplb in Resources */ = {isa = PBXBuildFile; fileRef = 9B50A43516C21F060024138D /* touchMove.noplb */; };
		9B50A43B16C21F070024138D /* touchUp.noplb in Resources */ = {isa = PBXBuildFile; fileRef = 9B50A43616C21F070024138D /* touchUp.noplb */; };
		9B50A43C16C21F070024138D /* touchUp.noplb in Resources */ = {isa = PBXBuildFile; fileRef = 9B50A43616C21F070024138D /* touchUp.noplb */; };
		9B69BE9E16BEC4750000D537 /* Action_Base.cpp in Sources */ = {isa = PBXBuildFile; fileRef = 9B69BE1116BEC4750000D537 /* Action_Base.cpp */; };
		9B69BE9F16BEC4750000D537 /* Action.cpp in Sources */ = {isa = PBXBuildFile; fileRef = 9B69BE1316BEC4750000D537 /* Action.cpp */; };
		9B69BEA016BEC4750000D537 /* Animation_Base.cpp in Sources */ = {isa = PBXBuildFile; fileRef = 9B69BE1516BEC4750000D537 /* Animation_Base.cpp */; };
		9B69BEA116BEC4750000D537 /* Animation.cpp in Sources */ = {isa = PBXBuildFile; fileRef = 9B69BE1716BEC4750000D537 /* Animation.cpp */; };
		9B69BEA216BEC4750000D537 /* BaseObject_Base.cpp in Sources */ = {isa = PBXBuildFile; fileRef = 9B69BE1916BEC4750000D537 /* BaseObject_Base.cpp */; };
		9B69BEA316BEC4750000D537 /* BaseObject.cpp in Sources */ = {isa = PBXBuildFile; fileRef = 9B69BE1B16BEC4750000D537 /* BaseObject.cpp */; };
		9B69BEA416BEC4750000D537 /* BatchedSprite_Base.cpp in Sources */ = {isa = PBXBuildFile; fileRef = 9B69BE1D16BEC4750000D537 /* BatchedSprite_Base.cpp */; };
		9B69BEA516BEC4750000D537 /* BatchedSprite.cpp in Sources */ = {isa = PBXBuildFile; fileRef = 9B69BE1F16BEC4750000D537 /* BatchedSprite.cpp */; };
		9B69BEA616BEC4750000D537 /* Bool_Base.cpp in Sources */ = {isa = PBXBuildFile; fileRef = 9B69BE2116BEC4750000D537 /* Bool_Base.cpp */; };
		9B69BEA716BEC4750000D537 /* Bool.cpp in Sources */ = {isa = PBXBuildFile; fileRef = 9B69BE2316BEC4750000D537 /* Bool.cpp */; };
		9B69BEA816BEC4750000D537 /* ClippingNode_Base.cpp in Sources */ = {isa = PBXBuildFile; fileRef = 9B69BE2516BEC4750000D537 /* ClippingNode_Base.cpp */; };
		9B69BEA916BEC4750000D537 /* ClippingNode.cpp in Sources */ = {isa = PBXBuildFile; fileRef = 9B69BE2716BEC4750000D537 /* ClippingNode.cpp */; };
		9B69BEAA16BEC4750000D537 /* Cocos2dXML_enums.cpp in Sources */ = {isa = PBXBuildFile; fileRef = 9B69BE2916BEC4750000D537 /* Cocos2dXML_enums.cpp */; };
		9B69BEAB16BEC4750000D537 /* Cocos2dXML_typedefs.cpp in Sources */ = {isa = PBXBuildFile; fileRef = 9B69BE2B16BEC4750000D537 /* Cocos2dXML_typedefs.cpp */; };
		9B69BEAC16BEC4750000D537 /* Delay_Base.cpp in Sources */ = {isa = PBXBuildFile; fileRef = 9B69BE2E16BEC4750000D537 /* Delay_Base.cpp */; };
		9B69BEAD16BEC4750000D537 /* Delay.cpp in Sources */ = {isa = PBXBuildFile; fileRef = 9B69BE3016BEC4750000D537 /* Delay.cpp */; };
		9B69BEAE16BEC4750000D537 /* Director_Base.cpp in Sources */ = {isa = PBXBuildFile; fileRef = 9B69BE3216BEC4750000D537 /* Director_Base.cpp */; };
		9B69BEAF16BEC4750000D537 /* Director.cpp in Sources */ = {isa = PBXBuildFile; fileRef = 9B69BE3416BEC4750000D537 /* Director.cpp */; };
		9B69BEB016BEC4750000D537 /* Ease_Base.cpp in Sources */ = {isa = PBXBuildFile; fileRef = 9B69BE3616BEC4750000D537 /* Ease_Base.cpp */; };
		9B69BEB116BEC4750000D537 /* Ease.cpp in Sources */ = {isa = PBXBuildFile; fileRef = 9B69BE3816BEC4750000D537 /* Ease.cpp */; };
		9B69BEB216BEC4750000D537 /* Fade_Base.cpp in Sources */ = {isa = PBXBuildFile; fileRef = 9B69BE3A16BEC4750000D537 /* Fade_Base.cpp */; };
		9B69BEB316BEC4750000D537 /* Fade.cpp in Sources */ = {isa = PBXBuildFile; fileRef = 9B69BE3C16BEC4750000D537 /* Fade.cpp */; };
		9B69BEB416BEC4750000D537 /* FiniteAction_Base.cpp in Sources */ = {isa = PBXBuildFile; fileRef = 9B69BE3E16BEC4750000D537 /* FiniteAction_Base.cpp */; };
		9B69BEB516BEC4750000D537 /* FiniteAction.cpp in Sources */ = {isa = PBXBuildFile; fileRef = 9B69BE4016BEC4750000D537 /* FiniteAction.cpp */; };
		9B69BEB616BEC4750000D537 /* Float_Base.cpp in Sources */ = {isa = PBXBuildFile; fileRef = 9B69BE4216BEC4750000D537 /* Float_Base.cpp */; };
		9B69BEB716BEC4750000D537 /* Float.cpp in Sources */ = {isa = PBXBuildFile; fileRef = 9B69BE4416BEC4750000D537 /* Float.cpp */; };
		9B69BEB816BEC4750000D537 /* List_Base.cpp in Sources */ = {isa = PBXBuildFile; fileRef = 9B69BE4616BEC4750000D537 /* List_Base.cpp */; };
		9B69BEB916BEC4750000D537 /* List.cpp in Sources */ = {isa = PBXBuildFile; fileRef = 9B69BE4816BEC4750000D537 /* List.cpp */; };
		9B69BEBA16BEC4750000D537 /* Move_Base.cpp in Sources */ = {isa = PBXBuildFile; fileRef = 9B69BE4A16BEC4750000D537 /* Move_Base.cpp */; };
		9B69BEBB16BEC4750000D537 /* Move.cpp in Sources */ = {isa = PBXBuildFile; fileRef = 9B69BE4C16BEC4750000D537 /* Move.cpp */; };
		9B69BEBC16BEC4750000D537 /* Node_Base.cpp in Sources */ = {isa = PBXBuildFile; fileRef = 9B69BE4E16BEC4750000D537 /* Node_Base.cpp */; };
		9B69BEBD16BEC4750000D537 /* Node.cpp in Sources */ = {isa = PBXBuildFile; fileRef = 9B69BE5016BEC4750000D537 /* Node.cpp */; };
		9B69BEBE16BEC4750000D537 /* Object_Base.cpp in Sources */ = {isa = PBXBuildFile; fileRef = 9B69BE5216BEC4750000D537 /* Object_Base.cpp */; };
		9B69BEBF16BEC4750000D537 /* Object.cpp in Sources */ = {isa = PBXBuildFile; fileRef = 9B69BE5416BEC4750000D537 /* Object.cpp */; };
		9B69BEC016BEC4750000D537 /* ParticleSystem_Base.cpp in Sources */ = {isa = PBXBuildFile; fileRef = 9B69BE5616BEC4750000D537 /* ParticleSystem_Base.cpp */; };
		9B69BEC116BEC4750000D537 /* ParticleSystem.cpp in Sources */ = {isa = PBXBuildFile; fileRef = 9B69BE5816BEC4750000D537 /* ParticleSystem.cpp */; };
		9B69BEC216BEC4750000D537 /* Place_Base.cpp in Sources */ = {isa = PBXBuildFile; fileRef = 9B69BE5A16BEC4750000D537 /* Place_Base.cpp */; };
		9B69BEC316BEC4750000D537 /* Place.cpp in Sources */ = {isa = PBXBuildFile; fileRef = 9B69BE5C16BEC4750000D537 /* Place.cpp */; };
		9B69BEC416BEC4750000D537 /* RelativeAction_Base.cpp in Sources */ = {isa = PBXBuildFile; fileRef = 9B69BE5E16BEC4750000D537 /* RelativeAction_Base.cpp */; };
		9B69BEC516BEC4750000D537 /* RelativeAction.cpp in Sources */ = {isa = PBXBuildFile; fileRef = 9B69BE6016BEC4750000D537 /* RelativeAction.cpp */; };
		9B69BEC616BEC4750000D537 /* Repeat_Base.cpp in Sources */ = {isa = PBXBuildFile; fileRef = 9B69BE6216BEC4750000D537 /* Repeat_Base.cpp */; };
		9B69BEC716BEC4750000D537 /* Repeat.cpp in Sources */ = {isa = PBXBuildFile; fileRef = 9B69BE6416BEC4750000D537 /* Repeat.cpp */; };
		9B69BEC816BEC4750000D537 /* Rotate_Base.cpp in Sources */ = {isa = PBXBuildFile; fileRef = 9B69BE6616BEC4750000D537 /* Rotate_Base.cpp */; };
		9B69BEC916BEC4750000D537 /* Rotate.cpp in Sources */ = {isa = PBXBuildFile; fileRef = 9B69BE6816BEC4750000D537 /* Rotate.cpp */; };
		9B69BECA16BEC4750000D537 /* Scale_Base.cpp in Sources */ = {isa = PBXBuildFile; fileRef = 9B69BE6A16BEC4750000D537 /* Scale_Base.cpp */; };
		9B69BECB16BEC4750000D537 /* Scale.cpp in Sources */ = {isa = PBXBuildFile; fileRef = 9B69BE6C16BEC4750000D537 /* Scale.cpp */; };
		9B69BECC16BEC4750000D537 /* Scene_Base.cpp in Sources */ = {isa = PBXBuildFile; fileRef = 9B69BE6E16BEC4750000D537 /* Scene_Base.cpp */; };
		9B69BECD16BEC4750000D537 /* Scene.cpp in Sources */ = {isa = PBXBuildFile; fileRef = 9B69BE7016BEC4750000D537 /* Scene.cpp */; };
		9B69BECE16BEC4750000D537 /* SceneReference_Base.cpp in Sources */ = {isa = PBXBuildFile; fileRef = 9B69BE7216BEC4750000D537 /* SceneReference_Base.cpp */; };
		9B69BECF16BEC4750000D537 /* SceneReference.cpp in Sources */ = {isa = PBXBuildFile; fileRef = 9B69BE7416BEC4750000D537 /* SceneReference.cpp */; };
		9B69BED016BEC4750000D537 /* Script_Base.cpp in Sources */ = {isa = PBXBuildFile; fileRef = 9B69BE7616BEC4750000D537 /* Script_Base.cpp */; };
		9B69BED116BEC4750000D537 /* Script.cpp in Sources */ = {isa = PBXBuildFile; fileRef = 9B69BE7816BEC4750000D537 /* Script.cpp */; };
		9B69BED216BEC4750000D537 /* Sequence_Base.cpp in Sources */ = {isa = PBXBuildFile; fileRef = 9B69BE7A16BEC4750000D537 /* Sequence_Base.cpp */; };
		9B69BED316BEC4750000D537 /* Sequence.cpp in Sources */ = {isa = PBXBuildFile; fileRef = 9B69BE7C16BEC4750000D537 /* Sequence.cpp */; };
		9B69BED416BEC4750000D537 /* Skew_Base.cpp in Sources */ = {isa = PBXBuildFile; fileRef = 9B69BE7E16BEC4750000D537 /* Skew_Base.cpp */; };
		9B69BED516BEC4750000D537 /* Skew.cpp in Sources */ = {isa = PBXBuildFile; fileRef = 9B69BE8016BEC4750000D537 /* Skew.cpp */; };
		9B69BED616BEC4750000D537 /* Sprite_Base.cpp in Sources */ = {isa = PBXBuildFile; fileRef = 9B69BE8216BEC4750000D537 /* Sprite_Base.cpp */; };
		9B69BED716BEC4750000D537 /* Sprite.cpp in Sources */ = {isa = PBXBuildFile; fileRef = 9B69BE8416BEC4750000D537 /* Sprite.cpp */; };
		9B69BED816BEC4750000D537 /* SpriteBatch_Base.cpp in Sources */ = {isa = PBXBuildFile; fileRef = 9B69BE8616BEC4750000D537 /* SpriteBatch_Base.cpp */; };
		9B69BED916BEC4750000D537 /* SpriteBatch.cpp in Sources */ = {isa = PBXBuildFile; fileRef = 9B69BE8816BEC4750000D537 /* SpriteBatch.cpp */; };
		9B69BEDA16BEC4750000D537 /* String_Base.cpp in Sources */ = {isa = PBXBuildFile; fileRef = 9B69BE8A16BEC4750000D537 /* String_Base.cpp */; };
		9B69BEDB16BEC4750000D537 /* String.cpp in Sources */ = {isa = PBXBuildFile; fileRef = 9B69BE8C16BEC4750000D537 /* String.cpp */; };
		9B69BEDC16BEC4750000D537 /* Text_Base.cpp in Sources */ = {isa = PBXBuildFile; fileRef = 9B69BE8E16BEC4750000D537 /* Text_Base.cpp */; };
		9B69BEDD16BEC4750000D537 /* Text.cpp in Sources */ = {isa = PBXBuildFile; fileRef = 9B69BE9016BEC4750000D537 /* Text.cpp */; };
		9B69BEDE16BEC4750000D537 /* Tint_Base.cpp in Sources */ = {isa = PBXBuildFile; fileRef = 9B69BE9216BEC4750000D537 /* Tint_Base.cpp */; };
		9B69BEDF16BEC4750000D537 /* Tint.cpp in Sources */ = {isa = PBXBuildFile; fileRef = 9B69BE9416BEC4750000D537 /* Tint.cpp */; };
		9B69BEE016BEC4750000D537 /* Transition_Base.cpp in Sources */ = {isa = PBXBuildFile; fileRef = 9B69BE9616BEC4750000D537 /* Transition_Base.cpp */; };
		9B69BEE116BEC4750000D537 /* Transition.cpp in Sources */ = {isa = PBXBuildFile; fileRef = 9B69BE9816BEC4750000D537 /* Transition.cpp */; };
		9B69BEE216BEC4750000D537 /* Variable_Base.cpp in Sources */ = {isa = PBXBuildFile; fileRef = 9B69BE9A16BEC4750000D537 /* Variable_Base.cpp */; };
		9B69BEE316BEC4750000D537 /* Variable.cpp in Sources */ = {isa = PBXBuildFile; fileRef = 9B69BE9C16BEC4750000D537 /* Variable.cpp */; };
		9BD5BD3416AC70E2000CF083 /* UIKit.framework in Frameworks */ = {isa = PBXBuildFile; fileRef = 9BD5BD3316AC70E2000CF083 /* UIKit.framework */; };
		9BD5BD3616AC70E2000CF083 /* Foundation.framework in Frameworks */ = {isa = PBXBuildFile; fileRef = 9BD5BD3516AC70E2000CF083 /* Foundation.framework */; };
		9BD5BD3816AC70E2000CF083 /* CoreGraphics.framework in Frameworks */ = {isa = PBXBuildFile; fileRef = 9BD5BD3716AC70E2000CF083 /* CoreGraphics.framework */; };
		9BD5BD3E16AC70E2000CF083 /* InfoPlist.strings in Resources */ = {isa = PBXBuildFile; fileRef = 9BD5BD3C16AC70E2000CF083 /* InfoPlist.strings */; };
		9BD5BD4016AC70E2000CF083 /* main.m in Sources */ = {isa = PBXBuildFile; fileRef = 9BD5BD3F16AC70E2000CF083 /* main.m */; };
		9BD5BD4616AC70E2000CF083 /* Default.png in Resources */ = {isa = PBXBuildFile; fileRef = 9BD5BD4516AC70E2000CF083 /* Default.png */; };
		9BD5BD4816AC70E2000CF083 /* Default@2x.png in Resources */ = {isa = PBXBuildFile; fileRef = 9BD5BD4716AC70E2000CF083 /* Default@2x.png */; };
		9BD5BD4A16AC70E2000CF083 /* Default-568h@2x.png in Resources */ = {isa = PBXBuildFile; fileRef = 9BD5BD4916AC70E2000CF083 /* Default-568h@2x.png */; };
		9BD5BD5216AC70E2000CF083 /* SenTestingKit.framework in Frameworks */ = {isa = PBXBuildFile; fileRef = 9BD5BD5116AC70E2000CF083 /* SenTestingKit.framework */; };
		9BD5BD5316AC70E2000CF083 /* UIKit.framework in Frameworks */ = {isa = PBXBuildFile; fileRef = 9BD5BD3316AC70E2000CF083 /* UIKit.framework */; };
		9BD5BD5416AC70E2000CF083 /* Foundation.framework in Frameworks */ = {isa = PBXBuildFile; fileRef = 9BD5BD3516AC70E2000CF083 /* Foundation.framework */; };
		9BD5BD5C16AC70E2000CF083 /* InfoPlist.strings in Resources */ = {isa = PBXBuildFile; fileRef = 9BD5BD5A16AC70E2000CF083 /* InfoPlist.strings */; };
		9BD5BD5F16AC70E2000CF083 /* Cocos2dXMLTests.m in Sources */ = {isa = PBXBuildFile; fileRef = 9BD5BD5E16AC70E2000CF083 /* Cocos2dXMLTests.m */; };
		9BD6D2E416AC894400FD95B8 /* AppDelegate.mm in Sources */ = {isa = PBXBuildFile; fileRef = 9BD6D2E116AC894400FD95B8 /* AppDelegate.mm */; };
		9BD6D2E516AC894400FD95B8 /* AppDelegate.mm in Sources */ = {isa = PBXBuildFile; fileRef = 9BD6D2E116AC894400FD95B8 /* AppDelegate.mm */; };
		9BD6D2E616AC894400FD95B8 /* RootViewController.mm in Sources */ = {isa = PBXBuildFile; fileRef = 9BD6D2E316AC894400FD95B8 /* RootViewController.mm */; };
		9BD6D2E716AC894400FD95B8 /* RootViewController.mm in Sources */ = {isa = PBXBuildFile; fileRef = 9BD6D2E316AC894400FD95B8 /* RootViewController.mm */; };
		9BD6D2ED16AC8C6E00FD95B8 /* CocosAppDelegate.cpp in Sources */ = {isa = PBXBuildFile; fileRef = 9BD6D2E816AC8C6E00FD95B8 /* CocosAppDelegate.cpp */; };
		9BD6D2EE16AC8C6E00FD95B8 /* CocosAppDelegate.cpp in Sources */ = {isa = PBXBuildFile; fileRef = 9BD6D2E816AC8C6E00FD95B8 /* CocosAppDelegate.cpp */; };
		A2D664C416BD797000B88522 /* libNoPLRuntime.a in Frameworks */ = {isa = PBXBuildFile; fileRef = A2D664C116BD782300B88522 /* libNoPLRuntime.a */; };
		A2D664CD16C0CD7700B88522 /* hero.png in Resources */ = {isa = PBXBuildFile; fileRef = A2D664CB16C0CD7700B88522 /* hero.png */; };
		A2D664CE16C0CD7700B88522 /* platform.png in Resources */ = {isa = PBXBuildFile; fileRef = A2D664CC16C0CD7700B88522 /* platform.png */; };
		A2D664D116C0D36200B88522 /* setup.noplb in Resources */ = {isa = PBXBuildFile; fileRef = A2D664CF16C0D36200B88522 /* setup.noplb */; };
		A2D664D216C0D36200B88522 /* update.noplb in Resources */ = {isa = PBXBuildFile; fileRef = A2D664D016C0D36200B88522 /* update.noplb */; };
/* End PBXBuildFile section */

/* Begin PBXContainerItemProxy section */
		9B2D714A16AC71E5001F2C91 /* PBXContainerItemProxy */ = {
			isa = PBXContainerItemProxy;
			containerPortal = 9B9464CC16AC714E00B42B6B /* cocos2dx.xcodeproj */;
			proxyType = 1;
			remoteGlobalIDString = 1551A33E158F2AB200E66CFE;
			remoteInfo = cocos2dx;
		};
		9B84F86816BDF24E00F34DF1 /* PBXContainerItemProxy */ = {
			isa = PBXContainerItemProxy;
			containerPortal = A2D664B916BD782300B88522 /* NoPL_Runtime.xcodeproj */;
			proxyType = 2;
			remoteGlobalIDString = 9B84F86516BDF21E00F34DF1;
			remoteInfo = "NoPLRuntime(arm)";
		};
		9B84F86A16BDF25200F34DF1 /* PBXContainerItemProxy */ = {
			isa = PBXContainerItemProxy;
			containerPortal = A2D664B916BD782300B88522 /* NoPL_Runtime.xcodeproj */;
			proxyType = 1;
			remoteGlobalIDString = 9B84F85916BDF21E00F34DF1;
			remoteInfo = "NoPLRuntime(arm)";
		};
		9B9464D016AC714E00B42B6B /* PBXContainerItemProxy */ = {
			isa = PBXContainerItemProxy;
			containerPortal = 9B9464CC16AC714E00B42B6B /* cocos2dx.xcodeproj */;
			proxyType = 2;
			remoteGlobalIDString = 1551A33F158F2AB200E66CFE;
			remoteInfo = cocos2dx;
		};
		9BD5BD5516AC70E2000CF083 /* PBXContainerItemProxy */ = {
			isa = PBXContainerItemProxy;
			containerPortal = 9BD5BD2616AC70E2000CF083 /* Project object */;
			proxyType = 1;
			remoteGlobalIDString = 9BD5BD2E16AC70E2000CF083;
			remoteInfo = Cocos2dXML;
		};
		A2D664BE16BD782300B88522 /* PBXContainerItemProxy */ = {
			isa = PBXContainerItemProxy;
			containerPortal = A2D664B916BD782300B88522 /* NoPL_Runtime.xcodeproj */;
			proxyType = 2;
			remoteGlobalIDString = A261C28E15C0E845008AE0C4;
			remoteInfo = NoPL_Runtime_testing;
		};
		A2D664C016BD782300B88522 /* PBXContainerItemProxy */ = {
			isa = PBXContainerItemProxy;
			containerPortal = A2D664B916BD782300B88522 /* NoPL_Runtime.xcodeproj */;
			proxyType = 2;
			remoteGlobalIDString = A24F59E6163098DB00FC9181;
			remoteInfo = NoPLRuntime;
		};
/* End PBXContainerItemProxy section */

/* Begin PBXFileReference section */
		9B105B2816B5C6AC005453A6 /* main.xml */ = {isa = PBXFileReference; fileEncoding = 4; lastKnownFileType = text.xml; path = main.xml; sourceTree = "<group>"; };
		9B105B2916B5C6AC005453A6 /* testScene.xml */ = {isa = PBXFileReference; fileEncoding = 4; lastKnownFileType = text.xml; path = testScene.xml; sourceTree = "<group>"; };
		9B2D715216AC7346001F2C91 /* libz.dylib */ = {isa = PBXFileReference; lastKnownFileType = "compiled.mach-o.dylib"; name = libz.dylib; path = usr/lib/libz.dylib; sourceTree = SDKROOT; };
		9B2D715416AC734C001F2C91 /* libxml2.dylib */ = {isa = PBXFileReference; lastKnownFileType = "compiled.mach-o.dylib"; name = libxml2.dylib; path = usr/lib/libxml2.dylib; sourceTree = SDKROOT; };
		9B2D715616AC73B0001F2C91 /* QuartzCore.framework */ = {isa = PBXFileReference; lastKnownFileType = wrapper.framework; name = QuartzCore.framework; path = System/Library/Frameworks/QuartzCore.framework; sourceTree = SDKROOT; };
		9B2D715816AC73B5001F2C91 /* OpenGLES.framework */ = {isa = PBXFileReference; lastKnownFileType = wrapper.framework; name = OpenGLES.framework; path = System/Library/Frameworks/OpenGLES.framework; sourceTree = SDKROOT; };
		9B50A42E16C209340024138D /* Cocos2dXMLTouchDelegate.cpp */ = {isa = PBXFileReference; fileEncoding = 4; lastKnownFileType = sourcecode.cpp.cpp; path = Cocos2dXMLTouchDelegate.cpp; sourceTree = "<group>"; };
		9B50A42F16C209340024138D /* Cocos2dXMLTouchDelegate.h */ = {isa = PBXFileReference; fileEncoding = 4; lastKnownFileType = sourcecode.c.h; path = Cocos2dXMLTouchDelegate.h; sourceTree = "<group>"; };
		9B50A43416C21F060024138D /* touchDown.noplb */ = {isa = PBXFileReference; lastKnownFileType = file; path = touchDown.noplb; sourceTree = "<group>"; };
		9B50A43516C21F060024138D /* touchMove.noplb */ = {isa = PBXFileReference; lastKnownFileType = file; path = touchMove.noplb; sourceTree = "<group>"; };
		9B50A43616C21F070024138D /* touchUp.noplb */ = {isa = PBXFileReference; lastKnownFileType = file; path = touchUp.noplb; sourceTree = "<group>"; };
		9B69BE1116BEC4750000D537 /* Action_Base.cpp */ = {isa = PBXFileReference; fileEncoding = 4; lastKnownFileType = sourcecode.cpp.cpp; path = Action_Base.cpp; sourceTree = "<group>"; };
		9B69BE1216BEC4750000D537 /* Action_Base.h */ = {isa = PBXFileReference; fileEncoding = 4; lastKnownFileType = sourcecode.c.h; path = Action_Base.h; sourceTree = "<group>"; };
		9B69BE1316BEC4750000D537 /* Action.cpp */ = {isa = PBXFileReference; fileEncoding = 4; lastKnownFileType = sourcecode.cpp.cpp; path = Action.cpp; sourceTree = "<group>"; };
		9B69BE1416BEC4750000D537 /* Action.h */ = {isa = PBXFileReference; fileEncoding = 4; lastKnownFileType = sourcecode.c.h; path = Action.h; sourceTree = "<group>"; };
		9B69BE1516BEC4750000D537 /* Animation_Base.cpp */ = {isa = PBXFileReference; fileEncoding = 4; lastKnownFileType = sourcecode.cpp.cpp; path = Animation_Base.cpp; sourceTree = "<group>"; };
		9B69BE1616BEC4750000D537 /* Animation_Base.h */ = {isa = PBXFileReference; fileEncoding = 4; lastKnownFileType = sourcecode.c.h; path = Animation_Base.h; sourceTree = "<group>"; };
		9B69BE1716BEC4750000D537 /* Animation.cpp */ = {isa = PBXFileReference; fileEncoding = 4; lastKnownFileType = sourcecode.cpp.cpp; path = Animation.cpp; sourceTree = "<group>"; };
		9B69BE1816BEC4750000D537 /* Animation.h */ = {isa = PBXFileReference; fileEncoding = 4; lastKnownFileType = sourcecode.c.h; path = Animation.h; sourceTree = "<group>"; };
		9B69BE1916BEC4750000D537 /* BaseObject_Base.cpp */ = {isa = PBXFileReference; fileEncoding = 4; lastKnownFileType = sourcecode.cpp.cpp; path = BaseObject_Base.cpp; sourceTree = "<group>"; };
		9B69BE1A16BEC4750000D537 /* BaseObject_Base.h */ = {isa = PBXFileReference; fileEncoding = 4; lastKnownFileType = sourcecode.c.h; path = BaseObject_Base.h; sourceTree = "<group>"; };
		9B69BE1B16BEC4750000D537 /* BaseObject.cpp */ = {isa = PBXFileReference; fileEncoding = 4; lastKnownFileType = sourcecode.cpp.cpp; path = BaseObject.cpp; sourceTree = "<group>"; };
		9B69BE1C16BEC4750000D537 /* BaseObject.h */ = {isa = PBXFileReference; fileEncoding = 4; lastKnownFileType = sourcecode.c.h; path = BaseObject.h; sourceTree = "<group>"; };
		9B69BE1D16BEC4750000D537 /* BatchedSprite_Base.cpp */ = {isa = PBXFileReference; fileEncoding = 4; lastKnownFileType = sourcecode.cpp.cpp; path = BatchedSprite_Base.cpp; sourceTree = "<group>"; };
		9B69BE1E16BEC4750000D537 /* BatchedSprite_Base.h */ = {isa = PBXFileReference; fileEncoding = 4; lastKnownFileType = sourcecode.c.h; path = BatchedSprite_Base.h; sourceTree = "<group>"; };
		9B69BE1F16BEC4750000D537 /* BatchedSprite.cpp */ = {isa = PBXFileReference; fileEncoding = 4; lastKnownFileType = sourcecode.cpp.cpp; path = BatchedSprite.cpp; sourceTree = "<group>"; };
		9B69BE2016BEC4750000D537 /* BatchedSprite.h */ = {isa = PBXFileReference; fileEncoding = 4; lastKnownFileType = sourcecode.c.h; path = BatchedSprite.h; sourceTree = "<group>"; };
		9B69BE2116BEC4750000D537 /* Bool_Base.cpp */ = {isa = PBXFileReference; fileEncoding = 4; lastKnownFileType = sourcecode.cpp.cpp; path = Bool_Base.cpp; sourceTree = "<group>"; };
		9B69BE2216BEC4750000D537 /* Bool_Base.h */ = {isa = PBXFileReference; fileEncoding = 4; lastKnownFileType = sourcecode.c.h; path = Bool_Base.h; sourceTree = "<group>"; };
		9B69BE2316BEC4750000D537 /* Bool.cpp */ = {isa = PBXFileReference; fileEncoding = 4; lastKnownFileType = sourcecode.cpp.cpp; path = Bool.cpp; sourceTree = "<group>"; };
		9B69BE2416BEC4750000D537 /* Bool.h */ = {isa = PBXFileReference; fileEncoding = 4; lastKnownFileType = sourcecode.c.h; path = Bool.h; sourceTree = "<group>"; };
		9B69BE2516BEC4750000D537 /* ClippingNode_Base.cpp */ = {isa = PBXFileReference; fileEncoding = 4; lastKnownFileType = sourcecode.cpp.cpp; path = ClippingNode_Base.cpp; sourceTree = "<group>"; };
		9B69BE2616BEC4750000D537 /* ClippingNode_Base.h */ = {isa = PBXFileReference; fileEncoding = 4; lastKnownFileType = sourcecode.c.h; path = ClippingNode_Base.h; sourceTree = "<group>"; };
		9B69BE2716BEC4750000D537 /* ClippingNode.cpp */ = {isa = PBXFileReference; fileEncoding = 4; lastKnownFileType = sourcecode.cpp.cpp; path = ClippingNode.cpp; sourceTree = "<group>"; };
		9B69BE2816BEC4750000D537 /* ClippingNode.h */ = {isa = PBXFileReference; fileEncoding = 4; lastKnownFileType = sourcecode.c.h; path = ClippingNode.h; sourceTree = "<group>"; };
		9B69BE2916BEC4750000D537 /* Cocos2dXML_enums.cpp */ = {isa = PBXFileReference; fileEncoding = 4; lastKnownFileType = sourcecode.cpp.cpp; path = Cocos2dXML_enums.cpp; sourceTree = "<group>"; };
		9B69BE2A16BEC4750000D537 /* Cocos2dXML_enums.h */ = {isa = PBXFileReference; fileEncoding = 4; lastKnownFileType = sourcecode.c.h; path = Cocos2dXML_enums.h; sourceTree = "<group>"; };
		9B69BE2B16BEC4750000D537 /* Cocos2dXML_typedefs.cpp */ = {isa = PBXFileReference; fileEncoding = 4; lastKnownFileType = sourcecode.cpp.cpp; path = Cocos2dXML_typedefs.cpp; sourceTree = "<group>"; };
		9B69BE2C16BEC4750000D537 /* Cocos2dXML_typedefs.h */ = {isa = PBXFileReference; fileEncoding = 4; lastKnownFileType = sourcecode.c.h; path = Cocos2dXML_typedefs.h; sourceTree = "<group>"; };
		9B69BE2D16BEC4750000D537 /* Cocos2dXML.h */ = {isa = PBXFileReference; fileEncoding = 4; lastKnownFileType = sourcecode.c.h; path = Cocos2dXML.h; sourceTree = "<group>"; };
		9B69BE2E16BEC4750000D537 /* Delay_Base.cpp */ = {isa = PBXFileReference; fileEncoding = 4; lastKnownFileType = sourcecode.cpp.cpp; path = Delay_Base.cpp; sourceTree = "<group>"; };
		9B69BE2F16BEC4750000D537 /* Delay_Base.h */ = {isa = PBXFileReference; fileEncoding = 4; lastKnownFileType = sourcecode.c.h; path = Delay_Base.h; sourceTree = "<group>"; };
		9B69BE3016BEC4750000D537 /* Delay.cpp */ = {isa = PBXFileReference; fileEncoding = 4; lastKnownFileType = sourcecode.cpp.cpp; path = Delay.cpp; sourceTree = "<group>"; };
		9B69BE3116BEC4750000D537 /* Delay.h */ = {isa = PBXFileReference; fileEncoding = 4; lastKnownFileType = sourcecode.c.h; path = Delay.h; sourceTree = "<group>"; };
		9B69BE3216BEC4750000D537 /* Director_Base.cpp */ = {isa = PBXFileReference; fileEncoding = 4; lastKnownFileType = sourcecode.cpp.cpp; path = Director_Base.cpp; sourceTree = "<group>"; };
		9B69BE3316BEC4750000D537 /* Director_Base.h */ = {isa = PBXFileReference; fileEncoding = 4; lastKnownFileType = sourcecode.c.h; path = Director_Base.h; sourceTree = "<group>"; };
		9B69BE3416BEC4750000D537 /* Director.cpp */ = {isa = PBXFileReference; fileEncoding = 4; lastKnownFileType = sourcecode.cpp.cpp; path = Director.cpp; sourceTree = "<group>"; };
		9B69BE3516BEC4750000D537 /* Director.h */ = {isa = PBXFileReference; fileEncoding = 4; lastKnownFileType = sourcecode.c.h; path = Director.h; sourceTree = "<group>"; };
		9B69BE3616BEC4750000D537 /* Ease_Base.cpp */ = {isa = PBXFileReference; fileEncoding = 4; lastKnownFileType = sourcecode.cpp.cpp; path = Ease_Base.cpp; sourceTree = "<group>"; };
		9B69BE3716BEC4750000D537 /* Ease_Base.h */ = {isa = PBXFileReference; fileEncoding = 4; lastKnownFileType = sourcecode.c.h; path = Ease_Base.h; sourceTree = "<group>"; };
		9B69BE3816BEC4750000D537 /* Ease.cpp */ = {isa = PBXFileReference; fileEncoding = 4; lastKnownFileType = sourcecode.cpp.cpp; path = Ease.cpp; sourceTree = "<group>"; };
		9B69BE3916BEC4750000D537 /* Ease.h */ = {isa = PBXFileReference; fileEncoding = 4; lastKnownFileType = sourcecode.c.h; path = Ease.h; sourceTree = "<group>"; };
		9B69BE3A16BEC4750000D537 /* Fade_Base.cpp */ = {isa = PBXFileReference; fileEncoding = 4; lastKnownFileType = sourcecode.cpp.cpp; path = Fade_Base.cpp; sourceTree = "<group>"; };
		9B69BE3B16BEC4750000D537 /* Fade_Base.h */ = {isa = PBXFileReference; fileEncoding = 4; lastKnownFileType = sourcecode.c.h; path = Fade_Base.h; sourceTree = "<group>"; };
		9B69BE3C16BEC4750000D537 /* Fade.cpp */ = {isa = PBXFileReference; fileEncoding = 4; lastKnownFileType = sourcecode.cpp.cpp; path = Fade.cpp; sourceTree = "<group>"; };
		9B69BE3D16BEC4750000D537 /* Fade.h */ = {isa = PBXFileReference; fileEncoding = 4; lastKnownFileType = sourcecode.c.h; path = Fade.h; sourceTree = "<group>"; };
		9B69BE3E16BEC4750000D537 /* FiniteAction_Base.cpp */ = {isa = PBXFileReference; fileEncoding = 4; lastKnownFileType = sourcecode.cpp.cpp; path = FiniteAction_Base.cpp; sourceTree = "<group>"; };
		9B69BE3F16BEC4750000D537 /* FiniteAction_Base.h */ = {isa = PBXFileReference; fileEncoding = 4; lastKnownFileType = sourcecode.c.h; path = FiniteAction_Base.h; sourceTree = "<group>"; };
		9B69BE4016BEC4750000D537 /* FiniteAction.cpp */ = {isa = PBXFileReference; fileEncoding = 4; lastKnownFileType = sourcecode.cpp.cpp; path = FiniteAction.cpp; sourceTree = "<group>"; };
		9B69BE4116BEC4750000D537 /* FiniteAction.h */ = {isa = PBXFileReference; fileEncoding = 4; lastKnownFileType = sourcecode.c.h; path = FiniteAction.h; sourceTree = "<group>"; };
		9B69BE4216BEC4750000D537 /* Float_Base.cpp */ = {isa = PBXFileReference; fileEncoding = 4; lastKnownFileType = sourcecode.cpp.cpp; path = Float_Base.cpp; sourceTree = "<group>"; };
		9B69BE4316BEC4750000D537 /* Float_Base.h */ = {isa = PBXFileReference; fileEncoding = 4; lastKnownFileType = sourcecode.c.h; path = Float_Base.h; sourceTree = "<group>"; };
		9B69BE4416BEC4750000D537 /* Float.cpp */ = {isa = PBXFileReference; fileEncoding = 4; lastKnownFileType = sourcecode.cpp.cpp; path = Float.cpp; sourceTree = "<group>"; };
		9B69BE4516BEC4750000D537 /* Float.h */ = {isa = PBXFileReference; fileEncoding = 4; lastKnownFileType = sourcecode.c.h; path = Float.h; sourceTree = "<group>"; };
		9B69BE4616BEC4750000D537 /* List_Base.cpp */ = {isa = PBXFileReference; fileEncoding = 4; lastKnownFileType = sourcecode.cpp.cpp; path = List_Base.cpp; sourceTree = "<group>"; };
		9B69BE4716BEC4750000D537 /* List_Base.h */ = {isa = PBXFileReference; fileEncoding = 4; lastKnownFileType = sourcecode.c.h; path = List_Base.h; sourceTree = "<group>"; };
		9B69BE4816BEC4750000D537 /* List.cpp */ = {isa = PBXFileReference; fileEncoding = 4; lastKnownFileType = sourcecode.cpp.cpp; path = List.cpp; sourceTree = "<group>"; };
		9B69BE4916BEC4750000D537 /* List.h */ = {isa = PBXFileReference; fileEncoding = 4; lastKnownFileType = sourcecode.c.h; path = List.h; sourceTree = "<group>"; };
		9B69BE4A16BEC4750000D537 /* Move_Base.cpp */ = {isa = PBXFileReference; fileEncoding = 4; lastKnownFileType = sourcecode.cpp.cpp; path = Move_Base.cpp; sourceTree = "<group>"; };
		9B69BE4B16BEC4750000D537 /* Move_Base.h */ = {isa = PBXFileReference; fileEncoding = 4; lastKnownFileType = sourcecode.c.h; path = Move_Base.h; sourceTree = "<group>"; };
		9B69BE4C16BEC4750000D537 /* Move.cpp */ = {isa = PBXFileReference; fileEncoding = 4; lastKnownFileType = sourcecode.cpp.cpp; path = Move.cpp; sourceTree = "<group>"; };
		9B69BE4D16BEC4750000D537 /* Move.h */ = {isa = PBXFileReference; fileEncoding = 4; lastKnownFileType = sourcecode.c.h; path = Move.h; sourceTree = "<group>"; };
		9B69BE4E16BEC4750000D537 /* Node_Base.cpp */ = {isa = PBXFileReference; fileEncoding = 4; lastKnownFileType = sourcecode.cpp.cpp; path = Node_Base.cpp; sourceTree = "<group>"; };
		9B69BE4F16BEC4750000D537 /* Node_Base.h */ = {isa = PBXFileReference; fileEncoding = 4; lastKnownFileType = sourcecode.c.h; path = Node_Base.h; sourceTree = "<group>"; };
		9B69BE5016BEC4750000D537 /* Node.cpp */ = {isa = PBXFileReference; fileEncoding = 4; lastKnownFileType = sourcecode.cpp.cpp; path = Node.cpp; sourceTree = "<group>"; };
		9B69BE5116BEC4750000D537 /* Node.h */ = {isa = PBXFileReference; fileEncoding = 4; lastKnownFileType = sourcecode.c.h; path = Node.h; sourceTree = "<group>"; };
		9B69BE5216BEC4750000D537 /* Object_Base.cpp */ = {isa = PBXFileReference; fileEncoding = 4; lastKnownFileType = sourcecode.cpp.cpp; path = Object_Base.cpp; sourceTree = "<group>"; };
		9B69BE5316BEC4750000D537 /* Object_Base.h */ = {isa = PBXFileReference; fileEncoding = 4; lastKnownFileType = sourcecode.c.h; path = Object_Base.h; sourceTree = "<group>"; };
		9B69BE5416BEC4750000D537 /* Object.cpp */ = {isa = PBXFileReference; fileEncoding = 4; lastKnownFileType = sourcecode.cpp.cpp; path = Object.cpp; sourceTree = "<group>"; };
		9B69BE5516BEC4750000D537 /* Object.h */ = {isa = PBXFileReference; fileEncoding = 4; lastKnownFileType = sourcecode.c.h; path = Object.h; sourceTree = "<group>"; };
		9B69BE5616BEC4750000D537 /* ParticleSystem_Base.cpp */ = {isa = PBXFileReference; fileEncoding = 4; lastKnownFileType = sourcecode.cpp.cpp; path = ParticleSystem_Base.cpp; sourceTree = "<group>"; };
		9B69BE5716BEC4750000D537 /* ParticleSystem_Base.h */ = {isa = PBXFileReference; fileEncoding = 4; lastKnownFileType = sourcecode.c.h; path = ParticleSystem_Base.h; sourceTree = "<group>"; };
		9B69BE5816BEC4750000D537 /* ParticleSystem.cpp */ = {isa = PBXFileReference; fileEncoding = 4; lastKnownFileType = sourcecode.cpp.cpp; path = ParticleSystem.cpp; sourceTree = "<group>"; };
		9B69BE5916BEC4750000D537 /* ParticleSystem.h */ = {isa = PBXFileReference; fileEncoding = 4; lastKnownFileType = sourcecode.c.h; path = ParticleSystem.h; sourceTree = "<group>"; };
		9B69BE5A16BEC4750000D537 /* Place_Base.cpp */ = {isa = PBXFileReference; fileEncoding = 4; lastKnownFileType = sourcecode.cpp.cpp; path = Place_Base.cpp; sourceTree = "<group>"; };
		9B69BE5B16BEC4750000D537 /* Place_Base.h */ = {isa = PBXFileReference; fileEncoding = 4; lastKnownFileType = sourcecode.c.h; path = Place_Base.h; sourceTree = "<group>"; };
		9B69BE5C16BEC4750000D537 /* Place.cpp */ = {isa = PBXFileReference; fileEncoding = 4; lastKnownFileType = sourcecode.cpp.cpp; path = Place.cpp; sourceTree = "<group>"; };
		9B69BE5D16BEC4750000D537 /* Place.h */ = {isa = PBXFileReference; fileEncoding = 4; lastKnownFileType = sourcecode.c.h; path = Place.h; sourceTree = "<group>"; };
		9B69BE5E16BEC4750000D537 /* RelativeAction_Base.cpp */ = {isa = PBXFileReference; fileEncoding = 4; lastKnownFileType = sourcecode.cpp.cpp; path = RelativeAction_Base.cpp; sourceTree = "<group>"; };
		9B69BE5F16BEC4750000D537 /* RelativeAction_Base.h */ = {isa = PBXFileReference; fileEncoding = 4; lastKnownFileType = sourcecode.c.h; path = RelativeAction_Base.h; sourceTree = "<group>"; };
		9B69BE6016BEC4750000D537 /* RelativeAction.cpp */ = {isa = PBXFileReference; fileEncoding = 4; lastKnownFileType = sourcecode.cpp.cpp; path = RelativeAction.cpp; sourceTree = "<group>"; };
		9B69BE6116BEC4750000D537 /* RelativeAction.h */ = {isa = PBXFileReference; fileEncoding = 4; lastKnownFileType = sourcecode.c.h; path = RelativeAction.h; sourceTree = "<group>"; };
		9B69BE6216BEC4750000D537 /* Repeat_Base.cpp */ = {isa = PBXFileReference; fileEncoding = 4; lastKnownFileType = sourcecode.cpp.cpp; path = Repeat_Base.cpp; sourceTree = "<group>"; };
		9B69BE6316BEC4750000D537 /* Repeat_Base.h */ = {isa = PBXFileReference; fileEncoding = 4; lastKnownFileType = sourcecode.c.h; path = Repeat_Base.h; sourceTree = "<group>"; };
		9B69BE6416BEC4750000D537 /* Repeat.cpp */ = {isa = PBXFileReference; fileEncoding = 4; lastKnownFileType = sourcecode.cpp.cpp; path = Repeat.cpp; sourceTree = "<group>"; };
		9B69BE6516BEC4750000D537 /* Repeat.h */ = {isa = PBXFileReference; fileEncoding = 4; lastKnownFileType = sourcecode.c.h; path = Repeat.h; sourceTree = "<group>"; };
		9B69BE6616BEC4750000D537 /* Rotate_Base.cpp */ = {isa = PBXFileReference; fileEncoding = 4; lastKnownFileType = sourcecode.cpp.cpp; path = Rotate_Base.cpp; sourceTree = "<group>"; };
		9B69BE6716BEC4750000D537 /* Rotate_Base.h */ = {isa = PBXFileReference; fileEncoding = 4; lastKnownFileType = sourcecode.c.h; path = Rotate_Base.h; sourceTree = "<group>"; };
		9B69BE6816BEC4750000D537 /* Rotate.cpp */ = {isa = PBXFileReference; fileEncoding = 4; lastKnownFileType = sourcecode.cpp.cpp; path = Rotate.cpp; sourceTree = "<group>"; };
		9B69BE6916BEC4750000D537 /* Rotate.h */ = {isa = PBXFileReference; fileEncoding = 4; lastKnownFileType = sourcecode.c.h; path = Rotate.h; sourceTree = "<group>"; };
		9B69BE6A16BEC4750000D537 /* Scale_Base.cpp */ = {isa = PBXFileReference; fileEncoding = 4; lastKnownFileType = sourcecode.cpp.cpp; path = Scale_Base.cpp; sourceTree = "<group>"; };
		9B69BE6B16BEC4750000D537 /* Scale_Base.h */ = {isa = PBXFileReference; fileEncoding = 4; lastKnownFileType = sourcecode.c.h; path = Scale_Base.h; sourceTree = "<group>"; };
		9B69BE6C16BEC4750000D537 /* Scale.cpp */ = {isa = PBXFileReference; fileEncoding = 4; lastKnownFileType = sourcecode.cpp.cpp; path = Scale.cpp; sourceTree = "<group>"; };
		9B69BE6D16BEC4750000D537 /* Scale.h */ = {isa = PBXFileReference; fileEncoding = 4; lastKnownFileType = sourcecode.c.h; path = Scale.h; sourceTree = "<group>"; };
		9B69BE6E16BEC4750000D537 /* Scene_Base.cpp */ = {isa = PBXFileReference; fileEncoding = 4; lastKnownFileType = sourcecode.cpp.cpp; path = Scene_Base.cpp; sourceTree = "<group>"; };
		9B69BE6F16BEC4750000D537 /* Scene_Base.h */ = {isa = PBXFileReference; fileEncoding = 4; lastKnownFileType = sourcecode.c.h; path = Scene_Base.h; sourceTree = "<group>"; };
		9B69BE7016BEC4750000D537 /* Scene.cpp */ = {isa = PBXFileReference; fileEncoding = 4; lastKnownFileType = sourcecode.cpp.cpp; path = Scene.cpp; sourceTree = "<group>"; };
		9B69BE7116BEC4750000D537 /* Scene.h */ = {isa = PBXFileReference; fileEncoding = 4; lastKnownFileType = sourcecode.c.h; path = Scene.h; sourceTree = "<group>"; };
		9B69BE7216BEC4750000D537 /* SceneReference_Base.cpp */ = {isa = PBXFileReference; fileEncoding = 4; lastKnownFileType = sourcecode.cpp.cpp; path = SceneReference_Base.cpp; sourceTree = "<group>"; };
		9B69BE7316BEC4750000D537 /* SceneReference_Base.h */ = {isa = PBXFileReference; fileEncoding = 4; lastKnownFileType = sourcecode.c.h; path = SceneReference_Base.h; sourceTree = "<group>"; };
		9B69BE7416BEC4750000D537 /* SceneReference.cpp */ = {isa = PBXFileReference; fileEncoding = 4; lastKnownFileType = sourcecode.cpp.cpp; path = SceneReference.cpp; sourceTree = "<group>"; };
		9B69BE7516BEC4750000D537 /* SceneReference.h */ = {isa = PBXFileReference; fileEncoding = 4; lastKnownFileType = sourcecode.c.h; path = SceneReference.h; sourceTree = "<group>"; };
		9B69BE7616BEC4750000D537 /* Script_Base.cpp */ = {isa = PBXFileReference; fileEncoding = 4; lastKnownFileType = sourcecode.cpp.cpp; path = Script_Base.cpp; sourceTree = "<group>"; };
		9B69BE7716BEC4750000D537 /* Script_Base.h */ = {isa = PBXFileReference; fileEncoding = 4; lastKnownFileType = sourcecode.c.h; path = Script_Base.h; sourceTree = "<group>"; };
		9B69BE7816BEC4750000D537 /* Script.cpp */ = {isa = PBXFileReference; fileEncoding = 4; lastKnownFileType = sourcecode.cpp.cpp; path = Script.cpp; sourceTree = "<group>"; };
		9B69BE7916BEC4750000D537 /* Script.h */ = {isa = PBXFileReference; fileEncoding = 4; lastKnownFileType = sourcecode.c.h; path = Script.h; sourceTree = "<group>"; };
		9B69BE7A16BEC4750000D537 /* Sequence_Base.cpp */ = {isa = PBXFileReference; fileEncoding = 4; lastKnownFileType = sourcecode.cpp.cpp; path = Sequence_Base.cpp; sourceTree = "<group>"; };
		9B69BE7B16BEC4750000D537 /* Sequence_Base.h */ = {isa = PBXFileReference; fileEncoding = 4; lastKnownFileType = sourcecode.c.h; path = Sequence_Base.h; sourceTree = "<group>"; };
		9B69BE7C16BEC4750000D537 /* Sequence.cpp */ = {isa = PBXFileReference; fileEncoding = 4; lastKnownFileType = sourcecode.cpp.cpp; path = Sequence.cpp; sourceTree = "<group>"; };
		9B69BE7D16BEC4750000D537 /* Sequence.h */ = {isa = PBXFileReference; fileEncoding = 4; lastKnownFileType = sourcecode.c.h; path = Sequence.h; sourceTree = "<group>"; };
		9B69BE7E16BEC4750000D537 /* Skew_Base.cpp */ = {isa = PBXFileReference; fileEncoding = 4; lastKnownFileType = sourcecode.cpp.cpp; path = Skew_Base.cpp; sourceTree = "<group>"; };
		9B69BE7F16BEC4750000D537 /* Skew_Base.h */ = {isa = PBXFileReference; fileEncoding = 4; lastKnownFileType = sourcecode.c.h; path = Skew_Base.h; sourceTree = "<group>"; };
		9B69BE8016BEC4750000D537 /* Skew.cpp */ = {isa = PBXFileReference; fileEncoding = 4; lastKnownFileType = sourcecode.cpp.cpp; path = Skew.cpp; sourceTree = "<group>"; };
		9B69BE8116BEC4750000D537 /* Skew.h */ = {isa = PBXFileReference; fileEncoding = 4; lastKnownFileType = sourcecode.c.h; path = Skew.h; sourceTree = "<group>"; };
		9B69BE8216BEC4750000D537 /* Sprite_Base.cpp */ = {isa = PBXFileReference; fileEncoding = 4; lastKnownFileType = sourcecode.cpp.cpp; path = Sprite_Base.cpp; sourceTree = "<group>"; };
		9B69BE8316BEC4750000D537 /* Sprite_Base.h */ = {isa = PBXFileReference; fileEncoding = 4; lastKnownFileType = sourcecode.c.h; path = Sprite_Base.h; sourceTree = "<group>"; };
		9B69BE8416BEC4750000D537 /* Sprite.cpp */ = {isa = PBXFileReference; fileEncoding = 4; lastKnownFileType = sourcecode.cpp.cpp; path = Sprite.cpp; sourceTree = "<group>"; };
		9B69BE8516BEC4750000D537 /* Sprite.h */ = {isa = PBXFileReference; fileEncoding = 4; lastKnownFileType = sourcecode.c.h; path = Sprite.h; sourceTree = "<group>"; };
		9B69BE8616BEC4750000D537 /* SpriteBatch_Base.cpp */ = {isa = PBXFileReference; fileEncoding = 4; lastKnownFileType = sourcecode.cpp.cpp; path = SpriteBatch_Base.cpp; sourceTree = "<group>"; };
		9B69BE8716BEC4750000D537 /* SpriteBatch_Base.h */ = {isa = PBXFileReference; fileEncoding = 4; lastKnownFileType = sourcecode.c.h; path = SpriteBatch_Base.h; sourceTree = "<group>"; };
		9B69BE8816BEC4750000D537 /* SpriteBatch.cpp */ = {isa = PBXFileReference; fileEncoding = 4; lastKnownFileType = sourcecode.cpp.cpp; path = SpriteBatch.cpp; sourceTree = "<group>"; };
		9B69BE8916BEC4750000D537 /* SpriteBatch.h */ = {isa = PBXFileReference; fileEncoding = 4; lastKnownFileType = sourcecode.c.h; path = SpriteBatch.h; sourceTree = "<group>"; };
		9B69BE8A16BEC4750000D537 /* String_Base.cpp */ = {isa = PBXFileReference; fileEncoding = 4; lastKnownFileType = sourcecode.cpp.cpp; path = String_Base.cpp; sourceTree = "<group>"; };
		9B69BE8B16BEC4750000D537 /* String_Base.h */ = {isa = PBXFileReference; fileEncoding = 4; lastKnownFileType = sourcecode.c.h; path = String_Base.h; sourceTree = "<group>"; };
		9B69BE8C16BEC4750000D537 /* String.cpp */ = {isa = PBXFileReference; fileEncoding = 4; lastKnownFileType = sourcecode.cpp.cpp; path = String.cpp; sourceTree = "<group>"; };
		9B69BE8D16BEC4750000D537 /* String.h */ = {isa = PBXFileReference; fileEncoding = 4; lastKnownFileType = sourcecode.c.h; path = String.h; sourceTree = "<group>"; };
		9B69BE8E16BEC4750000D537 /* Text_Base.cpp */ = {isa = PBXFileReference; fileEncoding = 4; lastKnownFileType = sourcecode.cpp.cpp; path = Text_Base.cpp; sourceTree = "<group>"; };
		9B69BE8F16BEC4750000D537 /* Text_Base.h */ = {isa = PBXFileReference; fileEncoding = 4; lastKnownFileType = sourcecode.c.h; path = Text_Base.h; sourceTree = "<group>"; };
		9B69BE9016BEC4750000D537 /* Text.cpp */ = {isa = PBXFileReference; fileEncoding = 4; lastKnownFileType = sourcecode.cpp.cpp; path = Text.cpp; sourceTree = "<group>"; };
		9B69BE9116BEC4750000D537 /* Text.h */ = {isa = PBXFileReference; fileEncoding = 4; lastKnownFileType = sourcecode.c.h; path = Text.h; sourceTree = "<group>"; };
		9B69BE9216BEC4750000D537 /* Tint_Base.cpp */ = {isa = PBXFileReference; fileEncoding = 4; lastKnownFileType = sourcecode.cpp.cpp; path = Tint_Base.cpp; sourceTree = "<group>"; };
		9B69BE9316BEC4750000D537 /* Tint_Base.h */ = {isa = PBXFileReference; fileEncoding = 4; lastKnownFileType = sourcecode.c.h; path = Tint_Base.h; sourceTree = "<group>"; };
		9B69BE9416BEC4750000D537 /* Tint.cpp */ = {isa = PBXFileReference; fileEncoding = 4; lastKnownFileType = sourcecode.cpp.cpp; path = Tint.cpp; sourceTree = "<group>"; };
		9B69BE9516BEC4750000D537 /* Tint.h */ = {isa = PBXFileReference; fileEncoding = 4; lastKnownFileType = sourcecode.c.h; path = Tint.h; sourceTree = "<group>"; };
		9B69BE9616BEC4750000D537 /* Transition_Base.cpp */ = {isa = PBXFileReference; fileEncoding = 4; lastKnownFileType = sourcecode.cpp.cpp; path = Transition_Base.cpp; sourceTree = "<group>"; };
		9B69BE9716BEC4750000D537 /* Transition_Base.h */ = {isa = PBXFileReference; fileEncoding = 4; lastKnownFileType = sourcecode.c.h; path = Transition_Base.h; sourceTree = "<group>"; };
		9B69BE9816BEC4750000D537 /* Transition.cpp */ = {isa = PBXFileReference; fileEncoding = 4; lastKnownFileType = sourcecode.cpp.cpp; path = Transition.cpp; sourceTree = "<group>"; };
		9B69BE9916BEC4750000D537 /* Transition.h */ = {isa = PBXFileReference; fileEncoding = 4; lastKnownFileType = sourcecode.c.h; path = Transition.h; sourceTree = "<group>"; };
		9B69BE9A16BEC4750000D537 /* Variable_Base.cpp */ = {isa = PBXFileReference; fileEncoding = 4; lastKnownFileType = sourcecode.cpp.cpp; path = Variable_Base.cpp; sourceTree = "<group>"; };
		9B69BE9B16BEC4750000D537 /* Variable_Base.h */ = {isa = PBXFileReference; fileEncoding = 4; lastKnownFileType = sourcecode.c.h; path = Variable_Base.h; sourceTree = "<group>"; };
		9B69BE9C16BEC4750000D537 /* Variable.cpp */ = {isa = PBXFileReference; fileEncoding = 4; lastKnownFileType = sourcecode.cpp.cpp; path = Variable.cpp; sourceTree = "<group>"; };
		9B69BE9D16BEC4750000D537 /* Variable.h */ = {isa = PBXFileReference; fileEncoding = 4; lastKnownFileType = sourcecode.c.h; path = Variable.h; sourceTree = "<group>"; };
		9B9464CC16AC714E00B42B6B /* cocos2dx.xcodeproj */ = {isa = PBXFileReference; lastKnownFileType = "wrapper.pb-project"; name = cocos2dx.xcodeproj; path = "cocos2d-x/cocos2dx/proj.ios/cocos2dx.xcodeproj"; sourceTree = "<group>"; };
		9BD5BD2F16AC70E2000CF083 /* Cocos2dXML.app */ = {isa = PBXFileReference; explicitFileType = wrapper.application; includeInIndex = 0; path = Cocos2dXML.app; sourceTree = BUILT_PRODUCTS_DIR; };
		9BD5BD3316AC70E2000CF083 /* UIKit.framework */ = {isa = PBXFileReference; lastKnownFileType = wrapper.framework; name = UIKit.framework; path = System/Library/Frameworks/UIKit.framework; sourceTree = SDKROOT; };
		9BD5BD3516AC70E2000CF083 /* Foundation.framework */ = {isa = PBXFileReference; lastKnownFileType = wrapper.framework; name = Foundation.framework; path = System/Library/Frameworks/Foundation.framework; sourceTree = SDKROOT; };
		9BD5BD3716AC70E2000CF083 /* CoreGraphics.framework */ = {isa = PBXFileReference; lastKnownFileType = wrapper.framework; name = CoreGraphics.framework; path = System/Library/Frameworks/CoreGraphics.framework; sourceTree = SDKROOT; };
		9BD5BD3B16AC70E2000CF083 /* Cocos2dXML-Info.plist */ = {isa = PBXFileReference; lastKnownFileType = text.plist.xml; path = "Cocos2dXML-Info.plist"; sourceTree = "<group>"; };
		9BD5BD3D16AC70E2000CF083 /* en */ = {isa = PBXFileReference; lastKnownFileType = text.plist.strings; name = en; path = en.lproj/InfoPlist.strings; sourceTree = "<group>"; };
		9BD5BD3F16AC70E2000CF083 /* main.m */ = {isa = PBXFileReference; lastKnownFileType = sourcecode.c.objc; path = main.m; sourceTree = "<group>"; };
		9BD5BD4116AC70E2000CF083 /* Cocos2dXML-Prefix.pch */ = {isa = PBXFileReference; lastKnownFileType = sourcecode.c.h; path = "Cocos2dXML-Prefix.pch"; sourceTree = "<group>"; };
		9BD5BD4516AC70E2000CF083 /* Default.png */ = {isa = PBXFileReference; lastKnownFileType = image.png; path = Default.png; sourceTree = "<group>"; };
		9BD5BD4716AC70E2000CF083 /* Default@2x.png */ = {isa = PBXFileReference; lastKnownFileType = image.png; path = "Default@2x.png"; sourceTree = "<group>"; };
		9BD5BD4916AC70E2000CF083 /* Default-568h@2x.png */ = {isa = PBXFileReference; lastKnownFileType = image.png; path = "Default-568h@2x.png"; sourceTree = "<group>"; };
		9BD5BD5016AC70E2000CF083 /* Cocos2dXMLTests.octest */ = {isa = PBXFileReference; explicitFileType = wrapper.cfbundle; includeInIndex = 0; path = Cocos2dXMLTests.octest; sourceTree = BUILT_PRODUCTS_DIR; };
		9BD5BD5116AC70E2000CF083 /* SenTestingKit.framework */ = {isa = PBXFileReference; lastKnownFileType = wrapper.framework; name = SenTestingKit.framework; path = Library/Frameworks/SenTestingKit.framework; sourceTree = DEVELOPER_DIR; };
		9BD5BD5916AC70E2000CF083 /* Cocos2dXMLTests-Info.plist */ = {isa = PBXFileReference; lastKnownFileType = text.plist.xml; path = "Cocos2dXMLTests-Info.plist"; sourceTree = "<group>"; };
		9BD5BD5B16AC70E2000CF083 /* en */ = {isa = PBXFileReference; lastKnownFileType = text.plist.strings; name = en; path = en.lproj/InfoPlist.strings; sourceTree = "<group>"; };
		9BD5BD5D16AC70E2000CF083 /* Cocos2dXMLTests.h */ = {isa = PBXFileReference; lastKnownFileType = sourcecode.c.h; path = Cocos2dXMLTests.h; sourceTree = "<group>"; };
		9BD5BD5E16AC70E2000CF083 /* Cocos2dXMLTests.m */ = {isa = PBXFileReference; lastKnownFileType = sourcecode.c.objc; path = Cocos2dXMLTests.m; sourceTree = "<group>"; };
		9BD6D2E016AC894400FD95B8 /* AppDelegate.h */ = {isa = PBXFileReference; fileEncoding = 4; lastKnownFileType = sourcecode.c.h; path = AppDelegate.h; sourceTree = "<group>"; };
		9BD6D2E116AC894400FD95B8 /* AppDelegate.mm */ = {isa = PBXFileReference; fileEncoding = 4; lastKnownFileType = sourcecode.cpp.objcpp; path = AppDelegate.mm; sourceTree = "<group>"; };
		9BD6D2E216AC894400FD95B8 /* RootViewController.h */ = {isa = PBXFileReference; fileEncoding = 4; lastKnownFileType = sourcecode.c.h; path = RootViewController.h; sourceTree = "<group>"; };
		9BD6D2E316AC894400FD95B8 /* RootViewController.mm */ = {isa = PBXFileReference; fileEncoding = 4; lastKnownFileType = sourcecode.cpp.objcpp; path = RootViewController.mm; sourceTree = "<group>"; };
		9BD6D2E816AC8C6E00FD95B8 /* CocosAppDelegate.cpp */ = {isa = PBXFileReference; fileEncoding = 4; lastKnownFileType = sourcecode.cpp.cpp; path = CocosAppDelegate.cpp; sourceTree = "<group>"; };
		9BD6D2F116AC8D2000FD95B8 /* CocosAppDelegate.h */ = {isa = PBXFileReference; fileEncoding = 4; lastKnownFileType = sourcecode.c.h; path = CocosAppDelegate.h; sourceTree = "<group>"; };
		A2D664B916BD782300B88522 /* NoPL_Runtime.xcodeproj */ = {isa = PBXFileReference; lastKnownFileType = "wrapper.pb-project"; name = NoPL_Runtime.xcodeproj; path = NoPLGenerator/NoPL_repo/NoPL_Runtime/NoPL_Runtime.xcodeproj; sourceTree = "<group>"; };
		A2D664CB16C0CD7700B88522 /* hero.png */ = {isa = PBXFileReference; lastKnownFileType = image.png; path = hero.png; sourceTree = "<group>"; };
		A2D664CC16C0CD7700B88522 /* platform.png */ = {isa = PBXFileReference; lastKnownFileType = image.png; path = platform.png; sourceTree = "<group>"; };
		A2D664CF16C0D36200B88522 /* setup.noplb */ = {isa = PBXFileReference; lastKnownFileType = file; path = setup.noplb; sourceTree = "<group>"; };
		A2D664D016C0D36200B88522 /* update.noplb */ = {isa = PBXFileReference; lastKnownFileType = file; path = update.noplb; sourceTree = "<group>"; };
/* End PBXFileReference section */

/* Begin PBXFrameworksBuildPhase section */
		9BD5BD2C16AC70E2000CF083 /* Frameworks */ = {
			isa = PBXFrameworksBuildPhase;
			buildActionMask = 2147483647;
			files = (
				A2D664C416BD797000B88522 /* libNoPLRuntime.a in Frameworks */,
				9B2D715916AC73B5001F2C91 /* OpenGLES.framework in Frameworks */,
				9B2D715716AC73B0001F2C91 /* QuartzCore.framework in Frameworks */,
				9B2D715516AC734C001F2C91 /* libxml2.dylib in Frameworks */,
				9B2D715316AC7346001F2C91 /* libz.dylib in Frameworks */,
				9B2D714C16AC71EC001F2C91 /* libcocos2dx.a in Frameworks */,
				9BD5BD3416AC70E2000CF083 /* UIKit.framework in Frameworks */,
				9BD5BD3616AC70E2000CF083 /* Foundation.framework in Frameworks */,
				9BD5BD3816AC70E2000CF083 /* CoreGraphics.framework in Frameworks */,
			);
			runOnlyForDeploymentPostprocessing = 0;
		};
		9BD5BD4C16AC70E2000CF083 /* Frameworks */ = {
			isa = PBXFrameworksBuildPhase;
			buildActionMask = 2147483647;
			files = (
				9BD5BD5216AC70E2000CF083 /* SenTestingKit.framework in Frameworks */,
				9BD5BD5316AC70E2000CF083 /* UIKit.framework in Frameworks */,
				9BD5BD5416AC70E2000CF083 /* Foundation.framework in Frameworks */,
			);
			runOnlyForDeploymentPostprocessing = 0;
		};
/* End PBXFrameworksBuildPhase section */

/* Begin PBXGroup section */
		9B105B2616B5C6AC005453A6 /* TempTestingFiles */ = {
			isa = PBXGroup;
			children = (
				A2D664CB16C0CD7700B88522 /* hero.png */,
				A2D664CC16C0CD7700B88522 /* platform.png */,
				A2D664CF16C0D36200B88522 /* setup.noplb */,
				A2D664D016C0D36200B88522 /* update.noplb */,
				9B50A43416C21F060024138D /* touchDown.noplb */,
				9B50A43516C21F060024138D /* touchMove.noplb */,
				9B50A43616C21F070024138D /* touchUp.noplb */,
				9B105B2816B5C6AC005453A6 /* main.xml */,
				9B105B2916B5C6AC005453A6 /* testScene.xml */,
			);
			path = TempTestingFiles;
			sourceTree = SOURCE_ROOT;
		};
		9B32DAE916B49EBB00D3877A /* CodeGeneration */ = {
			isa = PBXGroup;
			children = (
				9B69BE1116BEC4750000D537 /* Action_Base.cpp */,
				9B69BE1216BEC4750000D537 /* Action_Base.h */,
				9B69BE1316BEC4750000D537 /* Action.cpp */,
				9B69BE1416BEC4750000D537 /* Action.h */,
				9B69BE1516BEC4750000D537 /* Animation_Base.cpp */,
				9B69BE1616BEC4750000D537 /* Animation_Base.h */,
				9B69BE1716BEC4750000D537 /* Animation.cpp */,
				9B69BE1816BEC4750000D537 /* Animation.h */,
				9B69BE1916BEC4750000D537 /* BaseObject_Base.cpp */,
				9B69BE1A16BEC4750000D537 /* BaseObject_Base.h */,
				9B69BE1B16BEC4750000D537 /* BaseObject.cpp */,
				9B69BE1C16BEC4750000D537 /* BaseObject.h */,
				9B69BE1D16BEC4750000D537 /* BatchedSprite_Base.cpp */,
				9B69BE1E16BEC4750000D537 /* BatchedSprite_Base.h */,
				9B69BE1F16BEC4750000D537 /* BatchedSprite.cpp */,
				9B69BE2016BEC4750000D537 /* BatchedSprite.h */,
				9B69BE2116BEC4750000D537 /* Bool_Base.cpp */,
				9B69BE2216BEC4750000D537 /* Bool_Base.h */,
				9B69BE2316BEC4750000D537 /* Bool.cpp */,
				9B69BE2416BEC4750000D537 /* Bool.h */,
				9B69BE2516BEC4750000D537 /* ClippingNode_Base.cpp */,
				9B69BE2616BEC4750000D537 /* ClippingNode_Base.h */,
				9B69BE2716BEC4750000D537 /* ClippingNode.cpp */,
				9B69BE2816BEC4750000D537 /* ClippingNode.h */,
				9B69BE2916BEC4750000D537 /* Cocos2dXML_enums.cpp */,
				9B69BE2A16BEC4750000D537 /* Cocos2dXML_enums.h */,
				9B69BE2B16BEC4750000D537 /* Cocos2dXML_typedefs.cpp */,
				9B69BE2C16BEC4750000D537 /* Cocos2dXML_typedefs.h */,
				9B69BE2D16BEC4750000D537 /* Cocos2dXML.h */,
				9B69BE2E16BEC4750000D537 /* Delay_Base.cpp */,
				9B69BE2F16BEC4750000D537 /* Delay_Base.h */,
				9B69BE3016BEC4750000D537 /* Delay.cpp */,
				9B69BE3116BEC4750000D537 /* Delay.h */,
				9B69BE3216BEC4750000D537 /* Director_Base.cpp */,
				9B69BE3316BEC4750000D537 /* Director_Base.h */,
				9B69BE3416BEC4750000D537 /* Director.cpp */,
				9B69BE3516BEC4750000D537 /* Director.h */,
				9B69BE3616BEC4750000D537 /* Ease_Base.cpp */,
				9B69BE3716BEC4750000D537 /* Ease_Base.h */,
				9B69BE3816BEC4750000D537 /* Ease.cpp */,
				9B69BE3916BEC4750000D537 /* Ease.h */,
				9B69BE3A16BEC4750000D537 /* Fade_Base.cpp */,
				9B69BE3B16BEC4750000D537 /* Fade_Base.h */,
				9B69BE3C16BEC4750000D537 /* Fade.cpp */,
				9B69BE3D16BEC4750000D537 /* Fade.h */,
				9B69BE3E16BEC4750000D537 /* FiniteAction_Base.cpp */,
				9B69BE3F16BEC4750000D537 /* FiniteAction_Base.h */,
				9B69BE4016BEC4750000D537 /* FiniteAction.cpp */,
				9B69BE4116BEC4750000D537 /* FiniteAction.h */,
				9B69BE4216BEC4750000D537 /* Float_Base.cpp */,
				9B69BE4316BEC4750000D537 /* Float_Base.h */,
				9B69BE4416BEC4750000D537 /* Float.cpp */,
				9B69BE4516BEC4750000D537 /* Float.h */,
				9B69BE4616BEC4750000D537 /* List_Base.cpp */,
				9B69BE4716BEC4750000D537 /* List_Base.h */,
				9B69BE4816BEC4750000D537 /* List.cpp */,
				9B69BE4916BEC4750000D537 /* List.h */,
				9B69BE4A16BEC4750000D537 /* Move_Base.cpp */,
				9B69BE4B16BEC4750000D537 /* Move_Base.h */,
				9B69BE4C16BEC4750000D537 /* Move.cpp */,
				9B69BE4D16BEC4750000D537 /* Move.h */,
				9B69BE4E16BEC4750000D537 /* Node_Base.cpp */,
				9B69BE4F16BEC4750000D537 /* Node_Base.h */,
				9B69BE5016BEC4750000D537 /* Node.cpp */,
				9B69BE5116BEC4750000D537 /* Node.h */,
				9B69BE5216BEC4750000D537 /* Object_Base.cpp */,
				9B69BE5316BEC4750000D537 /* Object_Base.h */,
				9B69BE5416BEC4750000D537 /* Object.cpp */,
				9B69BE5516BEC4750000D537 /* Object.h */,
				9B69BE5616BEC4750000D537 /* ParticleSystem_Base.cpp */,
				9B69BE5716BEC4750000D537 /* ParticleSystem_Base.h */,
				9B69BE5816BEC4750000D537 /* ParticleSystem.cpp */,
				9B69BE5916BEC4750000D537 /* ParticleSystem.h */,
				9B69BE5A16BEC4750000D537 /* Place_Base.cpp */,
				9B69BE5B16BEC4750000D537 /* Place_Base.h */,
				9B69BE5C16BEC4750000D537 /* Place.cpp */,
				9B69BE5D16BEC4750000D537 /* Place.h */,
				9B69BE5E16BEC4750000D537 /* RelativeAction_Base.cpp */,
				9B69BE5F16BEC4750000D537 /* RelativeAction_Base.h */,
				9B69BE6016BEC4750000D537 /* RelativeAction.cpp */,
				9B69BE6116BEC4750000D537 /* RelativeAction.h */,
				9B69BE6216BEC4750000D537 /* Repeat_Base.cpp */,
				9B69BE6316BEC4750000D537 /* Repeat_Base.h */,
				9B69BE6416BEC4750000D537 /* Repeat.cpp */,
				9B69BE6516BEC4750000D537 /* Repeat.h */,
				9B69BE6616BEC4750000D537 /* Rotate_Base.cpp */,
				9B69BE6716BEC4750000D537 /* Rotate_Base.h */,
				9B69BE6816BEC4750000D537 /* Rotate.cpp */,
				9B69BE6916BEC4750000D537 /* Rotate.h */,
				9B69BE6A16BEC4750000D537 /* Scale_Base.cpp */,
				9B69BE6B16BEC4750000D537 /* Scale_Base.h */,
				9B69BE6C16BEC4750000D537 /* Scale.cpp */,
				9B69BE6D16BEC4750000D537 /* Scale.h */,
				9B69BE6E16BEC4750000D537 /* Scene_Base.cpp */,
				9B69BE6F16BEC4750000D537 /* Scene_Base.h */,
				9B69BE7016BEC4750000D537 /* Scene.cpp */,
				9B69BE7116BEC4750000D537 /* Scene.h */,
				9B69BE7216BEC4750000D537 /* SceneReference_Base.cpp */,
				9B69BE7316BEC4750000D537 /* SceneReference_Base.h */,
				9B69BE7416BEC4750000D537 /* SceneReference.cpp */,
				9B69BE7516BEC4750000D537 /* SceneReference.h */,
				9B69BE7616BEC4750000D537 /* Script_Base.cpp */,
				9B69BE7716BEC4750000D537 /* Script_Base.h */,
				9B69BE7816BEC4750000D537 /* Script.cpp */,
				9B69BE7916BEC4750000D537 /* Script.h */,
				9B69BE7A16BEC4750000D537 /* Sequence_Base.cpp */,
				9B69BE7B16BEC4750000D537 /* Sequence_Base.h */,
				9B69BE7C16BEC4750000D537 /* Sequence.cpp */,
				9B69BE7D16BEC4750000D537 /* Sequence.h */,
				9B69BE7E16BEC4750000D537 /* Skew_Base.cpp */,
				9B69BE7F16BEC4750000D537 /* Skew_Base.h */,
				9B69BE8016BEC4750000D537 /* Skew.cpp */,
				9B69BE8116BEC4750000D537 /* Skew.h */,
				9B69BE8216BEC4750000D537 /* Sprite_Base.cpp */,
				9B69BE8316BEC4750000D537 /* Sprite_Base.h */,
				9B69BE8416BEC4750000D537 /* Sprite.cpp */,
				9B69BE8516BEC4750000D537 /* Sprite.h */,
				9B69BE8616BEC4750000D537 /* SpriteBatch_Base.cpp */,
				9B69BE8716BEC4750000D537 /* SpriteBatch_Base.h */,
				9B69BE8816BEC4750000D537 /* SpriteBatch.cpp */,
				9B69BE8916BEC4750000D537 /* SpriteBatch.h */,
				9B69BE8A16BEC4750000D537 /* String_Base.cpp */,
				9B69BE8B16BEC4750000D537 /* String_Base.h */,
				9B69BE8C16BEC4750000D537 /* String.cpp */,
				9B69BE8D16BEC4750000D537 /* String.h */,
				9B69BE8E16BEC4750000D537 /* Text_Base.cpp */,
				9B69BE8F16BEC4750000D537 /* Text_Base.h */,
				9B69BE9016BEC4750000D537 /* Text.cpp */,
				9B69BE9116BEC4750000D537 /* Text.h */,
				9B69BE9216BEC4750000D537 /* Tint_Base.cpp */,
				9B69BE9316BEC4750000D537 /* Tint_Base.h */,
				9B69BE9416BEC4750000D537 /* Tint.cpp */,
				9B69BE9516BEC4750000D537 /* Tint.h */,
				9B69BE9616BEC4750000D537 /* Transition_Base.cpp */,
				9B69BE9716BEC4750000D537 /* Transition_Base.h */,
				9B69BE9816BEC4750000D537 /* Transition.cpp */,
				9B69BE9916BEC4750000D537 /* Transition.h */,
				9B69BE9A16BEC4750000D537 /* Variable_Base.cpp */,
				9B69BE9B16BEC4750000D537 /* Variable_Base.h */,
				9B69BE9C16BEC4750000D537 /* Variable.cpp */,
				9B69BE9D16BEC4750000D537 /* Variable.h */,
			);
			path = CodeGeneration;
			sourceTree = "<group>";
		};
		9B9464CD16AC714E00B42B6B /* Products */ = {
			isa = PBXGroup;
			children = (
				9B9464D116AC714E00B42B6B /* libcocos2dx.a */,
			);
			name = Products;
			sourceTree = "<group>";
		};
		9BD5BD2416AC70E2000CF083 = {
			isa = PBXGroup;
			children = (
				A2D664B916BD782300B88522 /* NoPL_Runtime.xcodeproj */,
				9B9464CC16AC714E00B42B6B /* cocos2dx.xcodeproj */,
				9BD5BD3916AC70E2000CF083 /* Cocos2dXML */,
				9BD5BD5716AC70E2000CF083 /* Cocos2dXMLTests */,
				9BD5BD3216AC70E2000CF083 /* Frameworks */,
				9BD5BD3016AC70E2000CF083 /* Products */,
			);
			sourceTree = "<group>";
		};
		9BD5BD3016AC70E2000CF083 /* Products */ = {
			isa = PBXGroup;
			children = (
				9BD5BD2F16AC70E2000CF083 /* Cocos2dXML.app */,
				9BD5BD5016AC70E2000CF083 /* Cocos2dXMLTests.octest */,
			);
			name = Products;
			sourceTree = "<group>";
		};
		9BD5BD3216AC70E2000CF083 /* Frameworks */ = {
			isa = PBXGroup;
			children = (
				9B2D715416AC734C001F2C91 /* libxml2.dylib */,
				9B2D715216AC7346001F2C91 /* libz.dylib */,
				9B2D715816AC73B5001F2C91 /* OpenGLES.framework */,
				9B2D715616AC73B0001F2C91 /* QuartzCore.framework */,
				9BD5BD3316AC70E2000CF083 /* UIKit.framework */,
				9BD5BD3516AC70E2000CF083 /* Foundation.framework */,
				9BD5BD3716AC70E2000CF083 /* CoreGraphics.framework */,
				9BD5BD5116AC70E2000CF083 /* SenTestingKit.framework */,
			);
			name = Frameworks;
			sourceTree = "<group>";
		};
		9BD5BD3916AC70E2000CF083 /* Cocos2dXML */ = {
			isa = PBXGroup;
			children = (
				9B105B2616B5C6AC005453A6 /* TempTestingFiles */,
				9B32DAE916B49EBB00D3877A /* CodeGeneration */,
				9BD6D2E816AC8C6E00FD95B8 /* CocosAppDelegate.cpp */,
				9BD6D2F116AC8D2000FD95B8 /* CocosAppDelegate.h */,
				9B50A42E16C209340024138D /* Cocos2dXMLTouchDelegate.cpp */,
				9B50A42F16C209340024138D /* Cocos2dXMLTouchDelegate.h */,
				9BD6D2DF16AC894400FD95B8 /* ObjcGlue */,
				9BD5BD3A16AC70E2000CF083 /* Supporting Files */,
			);
			path = Cocos2dXML;
			sourceTree = "<group>";
		};
		9BD5BD3A16AC70E2000CF083 /* Supporting Files */ = {
			isa = PBXGroup;
			children = (
				9BD5BD3B16AC70E2000CF083 /* Cocos2dXML-Info.plist */,
				9BD5BD3C16AC70E2000CF083 /* InfoPlist.strings */,
				9BD5BD3F16AC70E2000CF083 /* main.m */,
				9BD5BD4116AC70E2000CF083 /* Cocos2dXML-Prefix.pch */,
				9BD5BD4516AC70E2000CF083 /* Default.png */,
				9BD5BD4716AC70E2000CF083 /* Default@2x.png */,
				9BD5BD4916AC70E2000CF083 /* Default-568h@2x.png */,
			);
			name = "Supporting Files";
			sourceTree = "<group>";
		};
		9BD5BD5716AC70E2000CF083 /* Cocos2dXMLTests */ = {
			isa = PBXGroup;
			children = (
				9BD5BD5D16AC70E2000CF083 /* Cocos2dXMLTests.h */,
				9BD5BD5E16AC70E2000CF083 /* Cocos2dXMLTests.m */,
				9BD5BD5816AC70E2000CF083 /* Supporting Files */,
			);
			path = Cocos2dXMLTests;
			sourceTree = "<group>";
		};
		9BD5BD5816AC70E2000CF083 /* Supporting Files */ = {
			isa = PBXGroup;
			children = (
				9BD5BD5916AC70E2000CF083 /* Cocos2dXMLTests-Info.plist */,
				9BD5BD5A16AC70E2000CF083 /* InfoPlist.strings */,
			);
			name = "Supporting Files";
			sourceTree = "<group>";
		};
		9BD6D2DF16AC894400FD95B8 /* ObjcGlue */ = {
			isa = PBXGroup;
			children = (
				9BD6D2E016AC894400FD95B8 /* AppDelegate.h */,
				9BD6D2E116AC894400FD95B8 /* AppDelegate.mm */,
				9BD6D2E216AC894400FD95B8 /* RootViewController.h */,
				9BD6D2E316AC894400FD95B8 /* RootViewController.mm */,
			);
			path = ObjcGlue;
			sourceTree = "<group>";
		};
		A2D664BA16BD782300B88522 /* Products */ = {
			isa = PBXGroup;
			children = (
				A2D664BF16BD782300B88522 /* NoPL_Runtime */,
				A2D664C116BD782300B88522 /* libNoPLRuntime.a */,
				9B84F86916BDF24E00F34DF1 /* libNoPLRuntime(arm).a */,
			);
			name = Products;
			sourceTree = "<group>";
		};
/* End PBXGroup section */

/* Begin PBXNativeTarget section */
		9BD5BD2E16AC70E2000CF083 /* Cocos2dXML */ = {
			isa = PBXNativeTarget;
			buildConfigurationList = 9BD5BD6216AC70E2000CF083 /* Build configuration list for PBXNativeTarget "Cocos2dXML" */;
			buildPhases = (
				9B32DAE416B49B8000D3877A /* ShellScript */,
				9BD5BD2B16AC70E2000CF083 /* Sources */,
				9BD5BD2C16AC70E2000CF083 /* Frameworks */,
				9BD5BD2D16AC70E2000CF083 /* Resources */,
			);
			buildRules = (
			);
			dependencies = (
				9B84F86B16BDF25200F34DF1 /* PBXTargetDependency */,
				9B2D714B16AC71E5001F2C91 /* PBXTargetDependency */,
			);
			name = Cocos2dXML;
			productName = Cocos2dXML;
			productReference = 9BD5BD2F16AC70E2000CF083 /* Cocos2dXML.app */;
			productType = "com.apple.product-type.application";
		};
		9BD5BD4F16AC70E2000CF083 /* Cocos2dXMLTests */ = {
			isa = PBXNativeTarget;
			buildConfigurationList = 9BD5BD6516AC70E2000CF083 /* Build configuration list for PBXNativeTarget "Cocos2dXMLTests" */;
			buildPhases = (
				9BD5BD4B16AC70E2000CF083 /* Sources */,
				9BD5BD4C16AC70E2000CF083 /* Frameworks */,
				9BD5BD4D16AC70E2000CF083 /* Resources */,
				9BD5BD4E16AC70E2000CF083 /* ShellScript */,
			);
			buildRules = (
			);
			dependencies = (
				9BD5BD5616AC70E2000CF083 /* PBXTargetDependency */,
			);
			name = Cocos2dXMLTests;
			productName = Cocos2dXMLTests;
			productReference = 9BD5BD5016AC70E2000CF083 /* Cocos2dXMLTests.octest */;
			productType = "com.apple.product-type.bundle";
		};
/* End PBXNativeTarget section */

/* Begin PBXProject section */
		9BD5BD2616AC70E2000CF083 /* Project object */ = {
			isa = PBXProject;
			attributes = {
				LastUpgradeCheck = 0450;
				ORGANIZATIONNAME = "Robox Studios";
			};
			buildConfigurationList = 9BD5BD2916AC70E2000CF083 /* Build configuration list for PBXProject "Cocos2dXML" */;
			compatibilityVersion = "Xcode 3.2";
			developmentRegion = English;
			hasScannedForEncodings = 0;
			knownRegions = (
				en,
			);
			mainGroup = 9BD5BD2416AC70E2000CF083;
			productRefGroup = 9BD5BD3016AC70E2000CF083 /* Products */;
			projectDirPath = "";
			projectReferences = (
				{
					ProductGroup = 9B9464CD16AC714E00B42B6B /* Products */;
					ProjectRef = 9B9464CC16AC714E00B42B6B /* cocos2dx.xcodeproj */;
				},
				{
					ProductGroup = A2D664BA16BD782300B88522 /* Products */;
					ProjectRef = A2D664B916BD782300B88522 /* NoPL_Runtime.xcodeproj */;
				},
			);
			projectRoot = "";
			targets = (
				9BD5BD2E16AC70E2000CF083 /* Cocos2dXML */,
				9BD5BD4F16AC70E2000CF083 /* Cocos2dXMLTests */,
			);
		};
/* End PBXProject section */

/* Begin PBXReferenceProxy section */
		9B84F86916BDF24E00F34DF1 /* libNoPLRuntime(arm).a */ = {
			isa = PBXReferenceProxy;
			fileType = archive.ar;
			path = "libNoPLRuntime(arm).a";
			remoteRef = 9B84F86816BDF24E00F34DF1 /* PBXContainerItemProxy */;
			sourceTree = BUILT_PRODUCTS_DIR;
		};
		9B9464D116AC714E00B42B6B /* libcocos2dx.a */ = {
			isa = PBXReferenceProxy;
			fileType = archive.ar;
			path = libcocos2dx.a;
			remoteRef = 9B9464D016AC714E00B42B6B /* PBXContainerItemProxy */;
			sourceTree = BUILT_PRODUCTS_DIR;
		};
		A2D664BF16BD782300B88522 /* NoPL_Runtime */ = {
			isa = PBXReferenceProxy;
			fileType = "compiled.mach-o.executable";
			path = NoPL_Runtime;
			remoteRef = A2D664BE16BD782300B88522 /* PBXContainerItemProxy */;
			sourceTree = BUILT_PRODUCTS_DIR;
		};
		A2D664C116BD782300B88522 /* libNoPLRuntime.a */ = {
			isa = PBXReferenceProxy;
			fileType = archive.ar;
			path = libNoPLRuntime.a;
			remoteRef = A2D664C016BD782300B88522 /* PBXContainerItemProxy */;
			sourceTree = BUILT_PRODUCTS_DIR;
		};
/* End PBXReferenceProxy section */

/* Begin PBXResourcesBuildPhase section */
		9BD5BD2D16AC70E2000CF083 /* Resources */ = {
			isa = PBXResourcesBuildPhase;
			buildActionMask = 2147483647;
			files = (
				9BD5BD3E16AC70E2000CF083 /* InfoPlist.strings in Resources */,
				9BD5BD4616AC70E2000CF083 /* Default.png in Resources */,
				9BD5BD4816AC70E2000CF083 /* Default@2x.png in Resources */,
				9BD5BD4A16AC70E2000CF083 /* Default-568h@2x.png in Resources */,
				9B105B2C16B5C6AC005453A6 /* main.xml in Resources */,
				9B105B2E16B5C6AC005453A6 /* testScene.xml in Resources */,
				A2D664CD16C0CD7700B88522 /* hero.png in Resources */,
				A2D664CE16C0CD7700B88522 /* platform.png in Resources */,
				A2D664D116C0D36200B88522 /* setup.noplb in Resources */,
				A2D664D216C0D36200B88522 /* update.noplb in Resources */,
				9B50A43716C21F070024138D /* touchDown.noplb in Resources */,
				9B50A43916C21F070024138D /* touchMove.noplb in Resources */,
				9B50A43B16C21F070024138D /* touchUp.noplb in Resources */,
			);
			runOnlyForDeploymentPostprocessing = 0;
		};
		9BD5BD4D16AC70E2000CF083 /* Resources */ = {
			isa = PBXResourcesBuildPhase;
			buildActionMask = 2147483647;
			files = (
				9BD5BD5C16AC70E2000CF083 /* InfoPlist.strings in Resources */,
				9B105B2D16B5C6AC005453A6 /* main.xml in Resources */,
				9B105B2F16B5C6AC005453A6 /* testScene.xml in Resources */,
				9B50A43816C21F070024138D /* touchDown.noplb in Resources */,
				9B50A43A16C21F070024138D /* touchMove.noplb in Resources */,
				9B50A43C16C21F070024138D /* touchUp.noplb in Resources */,
			);
			runOnlyForDeploymentPostprocessing = 0;
		};
/* End PBXResourcesBuildPhase section */

/* Begin PBXShellScriptBuildPhase section */
		9B32DAE416B49B8000D3877A /* ShellScript */ = {
			isa = PBXShellScriptBuildPhase;
			buildActionMask = 2147483647;
			files = (
			);
			inputPaths = (
				"$(SRCROOT)/Cocos2dXML/Cocos2d.xsd",
				"$(SRCROOT)/Cocos2dXML/CodeGeneration/Scripts/c++_enum.nopl",
				"$(SRCROOT)/Cocos2dXML/CodeGeneration/Scripts/c++_header.nopl",
				"$(SRCROOT)/Cocos2dXML/CodeGeneration/Scripts/c++_implementation.nopl",
				"$(SRCROOT)/Cocos2dXML/CodeGeneration/Scripts/c++_include.nopl",
				"$(SRCROOT)/Cocos2dXML/CodeGeneration/Scripts/c++_main.nopl",
				"$(SRCROOT)/Cocos2dXML/CodeGeneration/Scripts/c++_typedefs.nopl",
			);
			outputPaths = (
			);
			runOnlyForDeploymentPostprocessing = 0;
			shellPath = /bin/sh;
			shellScript = "#run the NoPLGenerator on the C++ code generation script\n$SRCROOT/NoPLGenerator/executable/NoPLGenerator $SRCROOT/Cocos2dXML/Cocos2d.xsd $SRCROOT/Cocos2dXML/CodeGeneration/Scripts/c++_main.nopl";
		};
		9BD5BD4E16AC70E2000CF083 /* ShellScript */ = {
			isa = PBXShellScriptBuildPhase;
			buildActionMask = 2147483647;
			files = (
			);
			inputPaths = (
			);
			outputPaths = (
			);
			runOnlyForDeploymentPostprocessing = 0;
			shellPath = /bin/sh;
			shellScript = "# Run the unit tests in this test bundle.\n\"${SYSTEM_DEVELOPER_DIR}/Tools/RunUnitTests\"\n";
		};
/* End PBXShellScriptBuildPhase section */

/* Begin PBXSourcesBuildPhase section */
		9BD5BD2B16AC70E2000CF083 /* Sources */ = {
			isa = PBXSourcesBuildPhase;
			buildActionMask = 2147483647;
			files = (
				9BD5BD4016AC70E2000CF083 /* main.m in Sources */,
				9BD6D2E416AC894400FD95B8 /* AppDelegate.mm in Sources */,
				9BD6D2E616AC894400FD95B8 /* RootViewController.mm in Sources */,
				9BD6D2ED16AC8C6E00FD95B8 /* CocosAppDelegate.cpp in Sources */,
				9B69BE9E16BEC4750000D537 /* Action_Base.cpp in Sources */,
				9B69BE9F16BEC4750000D537 /* Action.cpp in Sources */,
				9B69BEA016BEC4750000D537 /* Animation_Base.cpp in Sources */,
				9B69BEA116BEC4750000D537 /* Animation.cpp in Sources */,
				9B69BEA216BEC4750000D537 /* BaseObject_Base.cpp in Sources */,
				9B69BEA316BEC4750000D537 /* BaseObject.cpp in Sources */,
				9B69BEA416BEC4750000D537 /* BatchedSprite_Base.cpp in Sources */,
				9B69BEA516BEC4750000D537 /* BatchedSprite.cpp in Sources */,
				9B69BEA616BEC4750000D537 /* Bool_Base.cpp in Sources */,
				9B69BEA716BEC4750000D537 /* Bool.cpp in Sources */,
				9B69BEA816BEC4750000D537 /* ClippingNode_Base.cpp in Sources */,
				9B69BEA916BEC4750000D537 /* ClippingNode.cpp in Sources */,
				9B69BEAA16BEC4750000D537 /* Cocos2dXML_enums.cpp in Sources */,
				9B69BEAB16BEC4750000D537 /* Cocos2dXML_typedefs.cpp in Sources */,
				9B69BEAC16BEC4750000D537 /* Delay_Base.cpp in Sources */,
				9B69BEAD16BEC4750000D537 /* Delay.cpp in Sources */,
				9B69BEAE16BEC4750000D537 /* Director_Base.cpp in Sources */,
				9B69BEAF16BEC4750000D537 /* Director.cpp in Sources */,
				9B69BEB016BEC4750000D537 /* Ease_Base.cpp in Sources */,
				9B69BEB116BEC4750000D537 /* Ease.cpp in Sources */,
				9B69BEB216BEC4750000D537 /* Fade_Base.cpp in Sources */,
				9B69BEB316BEC4750000D537 /* Fade.cpp in Sources */,
				9B69BEB416BEC4750000D537 /* FiniteAction_Base.cpp in Sources */,
				9B69BEB516BEC4750000D537 /* FiniteAction.cpp in Sources */,
				9B69BEB616BEC4750000D537 /* Float_Base.cpp in Sources */,
				9B69BEB716BEC4750000D537 /* Float.cpp in Sources */,
				9B69BEB816BEC4750000D537 /* List_Base.cpp in Sources */,
				9B69BEB916BEC4750000D537 /* List.cpp in Sources */,
				9B69BEBA16BEC4750000D537 /* Move_Base.cpp in Sources */,
				9B69BEBB16BEC4750000D537 /* Move.cpp in Sources */,
				9B69BEBC16BEC4750000D537 /* Node_Base.cpp in Sources */,
				9B69BEBD16BEC4750000D537 /* Node.cpp in Sources */,
				9B69BEBE16BEC4750000D537 /* Object_Base.cpp in Sources */,
				9B69BEBF16BEC4750000D537 /* Object.cpp in Sources */,
				9B69BEC016BEC4750000D537 /* ParticleSystem_Base.cpp in Sources */,
				9B69BEC116BEC4750000D537 /* ParticleSystem.cpp in Sources */,
				9B69BEC216BEC4750000D537 /* Place_Base.cpp in Sources */,
				9B69BEC316BEC4750000D537 /* Place.cpp in Sources */,
				9B69BEC416BEC4750000D537 /* RelativeAction_Base.cpp in Sources */,
				9B69BEC516BEC4750000D537 /* RelativeAction.cpp in Sources */,
				9B69BEC616BEC4750000D537 /* Repeat_Base.cpp in Sources */,
				9B69BEC716BEC4750000D537 /* Repeat.cpp in Sources */,
				9B69BEC816BEC4750000D537 /* Rotate_Base.cpp in Sources */,
				9B69BEC916BEC4750000D537 /* Rotate.cpp in Sources */,
				9B69BECA16BEC4750000D537 /* Scale_Base.cpp in Sources */,
				9B69BECB16BEC4750000D537 /* Scale.cpp in Sources */,
				9B69BECC16BEC4750000D537 /* Scene_Base.cpp in Sources */,
				9B69BECD16BEC4750000D537 /* Scene.cpp in Sources */,
				9B69BECE16BEC4750000D537 /* SceneReference_Base.cpp in Sources */,
				9B69BECF16BEC4750000D537 /* SceneReference.cpp in Sources */,
				9B69BED016BEC4750000D537 /* Script_Base.cpp in Sources */,
				9B69BED116BEC4750000D537 /* Script.cpp in Sources */,
				9B69BED216BEC4750000D537 /* Sequence_Base.cpp in Sources */,
				9B69BED316BEC4750000D537 /* Sequence.cpp in Sources */,
				9B69BED416BEC4750000D537 /* Skew_Base.cpp in Sources */,
				9B69BED516BEC4750000D537 /* Skew.cpp in Sources */,
				9B69BED616BEC4750000D537 /* Sprite_Base.cpp in Sources */,
				9B69BED716BEC4750000D537 /* Sprite.cpp in Sources */,
				9B69BED816BEC4750000D537 /* SpriteBatch_Base.cpp in Sources */,
				9B69BED916BEC4750000D537 /* SpriteBatch.cpp in Sources */,
				9B69BEDA16BEC4750000D537 /* String_Base.cpp in Sources */,
				9B69BEDB16BEC4750000D537 /* String.cpp in Sources */,
				9B69BEDC16BEC4750000D537 /* Text_Base.cpp in Sources */,
				9B69BEDD16BEC4750000D537 /* Text.cpp in Sources */,
				9B69BEDE16BEC4750000D537 /* Tint_Base.cpp in Sources */,
				9B69BEDF16BEC4750000D537 /* Tint.cpp in Sources */,
				9B69BEE016BEC4750000D537 /* Transition_Base.cpp in Sources */,
				9B69BEE116BEC4750000D537 /* Transition.cpp in Sources */,
				9B69BEE216BEC4750000D537 /* Variable_Base.cpp in Sources */,
				9B69BEE316BEC4750000D537 /* Variable.cpp in Sources */,
				9B50A43016C209340024138D /* Cocos2dXMLTouchDelegate.cpp in Sources */,
			);
			runOnlyForDeploymentPostprocessing = 0;
		};
		9BD5BD4B16AC70E2000CF083 /* Sources */ = {
			isa = PBXSourcesBuildPhase;
			buildActionMask = 2147483647;
			files = (
				9BD5BD5F16AC70E2000CF083 /* Cocos2dXMLTests.m in Sources */,
				9BD6D2E516AC894400FD95B8 /* AppDelegate.mm in Sources */,
				9BD6D2E716AC894400FD95B8 /* RootViewController.mm in Sources */,
				9BD6D2EE16AC8C6E00FD95B8 /* CocosAppDelegate.cpp in Sources */,
				9B50A43116C209340024138D /* Cocos2dXMLTouchDelegate.cpp in Sources */,
			);
			runOnlyForDeploymentPostprocessing = 0;
		};
/* End PBXSourcesBuildPhase section */

/* Begin PBXTargetDependency section */
		9B2D714B16AC71E5001F2C91 /* PBXTargetDependency */ = {
			isa = PBXTargetDependency;
			name = cocos2dx;
			targetProxy = 9B2D714A16AC71E5001F2C91 /* PBXContainerItemProxy */;
		};
		9B84F86B16BDF25200F34DF1 /* PBXTargetDependency */ = {
			isa = PBXTargetDependency;
			name = "NoPLRuntime(arm)";
			targetProxy = 9B84F86A16BDF25200F34DF1 /* PBXContainerItemProxy */;
		};
		9BD5BD5616AC70E2000CF083 /* PBXTargetDependency */ = {
			isa = PBXTargetDependency;
			target = 9BD5BD2E16AC70E2000CF083 /* Cocos2dXML */;
			targetProxy = 9BD5BD5516AC70E2000CF083 /* PBXContainerItemProxy */;
		};
/* End PBXTargetDependency section */

/* Begin PBXVariantGroup section */
		9BD5BD3C16AC70E2000CF083 /* InfoPlist.strings */ = {
			isa = PBXVariantGroup;
			children = (
				9BD5BD3D16AC70E2000CF083 /* en */,
			);
			name = InfoPlist.strings;
			sourceTree = "<group>";
		};
		9BD5BD5A16AC70E2000CF083 /* InfoPlist.strings */ = {
			isa = PBXVariantGroup;
			children = (
				9BD5BD5B16AC70E2000CF083 /* en */,
			);
			name = InfoPlist.strings;
			sourceTree = "<group>";
		};
/* End PBXVariantGroup section */

/* Begin XCBuildConfiguration section */
		9BD5BD6016AC70E2000CF083 /* Debug */ = {
			isa = XCBuildConfiguration;
			buildSettings = {
				ALWAYS_SEARCH_USER_PATHS = NO;
				CLANG_CXX_LANGUAGE_STANDARD = "compiler-default";
				CLANG_CXX_LIBRARY = "libstdc++";
				CLANG_ENABLE_OBJC_ARC = NO;
				CLANG_WARN_EMPTY_BODY = YES;
				CLANG_WARN__DUPLICATE_METHOD_MATCH = YES;
				"CODE_SIGN_IDENTITY[sdk=iphoneos*]" = "iPhone Developer";
				COPY_PHASE_STRIP = NO;
				GCC_C_LANGUAGE_STANDARD = gnu99;
				GCC_DYNAMIC_NO_PIC = NO;
				GCC_OPTIMIZATION_LEVEL = 0;
				GCC_PREPROCESSOR_DEFINITIONS = (
					"$(inherited)",
					"DEBUG=1",
					CC_TARGET_OS_IPHONE,
					"COCOS2D_DEBUG=1",
				);
				GCC_SYMBOLS_PRIVATE_EXTERN = NO;
				GCC_WARN_ABOUT_RETURN_TYPE = YES;
				GCC_WARN_UNINITIALIZED_AUTOS = YES;
				GCC_WARN_UNUSED_VARIABLE = YES;
				HEADER_SEARCH_PATHS = (
					"\"$(SDKROOT)/usr/include/libxml2/\"",
					"\"$(SRCROOT)/cocos2d-x/cocos2dx/include\"",
					"\"$(SRCROOT)/cocos2d-x/cocos2dx\"",
					"\"$(SRCROOT)/cocos2d-x/cocos2dx/kazmath/include\"",
					"\"$(SRCROOT)/cocos2d-x/cocos2dx/platform/ios\"",
					"\"$(SRCROOT)/NoPLGenerator/NoPL_repo/NoPL_Runtime/include\"",
					"\"$(SRCROOT)/NoPLGenerator/NoPL_repo/NoPLc/include\"",
				);
				IPHONEOS_DEPLOYMENT_TARGET = 6.0;
				ONLY_ACTIVE_ARCH = YES;
				SDKROOT = iphoneos;
				TARGETED_DEVICE_FAMILY = "1,2";
				VALID_ARCHS = "armv7 armv7s";
			};
			name = Debug;
		};
		9BD5BD6116AC70E2000CF083 /* Release */ = {
			isa = XCBuildConfiguration;
			buildSettings = {
				ALWAYS_SEARCH_USER_PATHS = NO;
				CLANG_CXX_LANGUAGE_STANDARD = "compiler-default";
				CLANG_CXX_LIBRARY = "libstdc++";
				CLANG_ENABLE_OBJC_ARC = NO;
				CLANG_WARN_EMPTY_BODY = YES;
				CLANG_WARN__DUPLICATE_METHOD_MATCH = YES;
				"CODE_SIGN_IDENTITY[sdk=iphoneos*]" = "iPhone Developer";
				COPY_PHASE_STRIP = YES;
				GCC_C_LANGUAGE_STANDARD = gnu99;
				GCC_PREPROCESSOR_DEFINITIONS = (
					"$(inherited)",
					CC_TARGET_OS_IPHONE,
				);
				GCC_WARN_ABOUT_RETURN_TYPE = YES;
				GCC_WARN_UNINITIALIZED_AUTOS = YES;
				GCC_WARN_UNUSED_VARIABLE = YES;
				HEADER_SEARCH_PATHS = (
					"\"$(SDKROOT)/usr/include/libxml2/\"",
					"\"$(SRCROOT)/cocos2d-x/cocos2dx/include\"",
					"\"$(SRCROOT)/cocos2d-x/cocos2dx\"",
					"\"$(SRCROOT)/cocos2d-x/cocos2dx/kazmath/include\"",
					"\"$(SRCROOT)/cocos2d-x/cocos2dx/platform/ios\"",
					"\"$(SRCROOT)/NoPLGenerator/NoPL_repo/NoPL_Runtime/include\"",
					"\"$(SRCROOT)/NoPLGenerator/NoPL_repo/NoPLc/include\"",
				);
				IPHONEOS_DEPLOYMENT_TARGET = 6.0;
				OTHER_CFLAGS = "-DNS_BLOCK_ASSERTIONS=1";
				SDKROOT = iphoneos;
				TARGETED_DEVICE_FAMILY = "1,2";
				VALIDATE_PRODUCT = YES;
				VALID_ARCHS = "armv7 armv7s";
			};
			name = Release;
		};
		9BD5BD6316AC70E2000CF083 /* Debug */ = {
			isa = XCBuildConfiguration;
			buildSettings = {
				GCC_PRECOMPILE_PREFIX_HEADER = YES;
				GCC_PREFIX_HEADER = "Cocos2dXML/Cocos2dXML-Prefix.pch";
				INFOPLIST_FILE = "Cocos2dXML/Cocos2dXML-Info.plist";
				PRODUCT_NAME = "$(TARGET_NAME)";
				WRAPPER_EXTENSION = app;
			};
			name = Debug;
		};
		9BD5BD6416AC70E2000CF083 /* Release */ = {
			isa = XCBuildConfiguration;
			buildSettings = {
				GCC_PRECOMPILE_PREFIX_HEADER = YES;
				GCC_PREFIX_HEADER = "Cocos2dXML/Cocos2dXML-Prefix.pch";
				INFOPLIST_FILE = "Cocos2dXML/Cocos2dXML-Info.plist";
				PRODUCT_NAME = "$(TARGET_NAME)";
				WRAPPER_EXTENSION = app;
			};
			name = Release;
		};
		9BD5BD6616AC70E2000CF083 /* Debug */ = {
			isa = XCBuildConfiguration;
			buildSettings = {
				BUNDLE_LOADER = "$(BUILT_PRODUCTS_DIR)/Cocos2dXML.app/Cocos2dXML";
				FRAMEWORK_SEARCH_PATHS = (
					"\"$(SDKROOT)/Developer/Library/Frameworks\"",
					"\"$(DEVELOPER_LIBRARY_DIR)/Frameworks\"",
				);
				GCC_PRECOMPILE_PREFIX_HEADER = YES;
				GCC_PREFIX_HEADER = "Cocos2dXML/Cocos2dXML-Prefix.pch";
				INFOPLIST_FILE = "Cocos2dXMLTests/Cocos2dXMLTests-Info.plist";
				PRODUCT_NAME = "$(TARGET_NAME)";
				TEST_HOST = "$(BUNDLE_LOADER)";
				WRAPPER_EXTENSION = octest;
			};
			name = Debug;
		};
		9BD5BD6716AC70E2000CF083 /* Release */ = {
			isa = XCBuildConfiguration;
			buildSettings = {
				BUNDLE_LOADER = "$(BUILT_PRODUCTS_DIR)/Cocos2dXML.app/Cocos2dXML";
				FRAMEWORK_SEARCH_PATHS = (
					"\"$(SDKROOT)/Developer/Library/Frameworks\"",
					"\"$(DEVELOPER_LIBRARY_DIR)/Frameworks\"",
				);
				GCC_PRECOMPILE_PREFIX_HEADER = YES;
				GCC_PREFIX_HEADER = "Cocos2dXML/Cocos2dXML-Prefix.pch";
				INFOPLIST_FILE = "Cocos2dXMLTests/Cocos2dXMLTests-Info.plist";
				PRODUCT_NAME = "$(TARGET_NAME)";
				TEST_HOST = "$(BUNDLE_LOADER)";
				WRAPPER_EXTENSION = octest;
			};
			name = Release;
		};
/* End XCBuildConfiguration section */

/* Begin XCConfigurationList section */
		9BD5BD2916AC70E2000CF083 /* Build configuration list for PBXProject "Cocos2dXML" */ = {
			isa = XCConfigurationList;
			buildConfigurations = (
				9BD5BD6016AC70E2000CF083 /* Debug */,
				9BD5BD6116AC70E2000CF083 /* Release */,
			);
			defaultConfigurationIsVisible = 0;
			defaultConfigurationName = Release;
		};
		9BD5BD6216AC70E2000CF083 /* Build configuration list for PBXNativeTarget "Cocos2dXML" */ = {
			isa = XCConfigurationList;
			buildConfigurations = (
				9BD5BD6316AC70E2000CF083 /* Debug */,
				9BD5BD6416AC70E2000CF083 /* Release */,
			);
			defaultConfigurationIsVisible = 0;
			defaultConfigurationName = Release;
		};
		9BD5BD6516AC70E2000CF083 /* Build configuration list for PBXNativeTarget "Cocos2dXMLTests" */ = {
			isa = XCConfigurationList;
			buildConfigurations = (
				9BD5BD6616AC70E2000CF083 /* Debug */,
				9BD5BD6716AC70E2000CF083 /* Release */,
			);
			defaultConfigurationIsVisible = 0;
			defaultConfigurationName = Release;
		};
/* End XCConfigurationList section */
	};
	rootObject = 9BD5BD2616AC70E2000CF083 /* Project object */;
}
